
Microsoft Visual Studio Solution File, Format Version 9.00
# Visual Studio 2005
Project("{8BC9CEB8-8B4A-11D0-8D11-00A0C91BC942}") = "ControlBuilderH5xx", "ControlBuilderH\ControlBuilderH.vcproj", "{67DFE0B9-174D-440E-8193-D8A322D7A3F3}"
	ProjectSection(ProjectDependencies) = postProject
		{F16176A5-B26E-4A67-91BF-201ACF37C0E0} = {F16176A5-B26E-4A67-91BF-201ACF37C0E0}
		{47B5C9D2-7373-4BFF-B4F0-F5892E444506} = {47B5C9D2-7373-4BFF-B4F0-F5892E444506}
	EndProjectSection
EndProject
Project("{8BC9CEB8-8B4A-11D0-8D11-00A0C91BC942}") = "CbTest", "CbTest\CbTest.vcproj", "{807C027F-B711-4203-8B10-81752DA40F18}"
	ProjectSection(ProjectDependencies) = postProject
		{47B5C9D2-7373-4BFF-B4F0-F5892E444506} = {47B5C9D2-7373-4BFF-B4F0-F5892E444506}
	EndProjectSection
EndProject
Project("{8BC9CEB8-8B4A-11D0-8D11-00A0C91BC942}") = "AlarmsHW5xx", "AlarmsHW\AlarmsHW.vcproj", "{C9E74B1F-7F3F-499F-B64B-5F832B195303}"
	ProjectSection(ProjectDependencies) = postProject
		{BFAEA048-0C9F-4188-B549-AA2D04AF53AE} = {BFAEA048-0C9F-4188-B549-AA2D04AF53AE}
	EndProjectSection
EndProject
Project("{8BC9CEB8-8B4A-11D0-8D11-00A0C91BC942}") = "ScriptoH5xx", "ScriptoH\ScriptoH.vcproj", "{47B5C9D2-7373-4BFF-B4F0-F5892E444506}"
EndProject
Project("{2150E333-8FDC-42A3-9474-1A3956D46DE8}") = "Ядро", "Ядро", "{1FE27B50-4422-4496-AADF-A67A256C0E08}"
EndProject
Project("{2150E333-8FDC-42A3-9474-1A3956D46DE8}") = "Встроенный", "Встроенный", "{F3D5CD46-99FE-43D6-AC34-E4994AB0B9C6}"
EndProject
Project("{8BC9CEB8-8B4A-11D0-8D11-00A0C91BC942}") = "ControlBuilderH5xxDebug", "ControlBuilderH5xxDebug\ControlBuilderH5xxDebug.vcproj", "{F16176A5-B26E-4A67-91BF-201ACF37C0E0}"
EndProject
Project("{8BC9CEB8-8B4A-11D0-8D11-00A0C91BC942}") = "AlarmKernalHW5xx", "AlarmKernalHW5xx\AlarmKernalHW5xx.vcproj", "{BFAEA048-0C9F-4188-B549-AA2D04AF53AE}"
EndProject
Project("{8BC9CEB8-8B4A-11D0-8D11-00A0C91BC942}") = "ControlBuilderEmbeddedH5xx", "ControlBuilderEmbeddedH5xx\ControlBuilderEmbeddedH5xx.vcproj", "{E9783119-8AB5-4AE6-9B2B-366A30C780F6}"
	ProjectSection(ProjectDependencies) = postProject
		{67DFE0B9-174D-440E-8193-D8A322D7A3F3} = {67DFE0B9-174D-440E-8193-D8A322D7A3F3}
	EndProjectSection
EndProject
Project("{2150E333-8FDC-42A3-9474-1A3956D46DE8}") = "Разделенный", "Разделенный", "{66139D0C-E55E-47AC-B1E9-5BB738230EC5}"
EndProject
Project("{8BC9CEB8-8B4A-11D0-8D11-00A0C91BC942}") = "H5xxServerMemCtrl", "H5xxServerMemCtrl\H5xxServerMemCtrl.vcproj", "{E5DEEB3C-A166-43DB-B47E-8358E4E49403}"
EndProject
Project("{8BC9CEB8-8B4A-11D0-8D11-00A0C91BC942}") = "AlarmsHW5xx_Client", "AlarmsHW5xx_Client\AlarmsHW5xx_Client.vcproj", "{FE71CB88-550C-4953-9FA1-CD78C498B370}"
EndProject
Project("{8BC9CEB8-8B4A-11D0-8D11-00A0C91BC942}") = "AlarmsHW5xx_Server", "AlarmsHW5xx_Server\AlarmsHW5xx_Server.vcproj", "{2180CA90-8E68-4C46-B6F9-F0BE4A90C456}"
	ProjectSection(ProjectDependencies) = postProject
		{BFAEA048-0C9F-4188-B549-AA2D04AF53AE} = {BFAEA048-0C9F-4188-B549-AA2D04AF53AE}
	EndProjectSection
EndProject
Project("{8BC9CEB8-8B4A-11D0-8D11-00A0C91BC942}") = "ControlBuilderH5xx_Client", "ControlBuilderH5xx_Client\ControlBuilderH5xx_Client.vcproj", "{4B17F1F0-B6FA-4F6E-A528-44CD783FB21E}"
EndProject
Project("{8BC9CEB8-8B4A-11D0-8D11-00A0C91BC942}") = "ControlBuilderH5xx_Server", "ControlBuilderH5xx_Server\ControlBuilderH5xx_Server.vcproj", "{31A4B261-89AA-47FD-8652-7F2BDB6673EC}"
	ProjectSection(ProjectDependencies) = postProject
		{67DFE0B9-174D-440E-8193-D8A322D7A3F3} = {67DFE0B9-174D-440E-8193-D8A322D7A3F3}
	EndProjectSection
EndProject
Project("{8BC9CEB8-8B4A-11D0-8D11-00A0C91BC942}") = "rsuSharedTrend_H5xx", "rsuSharedTrend_H5xx\rsuSharedTrend_H5xx.vcproj", "{B682A1F7-B6C7-43AB-B859-17B634BA0186}"
EndProject
Project("{8BC9CEB8-8B4A-11D0-8D11-00A0C91BC942}") = "SafetyManagerH5xx_Server", "SafetyManagerH5xx_Server\SafetyManagerH5xx_Server.vcproj", "{0EF926FD-1589-4F23-A426-C840DDA22F54}"
	ProjectSection(ProjectDependencies) = postProject
		{A84B0E49-549E-4D3E-BAB6-94F110449594} = {A84B0E49-549E-4D3E-BAB6-94F110449594}
	EndProjectSection
EndProject
Project("{2150E333-8FDC-42A3-9474-1A3956D46DE8}") = "SafetyManager", "SafetyManager", "{96E8E4F4-2FC0-47BF-BC77-986FB1231654}"
EndProject
Project("{8BC9CEB8-8B4A-11D0-8D11-00A0C91BC942}") = "SafetyManagerH5xx_Debug", "SafetyManagerH5xx_Debug\SafetyManagerH5xx_Debug.vcproj", "{A84B0E49-549E-4D3E-BAB6-94F110449594}"
EndProject
Project("{8BC9CEB8-8B4A-11D0-8D11-00A0C91BC942}") = "SafetyManagerH5xx_Client", "SafetyManagerH5xx_Client\SafetyManagerH5xx_Client.vcproj", "{7AF35760-A0FB-43D9-A7A4-6E790954618E}"
EndProject
Project("{2150E333-8FDC-42A3-9474-1A3956D46DE8}") = "HW", "HW", "{7B3A0A03-2503-4B51-BBDC-52B342B5B4AB}"
EndProject
Project("{2150E333-8FDC-42A3-9474-1A3956D46DE8}") = "QB", "QB", "{CFA343F8-3FB3-4337-9051-038BDA8AF2C5}"
EndProject
Project("{8BC9CEB8-8B4A-11D0-8D11-00A0C91BC942}") = "QuickBuilderH5xx", "QuickBuilderH\QuickBuilderH.vcproj", "{3926EC7B-22D6-4AF1-8A45-1AF35DEC6AD7}"
EndProject
Project("{8BC9CEB8-8B4A-11D0-8D11-00A0C91BC942}") = "QuickBuilderH5xxDebug", "QuickBuilderH5xxDebug\QuickBuilderH5xxDebug.vcproj", "{E632D8B8-0302-48F6-95F6-C386A16067D3}"
EndProject
Project("{2150E333-8FDC-42A3-9474-1A3956D46DE8}") = "HCD", "HCD", "{9F22DAF7-4789-4F5D-9D27-E4D04252105E}"
EndProject
Project("{8BC9CEB8-8B4A-11D0-8D11-00A0C91BC942}") = "HCD_FBDsConverter", "HCD_FBDsConverter\FBDsConverter.vcproj", "{7D748765-D0E7-4B7E-8B48-3C010E76E4C4}"
EndProject
Project("{2150E333-8FDC-42A3-9474-1A3956D46DE8}") = "ControlBuilder", "ControlBuilder", "{B1364212-01FE-4FA9-8A4E-5828FF2B66A0}"
EndProject
Project("{2150E333-8FDC-42A3-9474-1A3956D46DE8}") = "HCD", "HCD", "{BD892064-1E29-41D2-B364-6EAEC919DCC1}"
EndProject
Project("{8BC9CEB8-8B4A-11D0-8D11-00A0C91BC942}") = "HCD_Client", "HCD_Client\HCD_Client.vcproj", "{AF00BD68-86B7-431E-8AA6-282312727990}"
EndProject
Project("{8BC9CEB8-8B4A-11D0-8D11-00A0C91BC942}") = "HCD_Server", "HCD_Server\HCD_Server.vcproj", "{15672DC4-B078-4203-944A-AAEDB64C84A2}"
	ProjectSection(ProjectDependencies) = postProject
		{DBA5A959-CD10-4E55-BB8B-46C6232AB543} = {DBA5A959-CD10-4E55-BB8B-46C6232AB543}
	EndProjectSection
EndProject
Project("{8BC9CEB8-8B4A-11D0-8D11-00A0C91BC942}") = "HcdRsuImpl", "HcdRsuImpl\HcdRsuImpl.vcproj", "{DBA5A959-CD10-4E55-BB8B-46C6232AB543}"
	ProjectSection(ProjectDependencies) = postProject
		{657211FB-6181-4DB7-9213-0CB571B03377} = {657211FB-6181-4DB7-9213-0CB571B03377}
		{C94CF379-31D4-4B0A-B1F4-00FB6488CEB2} = {C94CF379-31D4-4B0A-B1F4-00FB6488CEB2}
	EndProjectSection
EndProject
Project("{8BC9CEB8-8B4A-11D0-8D11-00A0C91BC942}") = "HcdFactory", "HcdFactory\HcdFactory.vcproj", "{C94CF379-31D4-4B0A-B1F4-00FB6488CEB2}"
EndProject
Project("{8BC9CEB8-8B4A-11D0-8D11-00A0C91BC942}") = "HcdElements", "HcdElements\HcdElements.vcproj", "{8174F68F-C40F-4EE0-A85F-5CFB752D5948}"
	ProjectSection(ProjectDependencies) = postProject
		{C94CF379-31D4-4B0A-B1F4-00FB6488CEB2} = {C94CF379-31D4-4B0A-B1F4-00FB6488CEB2}
	EndProjectSection
EndProject
Project("{8BC9CEB8-8B4A-11D0-8D11-00A0C91BC942}") = "HcdDebug", "HcdDebug\HcdDebug.vcproj", "{657211FB-6181-4DB7-9213-0CB571B03377}"
EndProject
Project("{8BC9CEB8-8B4A-11D0-8D11-00A0C91BC942}") = "HcdScripto", "HcdScripto\HcdScripto.vcproj", "{0F57F6AC-F99A-490E-B995-715693FE7887}"
EndProject
Project("{2150E333-8FDC-42A3-9474-1A3956D46DE8}") = "QB", "QB", "{57CEBC07-D08A-4512-8FE1-A00C79FE61F7}"
EndProject
Project("{8BC9CEB8-8B4A-11D0-8D11-00A0C91BC942}") = "QuickBuilderH5xx_Client", "QuickBuilderH5xx_Client\QuickBuilderH5xx_Client.vcproj", "{4D7C2D81-BACC-42DC-AA55-4502CDE1EEF7}"
EndProject
Project("{8BC9CEB8-8B4A-11D0-8D11-00A0C91BC942}") = "QuickBuilderH5xx_Server", "QuickBuilderH5xx_Server\QuickBuilderH5xx_Server.vcproj", "{53C1741E-E749-49C9-A06D-F24B0DA572A2}"
	ProjectSection(ProjectDependencies) = postProject
		{3926EC7B-22D6-4AF1-8A45-1AF35DEC6AD7} = {3926EC7B-22D6-4AF1-8A45-1AF35DEC6AD7}
		{E632D8B8-0302-48F6-95F6-C386A16067D3} = {E632D8B8-0302-48F6-95F6-C386A16067D3}
	EndProjectSection
EndProject
Project("{8BC9CEB8-8B4A-11D0-8D11-00A0C91BC942}") = "rsuSharedTrend_Q5xx", "rsuSharedTrend_Q5xx\rsuSharedTrend_Q5xx.vcproj", "{0F493544-0522-4380-984A-75777465A93F}"
EndProject
Project("{8BC9CEB8-8B4A-11D0-8D11-00A0C91BC942}") = "AlarmsQBbridge2HW5xx_Client", "AlarmsQBbridge2HW5xx_Client\AlarmsQBbridge2HW5xx_Client.vcproj", "{03BBF1F6-B406-4110-A52C-A325735D9C76}"
EndProject
Project("{8BC9CEB8-8B4A-11D0-8D11-00A0C91BC942}") = "AlarmsQBbridge2HW5xx_Server", "AlarmsQBbridge2HW5xx_Server\AlarmsQBbridge2HW5xx_Server.vcproj", "{6990D4EC-4DDE-4EA7-B378-B28988845388}"
EndProject
Project("{8BC9CEB8-8B4A-11D0-8D11-00A0C91BC942}") = "rsuSharedTrend_SM5xx", "rsuSharedTrend_SM5xx\rsuSharedTrend_SM5xx.vcproj", "{401E931D-95C1-4862-908E-2270CD47505E}"
EndProject
Global
	GlobalSection(SolutionConfigurationPlatforms) = preSolution
		Debug|Win32 = Debug|Win32
		Debug|x64 = Debug|x64
		Release|Win32 = Release|Win32
		Release|x64 = Release|x64
	EndGlobalSection
	GlobalSection(ProjectConfigurationPlatforms) = postSolution
		{67DFE0B9-174D-440E-8193-D8A322D7A3F3}.Debug|Win32.ActiveCfg = Debug|Win32
		{67DFE0B9-174D-440E-8193-D8A322D7A3F3}.Debug|Win32.Build.0 = Debug|Win32
		{67DFE0B9-174D-440E-8193-D8A322D7A3F3}.Debug|x64.ActiveCfg = Debug|x64
		{67DFE0B9-174D-440E-8193-D8A322D7A3F3}.Debug|x64.Build.0 = Debug|x64
		{67DFE0B9-174D-440E-8193-D8A322D7A3F3}.Release|Win32.ActiveCfg = Release|Win32
		{67DFE0B9-174D-440E-8193-D8A322D7A3F3}.Release|Win32.Build.0 = Release|Win32
		{67DFE0B9-174D-440E-8193-D8A322D7A3F3}.Release|x64.ActiveCfg = Release|x64
		{67DFE0B9-174D-440E-8193-D8A322D7A3F3}.Release|x64.Build.0 = Release|x64
		{807C027F-B711-4203-8B10-81752DA40F18}.Debug|Win32.ActiveCfg = Debug|Win32
		{807C027F-B711-4203-8B10-81752DA40F18}.Debug|Win32.Build.0 = Debug|Win32
		{807C027F-B711-4203-8B10-81752DA40F18}.Debug|x64.ActiveCfg = Debug|x64
		{807C027F-B711-4203-8B10-81752DA40F18}.Debug|x64.Build.0 = Debug|x64
		{807C027F-B711-4203-8B10-81752DA40F18}.Release|Win32.ActiveCfg = Release|Win32
		{807C027F-B711-4203-8B10-81752DA40F18}.Release|Win32.Build.0 = Release|Win32
		{807C027F-B711-4203-8B10-81752DA40F18}.Release|x64.ActiveCfg = Release|x64
		{807C027F-B711-4203-8B10-81752DA40F18}.Release|x64.Build.0 = Release|x64
		{C9E74B1F-7F3F-499F-B64B-5F832B195303}.Debug|Win32.ActiveCfg = Debug|Win32
		{C9E74B1F-7F3F-499F-B64B-5F832B195303}.Debug|Win32.Build.0 = Debug|Win32
		{C9E74B1F-7F3F-499F-B64B-5F832B195303}.Debug|x64.ActiveCfg = Debug|x64
		{C9E74B1F-7F3F-499F-B64B-5F832B195303}.Release|Win32.ActiveCfg = Release|Win32
		{C9E74B1F-7F3F-499F-B64B-5F832B195303}.Release|Win32.Build.0 = Release|Win32
		{C9E74B1F-7F3F-499F-B64B-5F832B195303}.Release|x64.ActiveCfg = Release|x64
		{47B5C9D2-7373-4BFF-B4F0-F5892E444506}.Debug|Win32.ActiveCfg = Debug|Win32
		{47B5C9D2-7373-4BFF-B4F0-F5892E444506}.Debug|Win32.Build.0 = Debug|Win32
		{47B5C9D2-7373-4BFF-B4F0-F5892E444506}.Debug|x64.ActiveCfg = Debug|x64
		{47B5C9D2-7373-4BFF-B4F0-F5892E444506}.Debug|x64.Build.0 = Debug|x64
		{47B5C9D2-7373-4BFF-B4F0-F5892E444506}.Release|Win32.ActiveCfg = Release|Win32
		{47B5C9D2-7373-4BFF-B4F0-F5892E444506}.Release|Win32.Build.0 = Release|Win32
		{47B5C9D2-7373-4BFF-B4F0-F5892E444506}.Release|x64.ActiveCfg = Release|x64
		{47B5C9D2-7373-4BFF-B4F0-F5892E444506}.Release|x64.Build.0 = Release|x64
		{F16176A5-B26E-4A67-91BF-201ACF37C0E0}.Debug|Win32.ActiveCfg = Debug|Win32
		{F16176A5-B26E-4A67-91BF-201ACF37C0E0}.Debug|Win32.Build.0 = Debug|Win32
		{F16176A5-B26E-4A67-91BF-201ACF37C0E0}.Debug|x64.ActiveCfg = Debug|x64
		{F16176A5-B26E-4A67-91BF-201ACF37C0E0}.Debug|x64.Build.0 = Debug|x64
		{F16176A5-B26E-4A67-91BF-201ACF37C0E0}.Release|Win32.ActiveCfg = Release|Win32
		{F16176A5-B26E-4A67-91BF-201ACF37C0E0}.Release|Win32.Build.0 = Release|Win32
		{F16176A5-B26E-4A67-91BF-201ACF37C0E0}.Release|x64.ActiveCfg = Release|x64
		{F16176A5-B26E-4A67-91BF-201ACF37C0E0}.Release|x64.Build.0 = Release|x64
		{BFAEA048-0C9F-4188-B549-AA2D04AF53AE}.Debug|Win32.ActiveCfg = Debug|Win32
		{BFAEA048-0C9F-4188-B549-AA2D04AF53AE}.Debug|Win32.Build.0 = Debug|Win32
		{BFAEA048-0C9F-4188-B549-AA2D04AF53AE}.Debug|x64.ActiveCfg = Debug|x64
		{BFAEA048-0C9F-4188-B549-AA2D04AF53AE}.Debug|x64.Build.0 = Debug|x64
		{BFAEA048-0C9F-4188-B549-AA2D04AF53AE}.Release|Win32.ActiveCfg = Release|Win32
		{BFAEA048-0C9F-4188-B549-AA2D04AF53AE}.Release|Win32.Build.0 = Release|Win32
		{BFAEA048-0C9F-4188-B549-AA2D04AF53AE}.Release|x64.ActiveCfg = Release|x64
		{BFAEA048-0C9F-4188-B549-AA2D04AF53AE}.Release|x64.Build.0 = Release|x64
		{E9783119-8AB5-4AE6-9B2B-366A30C780F6}.Debug|Win32.ActiveCfg = Debug|Win32
		{E9783119-8AB5-4AE6-9B2B-366A30C780F6}.Debug|Win32.Build.0 = Debug|Win32
		{E9783119-8AB5-4AE6-9B2B-366A30C780F6}.Debug|x64.ActiveCfg = Debug|x64
		{E9783119-8AB5-4AE6-9B2B-366A30C780F6}.Release|Win32.ActiveCfg = Release|Win32
		{E9783119-8AB5-4AE6-9B2B-366A30C780F6}.Release|Win32.Build.0 = Release|Win32
		{E9783119-8AB5-4AE6-9B2B-366A30C780F6}.Release|x64.ActiveCfg = Release|x64
		{E5DEEB3C-A166-43DB-B47E-8358E4E49403}.Debug|Win32.ActiveCfg = Debug|Win32
		{E5DEEB3C-A166-43DB-B47E-8358E4E49403}.Debug|x64.ActiveCfg = Debug|x64
		{E5DEEB3C-A166-43DB-B47E-8358E4E49403}.Debug|x64.Build.0 = Debug|x64
		{E5DEEB3C-A166-43DB-B47E-8358E4E49403}.Release|Win32.ActiveCfg = Release|Win32
		{E5DEEB3C-A166-43DB-B47E-8358E4E49403}.Release|x64.ActiveCfg = Release|x64
		{E5DEEB3C-A166-43DB-B47E-8358E4E49403}.Release|x64.Build.0 = Release|x64
		{FE71CB88-550C-4953-9FA1-CD78C498B370}.Debug|Win32.ActiveCfg = Debug|Win32
		{FE71CB88-550C-4953-9FA1-CD78C498B370}.Debug|x64.ActiveCfg = Debug|x64
		{FE71CB88-550C-4953-9FA1-CD78C498B370}.Debug|x64.Build.0 = Debug|x64
		{FE71CB88-550C-4953-9FA1-CD78C498B370}.Release|Win32.ActiveCfg = Release|Win32
		{FE71CB88-550C-4953-9FA1-CD78C498B370}.Release|x64.ActiveCfg = Release|x64
		{FE71CB88-550C-4953-9FA1-CD78C498B370}.Release|x64.Build.0 = Release|x64
		{2180CA90-8E68-4C46-B6F9-F0BE4A90C456}.Debug|Win32.ActiveCfg = Debug|Win32
		{2180CA90-8E68-4C46-B6F9-F0BE4A90C456}.Debug|x64.ActiveCfg = Debug|x64
		{2180CA90-8E68-4C46-B6F9-F0BE4A90C456}.Debug|x64.Build.0 = Debug|x64
		{2180CA90-8E68-4C46-B6F9-F0BE4A90C456}.Release|Win32.ActiveCfg = Release|Win32
		{2180CA90-8E68-4C46-B6F9-F0BE4A90C456}.Release|x64.ActiveCfg = Release|x64
		{2180CA90-8E68-4C46-B6F9-F0BE4A90C456}.Release|x64.Build.0 = Release|x64
		{4B17F1F0-B6FA-4F6E-A528-44CD783FB21E}.Debug|Win32.ActiveCfg = Debug|Win32
		{4B17F1F0-B6FA-4F6E-A528-44CD783FB21E}.Debug|x64.ActiveCfg = Debug|x64
		{4B17F1F0-B6FA-4F6E-A528-44CD783FB21E}.Debug|x64.Build.0 = Debug|x64
		{4B17F1F0-B6FA-4F6E-A528-44CD783FB21E}.Release|Win32.ActiveCfg = Release|Win32
		{4B17F1F0-B6FA-4F6E-A528-44CD783FB21E}.Release|x64.ActiveCfg = Release|x64
		{4B17F1F0-B6FA-4F6E-A528-44CD783FB21E}.Release|x64.Build.0 = Release|x64
		{31A4B261-89AA-47FD-8652-7F2BDB6673EC}.Debug|Win32.ActiveCfg = Debug|Win32
		{31A4B261-89AA-47FD-8652-7F2BDB6673EC}.Debug|x64.ActiveCfg = Debug|x64
		{31A4B261-89AA-47FD-8652-7F2BDB6673EC}.Debug|x64.Build.0 = Debug|x64
		{31A4B261-89AA-47FD-8652-7F2BDB6673EC}.Release|Win32.ActiveCfg = Release|Win32
		{31A4B261-89AA-47FD-8652-7F2BDB6673EC}.Release|x64.ActiveCfg = Release|x64
		{31A4B261-89AA-47FD-8652-7F2BDB6673EC}.Release|x64.Build.0 = Release|x64
		{B682A1F7-B6C7-43AB-B859-17B634BA0186}.Debug|Win32.ActiveCfg = Debug|Win32
		{B682A1F7-B6C7-43AB-B859-17B634BA0186}.Debug|x64.ActiveCfg = Debug|x64
		{B682A1F7-B6C7-43AB-B859-17B634BA0186}.Debug|x64.Build.0 = Debug|x64
		{B682A1F7-B6C7-43AB-B859-17B634BA0186}.Release|Win32.ActiveCfg = Release|Win32
		{B682A1F7-B6C7-43AB-B859-17B634BA0186}.Release|x64.ActiveCfg = Release|x64
		{B682A1F7-B6C7-43AB-B859-17B634BA0186}.Release|x64.Build.0 = Release|x64
		{0EF926FD-1589-4F23-A426-C840DDA22F54}.Debug|Win32.ActiveCfg = Debug|Win32
		{0EF926FD-1589-4F23-A426-C840DDA22F54}.Debug|x64.ActiveCfg = Debug|x64
		{0EF926FD-1589-4F23-A426-C840DDA22F54}.Debug|x64.Build.0 = Debug|x64
		{0EF926FD-1589-4F23-A426-C840DDA22F54}.Release|Win32.ActiveCfg = Release|Win32
		{0EF926FD-1589-4F23-A426-C840DDA22F54}.Release|x64.ActiveCfg = Release|x64
		{0EF926FD-1589-4F23-A426-C840DDA22F54}.Release|x64.Build.0 = Release|x64
		{A84B0E49-549E-4D3E-BAB6-94F110449594}.Debug|Win32.ActiveCfg = Debug|Win32
		{A84B0E49-549E-4D3E-BAB6-94F110449594}.Debug|x64.ActiveCfg = Debug|x64
		{A84B0E49-549E-4D3E-BAB6-94F110449594}.Debug|x64.Build.0 = Debug|x64
		{A84B0E49-549E-4D3E-BAB6-94F110449594}.Release|Win32.ActiveCfg = Release|Win32
		{A84B0E49-549E-4D3E-BAB6-94F110449594}.Release|x64.ActiveCfg = Release|x64
		{A84B0E49-549E-4D3E-BAB6-94F110449594}.Release|x64.Build.0 = Release|x64
		{7AF35760-A0FB-43D9-A7A4-6E790954618E}.Debug|Win32.ActiveCfg = Debug|Win32
		{7AF35760-A0FB-43D9-A7A4-6E790954618E}.Debug|x64.ActiveCfg = Debug|x64
		{7AF35760-A0FB-43D9-A7A4-6E790954618E}.Debug|x64.Build.0 = Debug|x64
		{7AF35760-A0FB-43D9-A7A4-6E790954618E}.Release|Win32.ActiveCfg = Release|Win32
		{7AF35760-A0FB-43D9-A7A4-6E790954618E}.Release|x64.ActiveCfg = Release|x64
		{7AF35760-A0FB-43D9-A7A4-6E790954618E}.Release|x64.Build.0 = Release|x64
		{3926EC7B-22D6-4AF1-8A45-1AF35DEC6AD7}.Debug|Win32.ActiveCfg = Debug|Win32
		{3926EC7B-22D6-4AF1-8A45-1AF35DEC6AD7}.Debug|x64.ActiveCfg = Debug|x64
		{3926EC7B-22D6-4AF1-8A45-1AF35DEC6AD7}.Debug|x64.Build.0 = Debug|x64
		{3926EC7B-22D6-4AF1-8A45-1AF35DEC6AD7}.Release|Win32.ActiveCfg = Release|Win32
		{3926EC7B-22D6-4AF1-8A45-1AF35DEC6AD7}.Release|x64.ActiveCfg = Release|x64
		{3926EC7B-22D6-4AF1-8A45-1AF35DEC6AD7}.Release|x64.Build.0 = Release|x64
		{E632D8B8-0302-48F6-95F6-C386A16067D3}.Debug|Win32.ActiveCfg = Debug|Win32
		{E632D8B8-0302-48F6-95F6-C386A16067D3}.Debug|x64.ActiveCfg = Debug|x64
		{E632D8B8-0302-48F6-95F6-C386A16067D3}.Debug|x64.Build.0 = Debug|x64
		{E632D8B8-0302-48F6-95F6-C386A16067D3}.Release|Win32.ActiveCfg = Release|Win32
		{E632D8B8-0302-48F6-95F6-C386A16067D3}.Release|x64.ActiveCfg = Release|x64
		{E632D8B8-0302-48F6-95F6-C386A16067D3}.Release|x64.Build.0 = Release|x64
		{7D748765-D0E7-4B7E-8B48-3C010E76E4C4}.Debug|Win32.ActiveCfg = Debug|Win32
		{7D748765-D0E7-4B7E-8B48-3C010E76E4C4}.Debug|x64.ActiveCfg = Debug|x64
		{7D748765-D0E7-4B7E-8B48-3C010E76E4C4}.Debug|x64.Build.0 = Debug|x64
		{7D748765-D0E7-4B7E-8B48-3C010E76E4C4}.Release|Win32.ActiveCfg = Release|Win32
		{7D748765-D0E7-4B7E-8B48-3C010E76E4C4}.Release|x64.ActiveCfg = Release|x64
		{AF00BD68-86B7-431E-8AA6-282312727990}.Debug|Win32.ActiveCfg = Debug|Win32
		{AF00BD68-86B7-431E-8AA6-282312727990}.Debug|x64.ActiveCfg = Debug|x64
		{AF00BD68-86B7-431E-8AA6-282312727990}.Debug|x64.Build.0 = Debug|x64
		{AF00BD68-86B7-431E-8AA6-282312727990}.Release|Win32.ActiveCfg = Release|Win32
		{AF00BD68-86B7-431E-8AA6-282312727990}.Release|x64.ActiveCfg = Release|x64
		{AF00BD68-86B7-431E-8AA6-282312727990}.Release|x64.Build.0 = Release|x64
		{15672DC4-B078-4203-944A-AAEDB64C84A2}.Debug|Win32.ActiveCfg = Debug|Win32
		{15672DC4-B078-4203-944A-AAEDB64C84A2}.Debug|x64.ActiveCfg = Debug|x64
		{15672DC4-B078-4203-944A-AAEDB64C84A2}.Debug|x64.Build.0 = Debug|x64
		{15672DC4-B078-4203-944A-AAEDB64C84A2}.Release|Win32.ActiveCfg = Release|Win32
		{15672DC4-B078-4203-944A-AAEDB64C84A2}.Release|x64.ActiveCfg = Release|x64
		{15672DC4-B078-4203-944A-AAEDB64C84A2}.Release|x64.Build.0 = Release|x64
		{DBA5A959-CD10-4E55-BB8B-46C6232AB543}.Debug|Win32.ActiveCfg = Debug|Win32
		{DBA5A959-CD10-4E55-BB8B-46C6232AB543}.Debug|x64.ActiveCfg = Debug|x64
		{DBA5A959-CD10-4E55-BB8B-46C6232AB543}.Debug|x64.Build.0 = Debug|x64
		{DBA5A959-CD10-4E55-BB8B-46C6232AB543}.Release|Win32.ActiveCfg = Release|Win32
		{DBA5A959-CD10-4E55-BB8B-46C6232AB543}.Release|x64.ActiveCfg = Release|x64
		{DBA5A959-CD10-4E55-BB8B-46C6232AB543}.Release|x64.Build.0 = Release|x64
		{C94CF379-31D4-4B0A-B1F4-00FB6488CEB2}.Debug|Win32.ActiveCfg = Debug|Win32
		{C94CF379-31D4-4B0A-B1F4-00FB6488CEB2}.Debug|x64.ActiveCfg = Debug|x64
		{C94CF379-31D4-4B0A-B1F4-00FB6488CEB2}.Debug|x64.Build.0 = Debug|x64
		{C94CF379-31D4-4B0A-B1F4-00FB6488CEB2}.Release|Win32.ActiveCfg = Release|Win32
		{C94CF379-31D4-4B0A-B1F4-00FB6488CEB2}.Release|x64.ActiveCfg = Release|x64
		{C94CF379-31D4-4B0A-B1F4-00FB6488CEB2}.Release|x64.Build.0 = Release|x64
		{8174F68F-C40F-4EE0-A85F-5CFB752D5948}.Debug|Win32.ActiveCfg = Debug|Win32
		{8174F68F-C40F-4EE0-A85F-5CFB752D5948}.Debug|x64.ActiveCfg = Debug|x64
		{8174F68F-C40F-4EE0-A85F-5CFB752D5948}.Debug|x64.Build.0 = Debug|x64
		{8174F68F-C40F-4EE0-A85F-5CFB752D5948}.Release|Win32.ActiveCfg = Release|Win32
		{8174F68F-C40F-4EE0-A85F-5CFB752D5948}.Release|x64.ActiveCfg = Release|x64
		{8174F68F-C40F-4EE0-A85F-5CFB752D5948}.Release|x64.Build.0 = Release|x64
		{657211FB-6181-4DB7-9213-0CB571B03377}.Debug|Win32.ActiveCfg = Debug|Win32
		{657211FB-6181-4DB7-9213-0CB571B03377}.Debug|x64.ActiveCfg = Debug|x64
		{657211FB-6181-4DB7-9213-0CB571B03377}.Debug|x64.Build.0 = Debug|x64
		{657211FB-6181-4DB7-9213-0CB571B03377}.Release|Win32.ActiveCfg = Release|Win32
		{657211FB-6181-4DB7-9213-0CB571B03377}.Release|x64.ActiveCfg = Release|x64
		{657211FB-6181-4DB7-9213-0CB571B03377}.Release|x64.Build.0 = Release|x64
		{0F57F6AC-F99A-490E-B995-715693FE7887}.Debug|Win32.ActiveCfg = Debug|Win32
		{0F57F6AC-F99A-490E-B995-715693FE7887}.Debug|x64.ActiveCfg = Debug|x64
		{0F57F6AC-F99A-490E-B995-715693FE7887}.Debug|x64.Build.0 = Debug|x64
		{0F57F6AC-F99A-490E-B995-715693FE7887}.Release|Win32.ActiveCfg = Release|Win32
		{0F57F6AC-F99A-490E-B995-715693FE7887}.Release|x64.ActiveCfg = Release|x64
		{0F57F6AC-F99A-490E-B995-715693FE7887}.Release|x64.Build.0 = Release|x64
		{4D7C2D81-BACC-42DC-AA55-4502CDE1EEF7}.Debug|Win32.ActiveCfg = Debug|Win32
		{4D7C2D81-BACC-42DC-AA55-4502CDE1EEF7}.Debug|x64.ActiveCfg = Debug|x64
		{4D7C2D81-BACC-42DC-AA55-4502CDE1EEF7}.Debug|x64.Build.0 = Debug|x64
		{4D7C2D81-BACC-42DC-AA55-4502CDE1EEF7}.Release|Win32.ActiveCfg = Release|Win32
		{4D7C2D81-BACC-42DC-AA55-4502CDE1EEF7}.Release|x64.ActiveCfg = Release|x64
		{4D7C2D81-BACC-42DC-AA55-4502CDE1EEF7}.Release|x64.Build.0 = Release|x64
		{53C1741E-E749-49C9-A06D-F24B0DA572A2}.Debug|Win32.ActiveCfg = Debug|Win32
		{53C1741E-E749-49C9-A06D-F24B0DA572A2}.Debug|x64.ActiveCfg = Debug|x64
		{53C1741E-E749-49C9-A06D-F24B0DA572A2}.Debug|x64.Build.0 = Debug|x64
		{53C1741E-E749-49C9-A06D-F24B0DA572A2}.Release|Win32.ActiveCfg = Release|Win32
		{53C1741E-E749-49C9-A06D-F24B0DA572A2}.Release|x64.ActiveCfg = Release|x64
		{53C1741E-E749-49C9-A06D-F24B0DA572A2}.Release|x64.Build.0 = Release|x64
		{0F493544-0522-4380-984A-75777465A93F}.Debug|Win32.ActiveCfg = Debug|Win32
		{0F493544-0522-4380-984A-75777465A93F}.Debug|x64.ActiveCfg = Debug|x64
		{0F493544-0522-4380-984A-75777465A93F}.Debug|x64.Build.0 = Debug|x64
		{0F493544-0522-4380-984A-75777465A93F}.Release|Win32.ActiveCfg = Release|Win32
		{0F493544-0522-4380-984A-75777465A93F}.Release|x64.ActiveCfg = Release|x64
		{0F493544-0522-4380-984A-75777465A93F}.Release|x64.Build.0 = Release|x64
		{03BBF1F6-B406-4110-A52C-A325735D9C76}.Debug|Win32.ActiveCfg = Debug|Win32
		{03BBF1F6-B406-4110-A52C-A325735D9C76}.Debug|x64.ActiveCfg = Debug|x64
		{03BBF1F6-B406-4110-A52C-A325735D9C76}.Debug|x64.Build.0 = Debug|x64
		{03BBF1F6-B406-4110-A52C-A325735D9C76}.Release|Win32.ActiveCfg = Release|Win32
		{03BBF1F6-B406-4110-A52C-A325735D9C76}.Release|x64.ActiveCfg = Release|x64
		{03BBF1F6-B406-4110-A52C-A325735D9C76}.Release|x64.Build.0 = Release|x64
		{6990D4EC-4DDE-4EA7-B378-B28988845388}.Debug|Win32.ActiveCfg = Debug|Win32
		{6990D4EC-4DDE-4EA7-B378-B28988845388}.Debug|x64.ActiveCfg = Debug|x64
		{6990D4EC-4DDE-4EA7-B378-B28988845388}.Debug|x64.Build.0 = Debug|x64
		{6990D4EC-4DDE-4EA7-B378-B28988845388}.Release|Win32.ActiveCfg = Release|Win32
		{6990D4EC-4DDE-4EA7-B378-B28988845388}.Release|x64.ActiveCfg = Release|x64
		{6990D4EC-4DDE-4EA7-B378-B28988845388}.Release|x64.Build.0 = Release|x64
		{401E931D-95C1-4862-908E-2270CD47505E}.Debug|Win32.ActiveCfg = Debug|Win32
		{401E931D-95C1-4862-908E-2270CD47505E}.Debug|x64.ActiveCfg = Debug|x64
		{401E931D-95C1-4862-908E-2270CD47505E}.Debug|x64.Build.0 = Debug|x64
		{401E931D-95C1-4862-908E-2270CD47505E}.Release|Win32.ActiveCfg = Release|Win32
		{401E931D-95C1-4862-908E-2270CD47505E}.Release|x64.ActiveCfg = Release|x64
		{401E931D-95C1-4862-908E-2270CD47505E}.Release|x64.Build.0 = Release|x64
	EndGlobalSection
	GlobalSection(SolutionProperties) = preSolution
		HideSolutionNode = FALSE
	EndGlobalSection
	GlobalSection(NestedProjects) = preSolution
		{7B3A0A03-2503-4B51-BBDC-52B342B5B4AB} = {1FE27B50-4422-4496-AADF-A67A256C0E08}
		{CFA343F8-3FB3-4337-9051-038BDA8AF2C5} = {1FE27B50-4422-4496-AADF-A67A256C0E08}
		{9F22DAF7-4789-4F5D-9D27-E4D04252105E} = {1FE27B50-4422-4496-AADF-A67A256C0E08}
		{C9E74B1F-7F3F-499F-B64B-5F832B195303} = {F3D5CD46-99FE-43D6-AC34-E4994AB0B9C6}
		{E9783119-8AB5-4AE6-9B2B-366A30C780F6} = {F3D5CD46-99FE-43D6-AC34-E4994AB0B9C6}
		{67DFE0B9-174D-440E-8193-D8A322D7A3F3} = {7B3A0A03-2503-4B51-BBDC-52B342B5B4AB}
		{F16176A5-B26E-4A67-91BF-201ACF37C0E0} = {7B3A0A03-2503-4B51-BBDC-52B342B5B4AB}
		{BFAEA048-0C9F-4188-B549-AA2D04AF53AE} = {7B3A0A03-2503-4B51-BBDC-52B342B5B4AB}
		{47B5C9D2-7373-4BFF-B4F0-F5892E444506} = {7B3A0A03-2503-4B51-BBDC-52B342B5B4AB}
		{E5DEEB3C-A166-43DB-B47E-8358E4E49403} = {66139D0C-E55E-47AC-B1E9-5BB738230EC5}
		{B1364212-01FE-4FA9-8A4E-5828FF2B66A0} = {66139D0C-E55E-47AC-B1E9-5BB738230EC5}
		{B682A1F7-B6C7-43AB-B859-17B634BA0186} = {66139D0C-E55E-47AC-B1E9-5BB738230EC5}
		{96E8E4F4-2FC0-47BF-BC77-986FB1231654} = {66139D0C-E55E-47AC-B1E9-5BB738230EC5}
		{BD892064-1E29-41D2-B364-6EAEC919DCC1} = {66139D0C-E55E-47AC-B1E9-5BB738230EC5}
		{57CEBC07-D08A-4512-8FE1-A00C79FE61F7} = {66139D0C-E55E-47AC-B1E9-5BB738230EC5}
		{2180CA90-8E68-4C46-B6F9-F0BE4A90C456} = {B1364212-01FE-4FA9-8A4E-5828FF2B66A0}
		{4B17F1F0-B6FA-4F6E-A528-44CD783FB21E} = {B1364212-01FE-4FA9-8A4E-5828FF2B66A0}
		{31A4B261-89AA-47FD-8652-7F2BDB6673EC} = {B1364212-01FE-4FA9-8A4E-5828FF2B66A0}
		{FE71CB88-550C-4953-9FA1-CD78C498B370} = {B1364212-01FE-4FA9-8A4E-5828FF2B66A0}
		{0EF926FD-1589-4F23-A426-C840DDA22F54} = {96E8E4F4-2FC0-47BF-BC77-986FB1231654}
		{A84B0E49-549E-4D3E-BAB6-94F110449594} = {96E8E4F4-2FC0-47BF-BC77-986FB1231654}
		{7AF35760-A0FB-43D9-A7A4-6E790954618E} = {96E8E4F4-2FC0-47BF-BC77-986FB1231654}
		{401E931D-95C1-4862-908E-2270CD47505E} = {96E8E4F4-2FC0-47BF-BC77-986FB1231654}
		{3926EC7B-22D6-4AF1-8A45-1AF35DEC6AD7} = {CFA343F8-3FB3-4337-9051-038BDA8AF2C5}
		{E632D8B8-0302-48F6-95F6-C386A16067D3} = {CFA343F8-3FB3-4337-9051-038BDA8AF2C5}
		{7D748765-D0E7-4B7E-8B48-3C010E76E4C4} = {9F22DAF7-4789-4F5D-9D27-E4D04252105E}
		{DBA5A959-CD10-4E55-BB8B-46C6232AB543} = {9F22DAF7-4789-4F5D-9D27-E4D04252105E}
		{C94CF379-31D4-4B0A-B1F4-00FB6488CEB2} = {9F22DAF7-4789-4F5D-9D27-E4D04252105E}
		{8174F68F-C40F-4EE0-A85F-5CFB752D5948} = {9F22DAF7-4789-4F5D-9D27-E4D04252105E}
		{657211FB-6181-4DB7-9213-0CB571B03377} = {9F22DAF7-4789-4F5D-9D27-E4D04252105E}
		{0F57F6AC-F99A-490E-B995-715693FE7887} = {9F22DAF7-4789-4F5D-9D27-E4D04252105E}
		{AF00BD68-86B7-431E-8AA6-282312727990} = {BD892064-1E29-41D2-B364-6EAEC919DCC1}
		{15672DC4-B078-4203-944A-AAEDB64C84A2} = {BD892064-1E29-41D2-B364-6EAEC919DCC1}
		{4D7C2D81-BACC-42DC-AA55-4502CDE1EEF7} = {57CEBC07-D08A-4512-8FE1-A00C79FE61F7}
		{53C1741E-E749-49C9-A06D-F24B0DA572A2} = {57CEBC07-D08A-4512-8FE1-A00C79FE61F7}
		{0F493544-0522-4380-984A-75777465A93F} = {57CEBC07-D08A-4512-8FE1-A00C79FE61F7}
		{03BBF1F6-B406-4110-A52C-A325735D9C76} = {57CEBC07-D08A-4512-8FE1-A00C79FE61F7}
		{6990D4EC-4DDE-4EA7-B378-B28988845388} = {57CEBC07-D08A-4512-8FE1-A00C79FE61F7}
	EndGlobalSection
EndGlobal
