
Microsoft Visual Studio Solution File, Format Version 10.00
# Visual Studio 2008
Project("{8BC9CEB8-8B4A-11D0-8D11-00A0C91BC942}") = "Extensions", "Extensions\Extensions.vcproj", "{60DC2701-B422-4937-83EE-241EA0945233}"
EndProject
Project("{8BC9CEB8-8B4A-11D0-8D11-00A0C91BC942}") = "Chem", "Chem\Chem.vcproj", "{9C8EE320-F4C9-4DEB-960D-E95BBCAA60E1}"
	ProjectSection(ProjectDependencies) = postProject
		{60DC2701-B422-4937-83EE-241EA0945233} = {60DC2701-B422-4937-83EE-241EA0945233}
	EndProjectSection
EndProject
Project("{8BC9CEB8-8B4A-11D0-8D11-00A0C91BC942}") = "Data", "Data\Data.vcproj", "{D713698D-03E9-4D22-AB0F-66844CAAA4DA}"
	ProjectSection(ProjectDependencies) = postProject
		{9C8EE320-F4C9-4DEB-960D-E95BBCAA60E1} = {9C8EE320-F4C9-4DEB-960D-E95BBCAA60E1}
	EndProjectSection
EndProject
Project("{8BC9CEB8-8B4A-11D0-8D11-00A0C91BC942}") = "ACS", "ACS\ACS.vcproj", "{09185B07-D49C-4E37-ABF9-1EDBAC7C1F05}"
EndProject
Project("{8BC9CEB8-8B4A-11D0-8D11-00A0C91BC942}") = "EpsVol", "EpsVol\EpsVol.vcproj", "{0CCB0027-F740-464C-BF20-BB27CAAF9BA2}"
	ProjectSection(ProjectDependencies) = postProject
		{9C8EE320-F4C9-4DEB-960D-E95BBCAA60E1} = {9C8EE320-F4C9-4DEB-960D-E95BBCAA60E1}
		{D713698D-03E9-4D22-AB0F-66844CAAA4DA} = {D713698D-03E9-4D22-AB0F-66844CAAA4DA}
		{B8F896FD-369E-4B7D-9162-E1CA5C32DC4C} = {B8F896FD-369E-4B7D-9162-E1CA5C32DC4C}
	EndProjectSection
EndProject
Project("{8BC9CEB8-8B4A-11D0-8D11-00A0C91BC942}") = "ChemSpec", "ChemSpec\ChemSpec.vcproj", "{B8F896FD-369E-4B7D-9162-E1CA5C32DC4C}"
	ProjectSection(ProjectDependencies) = postProject
		{9C8EE320-F4C9-4DEB-960D-E95BBCAA60E1} = {9C8EE320-F4C9-4DEB-960D-E95BBCAA60E1}
		{D713698D-03E9-4D22-AB0F-66844CAAA4DA} = {D713698D-03E9-4D22-AB0F-66844CAAA4DA}
	EndProjectSection
EndProject
Project("{8BC9CEB8-8B4A-11D0-8D11-00A0C91BC942}") = "UniHydro", "UniHydro\UniHydro.vcproj", "{417E211B-12B7-4985-9F43-1B094B349B48}"
	ProjectSection(ProjectDependencies) = postProject
		{D713698D-03E9-4D22-AB0F-66844CAAA4DA} = {D713698D-03E9-4D22-AB0F-66844CAAA4DA}
	EndProjectSection
EndProject
Project("{8BC9CEB8-8B4A-11D0-8D11-00A0C91BC942}") = "Trends", "Trends\Trends.vcproj", "{3B17B7CB-A760-4033-BB91-2F82EBA8BB35}"
EndProject
Project("{8BC9CEB8-8B4A-11D0-8D11-00A0C91BC942}") = "CtrlConn", "CtrlConn\CtrlConn.vcproj", "{1C5BADAD-5297-4101-847F-12CC4F66FD91}"
	ProjectSection(ProjectDependencies) = postProject
		{09185B07-D49C-4E37-ABF9-1EDBAC7C1F05} = {09185B07-D49C-4E37-ABF9-1EDBAC7C1F05}
		{574E62AE-425D-462B-BE48-FCAF5A55EB2E} = {574E62AE-425D-462B-BE48-FCAF5A55EB2E}
	EndProjectSection
EndProject
Project("{8BC9CEB8-8B4A-11D0-8D11-00A0C91BC942}") = "CtrlReg", "CtrlReg\CtrlReg.vcproj", "{F785C406-E8D3-4033-AAB9-BED98DACC35E}"
EndProject
Project("{8BC9CEB8-8B4A-11D0-8D11-00A0C91BC942}") = "Pipe", "Pipe\Pipe.vcproj", "{647AF189-BBAD-4BB5-A27B-D9FB1AC61186}"
	ProjectSection(ProjectDependencies) = postProject
		{60DC2701-B422-4937-83EE-241EA0945233} = {60DC2701-B422-4937-83EE-241EA0945233}
		{9C8EE320-F4C9-4DEB-960D-E95BBCAA60E1} = {9C8EE320-F4C9-4DEB-960D-E95BBCAA60E1}
		{0CCB0027-F740-464C-BF20-BB27CAAF9BA2} = {0CCB0027-F740-464C-BF20-BB27CAAF9BA2}
		{CFF34A42-B324-4342-BEDB-6A072B0BB078} = {CFF34A42-B324-4342-BEDB-6A072B0BB078}
		{E0FF5D56-6BC9-4298-8449-B9650E5F37C2} = {E0FF5D56-6BC9-4298-8449-B9650E5F37C2}
		{D713698D-03E9-4D22-AB0F-66844CAAA4DA} = {D713698D-03E9-4D22-AB0F-66844CAAA4DA}
	EndProjectSection
EndProject
Project("{8BC9CEB8-8B4A-11D0-8D11-00A0C91BC942}") = "IntReg", "IntReg\IntReg.vcproj", "{E0FF5D56-6BC9-4298-8449-B9650E5F37C2}"
	ProjectSection(ProjectDependencies) = postProject
		{9C8EE320-F4C9-4DEB-960D-E95BBCAA60E1} = {9C8EE320-F4C9-4DEB-960D-E95BBCAA60E1}
		{D713698D-03E9-4D22-AB0F-66844CAAA4DA} = {D713698D-03E9-4D22-AB0F-66844CAAA4DA}
	EndProjectSection
EndProject
Project("{8BC9CEB8-8B4A-11D0-8D11-00A0C91BC942}") = "Drainage", "Drainage\Drainage.vcproj", "{65AC642F-8A62-4CDB-A433-74BE26376764}"
	ProjectSection(ProjectDependencies) = postProject
		{D713698D-03E9-4D22-AB0F-66844CAAA4DA} = {D713698D-03E9-4D22-AB0F-66844CAAA4DA}
	EndProjectSection
EndProject
Project("{8BC9CEB8-8B4A-11D0-8D11-00A0C91BC942}") = "Control", "Control\Control.vcproj", "{CFF34A42-B324-4342-BEDB-6A072B0BB078}"
	ProjectSection(ProjectDependencies) = postProject
		{9C8EE320-F4C9-4DEB-960D-E95BBCAA60E1} = {9C8EE320-F4C9-4DEB-960D-E95BBCAA60E1}
		{0CCB0027-F740-464C-BF20-BB27CAAF9BA2} = {0CCB0027-F740-464C-BF20-BB27CAAF9BA2}
		{D713698D-03E9-4D22-AB0F-66844CAAA4DA} = {D713698D-03E9-4D22-AB0F-66844CAAA4DA}
	EndProjectSection
EndProject
Project("{8BC9CEB8-8B4A-11D0-8D11-00A0C91BC942}") = "IO", "IO\IO.vcproj", "{CEF8E242-3AB9-49A5-AD7D-7B9EB3EE4C08}"
	ProjectSection(ProjectDependencies) = postProject
		{9C8EE320-F4C9-4DEB-960D-E95BBCAA60E1} = {9C8EE320-F4C9-4DEB-960D-E95BBCAA60E1}
		{0CCB0027-F740-464C-BF20-BB27CAAF9BA2} = {0CCB0027-F740-464C-BF20-BB27CAAF9BA2}
		{CFF34A42-B324-4342-BEDB-6A072B0BB078} = {CFF34A42-B324-4342-BEDB-6A072B0BB078}
		{E0FF5D56-6BC9-4298-8449-B9650E5F37C2} = {E0FF5D56-6BC9-4298-8449-B9650E5F37C2}
		{D713698D-03E9-4D22-AB0F-66844CAAA4DA} = {D713698D-03E9-4D22-AB0F-66844CAAA4DA}
	EndProjectSection
EndProject
Project("{8BC9CEB8-8B4A-11D0-8D11-00A0C91BC942}") = "Valve_b", "Valve_b\Valve_b.vcproj", "{77BB1CF0-ACE6-4482-BF2B-D47B7FC1D125}"
	ProjectSection(ProjectDependencies) = postProject
		{09185B07-D49C-4E37-ABF9-1EDBAC7C1F05} = {09185B07-D49C-4E37-ABF9-1EDBAC7C1F05}
		{9C8EE320-F4C9-4DEB-960D-E95BBCAA60E1} = {9C8EE320-F4C9-4DEB-960D-E95BBCAA60E1}
		{0CCB0027-F740-464C-BF20-BB27CAAF9BA2} = {0CCB0027-F740-464C-BF20-BB27CAAF9BA2}
		{E0FF5D56-6BC9-4298-8449-B9650E5F37C2} = {E0FF5D56-6BC9-4298-8449-B9650E5F37C2}
		{D713698D-03E9-4D22-AB0F-66844CAAA4DA} = {D713698D-03E9-4D22-AB0F-66844CAAA4DA}
	EndProjectSection
EndProject
Project("{8BC9CEB8-8B4A-11D0-8D11-00A0C91BC942}") = "Valve_A_b", "Valve_A_b\Valve_A_b.vcproj", "{BCBB6A1C-1ECA-42CC-B584-9486FDC49BD2}"
	ProjectSection(ProjectDependencies) = postProject
		{09185B07-D49C-4E37-ABF9-1EDBAC7C1F05} = {09185B07-D49C-4E37-ABF9-1EDBAC7C1F05}
		{E0FF5D56-6BC9-4298-8449-B9650E5F37C2} = {E0FF5D56-6BC9-4298-8449-B9650E5F37C2}
		{77BB1CF0-ACE6-4482-BF2B-D47B7FC1D125} = {77BB1CF0-ACE6-4482-BF2B-D47B7FC1D125}
	EndProjectSection
EndProject
Project("{8BC9CEB8-8B4A-11D0-8D11-00A0C91BC942}") = "VolBase_b", "VolBase_b\VolBase_b.vcproj", "{674A2FA1-AFAE-477F-8C3B-ACEC273A75FA}"
	ProjectSection(ProjectDependencies) = postProject
		{9C8EE320-F4C9-4DEB-960D-E95BBCAA60E1} = {9C8EE320-F4C9-4DEB-960D-E95BBCAA60E1}
		{0CCB0027-F740-464C-BF20-BB27CAAF9BA2} = {0CCB0027-F740-464C-BF20-BB27CAAF9BA2}
		{A9436C4A-D1AB-4C3B-A5E6-52A10A3E1762} = {A9436C4A-D1AB-4C3B-A5E6-52A10A3E1762}
		{D713698D-03E9-4D22-AB0F-66844CAAA4DA} = {D713698D-03E9-4D22-AB0F-66844CAAA4DA}
	EndProjectSection
EndProject
Project("{8BC9CEB8-8B4A-11D0-8D11-00A0C91BC942}") = "NewComp", "NewComp\NewComp.vcproj", "{A9436C4A-D1AB-4C3B-A5E6-52A10A3E1762}"
	ProjectSection(ProjectDependencies) = postProject
		{9C8EE320-F4C9-4DEB-960D-E95BBCAA60E1} = {9C8EE320-F4C9-4DEB-960D-E95BBCAA60E1}
		{0CCB0027-F740-464C-BF20-BB27CAAF9BA2} = {0CCB0027-F740-464C-BF20-BB27CAAF9BA2}
		{D713698D-03E9-4D22-AB0F-66844CAAA4DA} = {D713698D-03E9-4D22-AB0F-66844CAAA4DA}
	EndProjectSection
EndProject
Project("{8BC9CEB8-8B4A-11D0-8D11-00A0C91BC942}") = "Vol_b", "Vol_b\Vol_b.vcproj", "{64212828-F13B-44E3-977A-62E44BF082EA}"
	ProjectSection(ProjectDependencies) = postProject
		{60DC2701-B422-4937-83EE-241EA0945233} = {60DC2701-B422-4937-83EE-241EA0945233}
		{09185B07-D49C-4E37-ABF9-1EDBAC7C1F05} = {09185B07-D49C-4E37-ABF9-1EDBAC7C1F05}
		{9C8EE320-F4C9-4DEB-960D-E95BBCAA60E1} = {9C8EE320-F4C9-4DEB-960D-E95BBCAA60E1}
		{CFF34A42-B324-4342-BEDB-6A072B0BB078} = {CFF34A42-B324-4342-BEDB-6A072B0BB078}
		{E0FF5D56-6BC9-4298-8449-B9650E5F37C2} = {E0FF5D56-6BC9-4298-8449-B9650E5F37C2}
		{D713698D-03E9-4D22-AB0F-66844CAAA4DA} = {D713698D-03E9-4D22-AB0F-66844CAAA4DA}
		{674A2FA1-AFAE-477F-8C3B-ACEC273A75FA} = {674A2FA1-AFAE-477F-8C3B-ACEC273A75FA}
		{D052E1AE-549F-49CA-B9D8-2B9776FCB902} = {D052E1AE-549F-49CA-B9D8-2B9776FCB902}
	EndProjectSection
EndProject
Project("{8BC9CEB8-8B4A-11D0-8D11-00A0C91BC942}") = "UniHeat", "UniHeat\UniHeat.vcproj", "{D052E1AE-549F-49CA-B9D8-2B9776FCB902}"
	ProjectSection(ProjectDependencies) = postProject
		{9C8EE320-F4C9-4DEB-960D-E95BBCAA60E1} = {9C8EE320-F4C9-4DEB-960D-E95BBCAA60E1}
		{0CCB0027-F740-464C-BF20-BB27CAAF9BA2} = {0CCB0027-F740-464C-BF20-BB27CAAF9BA2}
		{D713698D-03E9-4D22-AB0F-66844CAAA4DA} = {D713698D-03E9-4D22-AB0F-66844CAAA4DA}
	EndProjectSection
EndProject
Project("{8BC9CEB8-8B4A-11D0-8D11-00A0C91BC942}") = "Fan", "Fan\Fan.vcproj", "{9EB3B0C0-7EC0-4A6A-9C77-1A17135F9BFC}"
	ProjectSection(ProjectDependencies) = postProject
		{09185B07-D49C-4E37-ABF9-1EDBAC7C1F05} = {09185B07-D49C-4E37-ABF9-1EDBAC7C1F05}
		{9C8EE320-F4C9-4DEB-960D-E95BBCAA60E1} = {9C8EE320-F4C9-4DEB-960D-E95BBCAA60E1}
		{0CCB0027-F740-464C-BF20-BB27CAAF9BA2} = {0CCB0027-F740-464C-BF20-BB27CAAF9BA2}
		{D713698D-03E9-4D22-AB0F-66844CAAA4DA} = {D713698D-03E9-4D22-AB0F-66844CAAA4DA}
		{EE4CADF7-B856-4373-9C84-32233BFB1AE0} = {EE4CADF7-B856-4373-9C84-32233BFB1AE0}
	EndProjectSection
EndProject
Project("{8BC9CEB8-8B4A-11D0-8D11-00A0C91BC942}") = "HeatOil", "HeatOil\HeatOil.vcproj", "{EE4CADF7-B856-4373-9C84-32233BFB1AE0}"
	ProjectSection(ProjectDependencies) = postProject
		{09185B07-D49C-4E37-ABF9-1EDBAC7C1F05} = {09185B07-D49C-4E37-ABF9-1EDBAC7C1F05}
		{0CCB0027-F740-464C-BF20-BB27CAAF9BA2} = {0CCB0027-F740-464C-BF20-BB27CAAF9BA2}
		{D713698D-03E9-4D22-AB0F-66844CAAA4DA} = {D713698D-03E9-4D22-AB0F-66844CAAA4DA}
	EndProjectSection
EndProject
Project("{8BC9CEB8-8B4A-11D0-8D11-00A0C91BC942}") = "ElectricHeater_b", "ElectricHeater_b\ElectricHeater_b.vcproj", "{3F09F099-4289-4D36-9645-A0A0E0947C16}"
	ProjectSection(ProjectDependencies) = postProject
		{09185B07-D49C-4E37-ABF9-1EDBAC7C1F05} = {09185B07-D49C-4E37-ABF9-1EDBAC7C1F05}
		{0CCB0027-F740-464C-BF20-BB27CAAF9BA2} = {0CCB0027-F740-464C-BF20-BB27CAAF9BA2}
		{E0FF5D56-6BC9-4298-8449-B9650E5F37C2} = {E0FF5D56-6BC9-4298-8449-B9650E5F37C2}
		{D713698D-03E9-4D22-AB0F-66844CAAA4DA} = {D713698D-03E9-4D22-AB0F-66844CAAA4DA}
	EndProjectSection
EndProject
Project("{8BC9CEB8-8B4A-11D0-8D11-00A0C91BC942}") = "Valve_M_b", "Valve_M_b\Valve_M_b.vcproj", "{C9487DE3-E8D7-4EAC-ADA1-970980D18D22}"
	ProjectSection(ProjectDependencies) = postProject
		{09185B07-D49C-4E37-ABF9-1EDBAC7C1F05} = {09185B07-D49C-4E37-ABF9-1EDBAC7C1F05}
		{E0FF5D56-6BC9-4298-8449-B9650E5F37C2} = {E0FF5D56-6BC9-4298-8449-B9650E5F37C2}
		{77BB1CF0-ACE6-4482-BF2B-D47B7FC1D125} = {77BB1CF0-ACE6-4482-BF2B-D47B7FC1D125}
	EndProjectSection
EndProject
Project("{8BC9CEB8-8B4A-11D0-8D11-00A0C91BC942}") = "Collector", "Collector\Collector.vcproj", "{13AD47E2-7318-4534-A5B2-E6A37D698F20}"
	ProjectSection(ProjectDependencies) = postProject
		{9C8EE320-F4C9-4DEB-960D-E95BBCAA60E1} = {9C8EE320-F4C9-4DEB-960D-E95BBCAA60E1}
		{0CCB0027-F740-464C-BF20-BB27CAAF9BA2} = {0CCB0027-F740-464C-BF20-BB27CAAF9BA2}
		{CFF34A42-B324-4342-BEDB-6A072B0BB078} = {CFF34A42-B324-4342-BEDB-6A072B0BB078}
		{D713698D-03E9-4D22-AB0F-66844CAAA4DA} = {D713698D-03E9-4D22-AB0F-66844CAAA4DA}
	EndProjectSection
EndProject
Project("{8BC9CEB8-8B4A-11D0-8D11-00A0C91BC942}") = "CoolObj", "CoolObj\CoolObj.vcproj", "{9DAB51E3-AC7F-4B3B-857A-91259948780C}"
	ProjectSection(ProjectDependencies) = postProject
		{09185B07-D49C-4E37-ABF9-1EDBAC7C1F05} = {09185B07-D49C-4E37-ABF9-1EDBAC7C1F05}
		{0CCB0027-F740-464C-BF20-BB27CAAF9BA2} = {0CCB0027-F740-464C-BF20-BB27CAAF9BA2}
		{D713698D-03E9-4D22-AB0F-66844CAAA4DA} = {D713698D-03E9-4D22-AB0F-66844CAAA4DA}
	EndProjectSection
EndProject
Project("{8BC9CEB8-8B4A-11D0-8D11-00A0C91BC942}") = "Motor", "Motor\Motor.vcproj", "{5131A3C9-36CC-4E33-B3C8-E345C34EF82B}"
	ProjectSection(ProjectDependencies) = postProject
		{09185B07-D49C-4E37-ABF9-1EDBAC7C1F05} = {09185B07-D49C-4E37-ABF9-1EDBAC7C1F05}
		{E0FF5D56-6BC9-4298-8449-B9650E5F37C2} = {E0FF5D56-6BC9-4298-8449-B9650E5F37C2}
	EndProjectSection
EndProject
Project("{8BC9CEB8-8B4A-11D0-8D11-00A0C91BC942}") = "Sens_b", "Sens\Sens.vcproj", "{FC70A62C-8865-47F1-9813-FC0A37BFB12A}"
	ProjectSection(ProjectDependencies) = postProject
		{60DC2701-B422-4937-83EE-241EA0945233} = {60DC2701-B422-4937-83EE-241EA0945233}
		{09185B07-D49C-4E37-ABF9-1EDBAC7C1F05} = {09185B07-D49C-4E37-ABF9-1EDBAC7C1F05}
		{9C8EE320-F4C9-4DEB-960D-E95BBCAA60E1} = {9C8EE320-F4C9-4DEB-960D-E95BBCAA60E1}
		{0CCB0027-F740-464C-BF20-BB27CAAF9BA2} = {0CCB0027-F740-464C-BF20-BB27CAAF9BA2}
		{CFF34A42-B324-4342-BEDB-6A072B0BB078} = {CFF34A42-B324-4342-BEDB-6A072B0BB078}
		{D713698D-03E9-4D22-AB0F-66844CAAA4DA} = {D713698D-03E9-4D22-AB0F-66844CAAA4DA}
		{3F6213F8-892E-4E59-A78A-9830CC77B20A} = {3F6213F8-892E-4E59-A78A-9830CC77B20A}
	EndProjectSection
EndProject
Project("{8BC9CEB8-8B4A-11D0-8D11-00A0C91BC942}") = "TBP", "TBP\TBP.vcproj", "{3F6213F8-892E-4E59-A78A-9830CC77B20A}"
	ProjectSection(ProjectDependencies) = postProject
		{9C8EE320-F4C9-4DEB-960D-E95BBCAA60E1} = {9C8EE320-F4C9-4DEB-960D-E95BBCAA60E1}
		{0CCB0027-F740-464C-BF20-BB27CAAF9BA2} = {0CCB0027-F740-464C-BF20-BB27CAAF9BA2}
	EndProjectSection
EndProject
Project("{8BC9CEB8-8B4A-11D0-8D11-00A0C91BC942}") = "AVO", "AVO\AVO.vcproj", "{6CA8E5F8-FDBE-495D-99C9-10E37C553CE5}"
	ProjectSection(ProjectDependencies) = postProject
		{09185B07-D49C-4E37-ABF9-1EDBAC7C1F05} = {09185B07-D49C-4E37-ABF9-1EDBAC7C1F05}
		{9C8EE320-F4C9-4DEB-960D-E95BBCAA60E1} = {9C8EE320-F4C9-4DEB-960D-E95BBCAA60E1}
		{0CCB0027-F740-464C-BF20-BB27CAAF9BA2} = {0CCB0027-F740-464C-BF20-BB27CAAF9BA2}
		{CFF34A42-B324-4342-BEDB-6A072B0BB078} = {CFF34A42-B324-4342-BEDB-6A072B0BB078}
		{E0FF5D56-6BC9-4298-8449-B9650E5F37C2} = {E0FF5D56-6BC9-4298-8449-B9650E5F37C2}
		{D713698D-03E9-4D22-AB0F-66844CAAA4DA} = {D713698D-03E9-4D22-AB0F-66844CAAA4DA}
		{D052E1AE-549F-49CA-B9D8-2B9776FCB902} = {D052E1AE-549F-49CA-B9D8-2B9776FCB902}
	EndProjectSection
EndProject
Project("{8BC9CEB8-8B4A-11D0-8D11-00A0C91BC942}") = "Gag", "Gag\Gag.vcproj", "{A86DA6AD-0D26-46A5-B148-E67AFC7B41F0}"
	ProjectSection(ProjectDependencies) = postProject
		{09185B07-D49C-4E37-ABF9-1EDBAC7C1F05} = {09185B07-D49C-4E37-ABF9-1EDBAC7C1F05}
		{D713698D-03E9-4D22-AB0F-66844CAAA4DA} = {D713698D-03E9-4D22-AB0F-66844CAAA4DA}
	EndProjectSection
EndProject
Project("{8BC9CEB8-8B4A-11D0-8D11-00A0C91BC942}") = "MultiSens", "MultiSens\MultiSens.vcproj", "{1140C9BF-36B4-4B8E-A5A5-95C24B7478BC}"
	ProjectSection(ProjectDependencies) = postProject
		{09185B07-D49C-4E37-ABF9-1EDBAC7C1F05} = {09185B07-D49C-4E37-ABF9-1EDBAC7C1F05}
	EndProjectSection
EndProject
Project("{8BC9CEB8-8B4A-11D0-8D11-00A0C91BC942}") = "Klap3x", "Klap3x\Klap3x.vcproj", "{6DAEEC9B-F9FA-4368-BE81-9D0CCC2296E1}"
	ProjectSection(ProjectDependencies) = postProject
		{09185B07-D49C-4E37-ABF9-1EDBAC7C1F05} = {09185B07-D49C-4E37-ABF9-1EDBAC7C1F05}
		{9C8EE320-F4C9-4DEB-960D-E95BBCAA60E1} = {9C8EE320-F4C9-4DEB-960D-E95BBCAA60E1}
		{0CCB0027-F740-464C-BF20-BB27CAAF9BA2} = {0CCB0027-F740-464C-BF20-BB27CAAF9BA2}
		{D713698D-03E9-4D22-AB0F-66844CAAA4DA} = {D713698D-03E9-4D22-AB0F-66844CAAA4DA}
	EndProjectSection
EndProject
Project("{8BC9CEB8-8B4A-11D0-8D11-00A0C91BC942}") = "KO", "KO\KO.vcproj", "{B2326F80-EEF3-4510-885A-2A7AD410C4B9}"
	ProjectSection(ProjectDependencies) = postProject
		{9C8EE320-F4C9-4DEB-960D-E95BBCAA60E1} = {9C8EE320-F4C9-4DEB-960D-E95BBCAA60E1}
		{0CCB0027-F740-464C-BF20-BB27CAAF9BA2} = {0CCB0027-F740-464C-BF20-BB27CAAF9BA2}
		{D713698D-03E9-4D22-AB0F-66844CAAA4DA} = {D713698D-03E9-4D22-AB0F-66844CAAA4DA}
	EndProjectSection
EndProject
Project("{8BC9CEB8-8B4A-11D0-8D11-00A0C91BC942}") = "Pump_b", "Pump_b\Pump_b.vcproj", "{80510366-9017-4844-B5C6-815001D40651}"
	ProjectSection(ProjectDependencies) = postProject
		{09185B07-D49C-4E37-ABF9-1EDBAC7C1F05} = {09185B07-D49C-4E37-ABF9-1EDBAC7C1F05}
		{9C8EE320-F4C9-4DEB-960D-E95BBCAA60E1} = {9C8EE320-F4C9-4DEB-960D-E95BBCAA60E1}
		{0CCB0027-F740-464C-BF20-BB27CAAF9BA2} = {0CCB0027-F740-464C-BF20-BB27CAAF9BA2}
		{E0FF5D56-6BC9-4298-8449-B9650E5F37C2} = {E0FF5D56-6BC9-4298-8449-B9650E5F37C2}
		{D713698D-03E9-4D22-AB0F-66844CAAA4DA} = {D713698D-03E9-4D22-AB0F-66844CAAA4DA}
		{5131A3C9-36CC-4E33-B3C8-E345C34EF82B} = {5131A3C9-36CC-4E33-B3C8-E345C34EF82B}
		{9DAB51E3-AC7F-4B3B-857A-91259948780C} = {9DAB51E3-AC7F-4B3B-857A-91259948780C}
		{EE4CADF7-B856-4373-9C84-32233BFB1AE0} = {EE4CADF7-B856-4373-9C84-32233BFB1AE0}
	EndProjectSection
EndProject
Project("{8BC9CEB8-8B4A-11D0-8D11-00A0C91BC942}") = "Valve_R_b", "Valve_R\Valve_R.vcproj", "{476A91B2-D6D6-4401-9FCF-024CDBBA9986}"
	ProjectSection(ProjectDependencies) = postProject
		{D713698D-03E9-4D22-AB0F-66844CAAA4DA} = {D713698D-03E9-4D22-AB0F-66844CAAA4DA}
		{A18AEB9E-FC84-41CF-BCBF-D7BC02A8229A} = {A18AEB9E-FC84-41CF-BCBF-D7BC02A8229A}
	EndProjectSection
EndProject
Project("{8BC9CEB8-8B4A-11D0-8D11-00A0C91BC942}") = "PressDrop", "PressDrop\PressDrop.vcproj", "{A18AEB9E-FC84-41CF-BCBF-D7BC02A8229A}"
	ProjectSection(ProjectDependencies) = postProject
		{9C8EE320-F4C9-4DEB-960D-E95BBCAA60E1} = {9C8EE320-F4C9-4DEB-960D-E95BBCAA60E1}
		{0CCB0027-F740-464C-BF20-BB27CAAF9BA2} = {0CCB0027-F740-464C-BF20-BB27CAAF9BA2}
		{D713698D-03E9-4D22-AB0F-66844CAAA4DA} = {D713698D-03E9-4D22-AB0F-66844CAAA4DA}
	EndProjectSection
EndProject
Project("{8BC9CEB8-8B4A-11D0-8D11-00A0C91BC942}") = "AirDry", "AirDry\AirDry.vcproj", "{2CF4A071-1203-4BF8-B3D8-4055DB105145}"
	ProjectSection(ProjectDependencies) = postProject
		{09185B07-D49C-4E37-ABF9-1EDBAC7C1F05} = {09185B07-D49C-4E37-ABF9-1EDBAC7C1F05}
		{9C8EE320-F4C9-4DEB-960D-E95BBCAA60E1} = {9C8EE320-F4C9-4DEB-960D-E95BBCAA60E1}
		{0CCB0027-F740-464C-BF20-BB27CAAF9BA2} = {0CCB0027-F740-464C-BF20-BB27CAAF9BA2}
		{D713698D-03E9-4D22-AB0F-66844CAAA4DA} = {D713698D-03E9-4D22-AB0F-66844CAAA4DA}
	EndProjectSection
EndProject
Project("{8BC9CEB8-8B4A-11D0-8D11-00A0C91BC942}") = "PC_1", "PC_1\PC_1.vcproj", "{1D0242A2-784A-4BBF-BAD6-A275905C14DA}"
	ProjectSection(ProjectDependencies) = postProject
		{09185B07-D49C-4E37-ABF9-1EDBAC7C1F05} = {09185B07-D49C-4E37-ABF9-1EDBAC7C1F05}
		{9C8EE320-F4C9-4DEB-960D-E95BBCAA60E1} = {9C8EE320-F4C9-4DEB-960D-E95BBCAA60E1}
		{0CCB0027-F740-464C-BF20-BB27CAAF9BA2} = {0CCB0027-F740-464C-BF20-BB27CAAF9BA2}
		{D713698D-03E9-4D22-AB0F-66844CAAA4DA} = {D713698D-03E9-4D22-AB0F-66844CAAA4DA}
		{D052E1AE-549F-49CA-B9D8-2B9776FCB902} = {D052E1AE-549F-49CA-B9D8-2B9776FCB902}
	EndProjectSection
EndProject
Project("{8BC9CEB8-8B4A-11D0-8D11-00A0C91BC942}") = "CC_1", "CC_1\CC_1.vcproj", "{529D5205-6657-4C89-83A7-93046BD4A529}"
	ProjectSection(ProjectDependencies) = postProject
		{09185B07-D49C-4E37-ABF9-1EDBAC7C1F05} = {09185B07-D49C-4E37-ABF9-1EDBAC7C1F05}
		{9C8EE320-F4C9-4DEB-960D-E95BBCAA60E1} = {9C8EE320-F4C9-4DEB-960D-E95BBCAA60E1}
		{0CCB0027-F740-464C-BF20-BB27CAAF9BA2} = {0CCB0027-F740-464C-BF20-BB27CAAF9BA2}
		{E0FF5D56-6BC9-4298-8449-B9650E5F37C2} = {E0FF5D56-6BC9-4298-8449-B9650E5F37C2}
		{D713698D-03E9-4D22-AB0F-66844CAAA4DA} = {D713698D-03E9-4D22-AB0F-66844CAAA4DA}
	EndProjectSection
EndProject
Project("{8BC9CEB8-8B4A-11D0-8D11-00A0C91BC942}") = "PPK", "PPK\PPK.vcproj", "{4FE3E69A-43CA-4746-B180-FCAC0B7F3C75}"
	ProjectSection(ProjectDependencies) = postProject
		{D713698D-03E9-4D22-AB0F-66844CAAA4DA} = {D713698D-03E9-4D22-AB0F-66844CAAA4DA}
	EndProjectSection
EndProject
Project("{8BC9CEB8-8B4A-11D0-8D11-00A0C91BC942}") = "Reductor", "Reductor\Reductor.vcproj", "{E21A6D9A-636C-4406-9CB8-E896DC5AE657}"
	ProjectSection(ProjectDependencies) = postProject
		{09185B07-D49C-4E37-ABF9-1EDBAC7C1F05} = {09185B07-D49C-4E37-ABF9-1EDBAC7C1F05}
		{D713698D-03E9-4D22-AB0F-66844CAAA4DA} = {D713698D-03E9-4D22-AB0F-66844CAAA4DA}
	EndProjectSection
EndProject
Project("{8BC9CEB8-8B4A-11D0-8D11-00A0C91BC942}") = "SepLiq_b", "SepLiq_b\SepLiq.vcproj", "{8A87D660-C4AF-4B88-9285-939F93CD493B}"
	ProjectSection(ProjectDependencies) = postProject
		{09185B07-D49C-4E37-ABF9-1EDBAC7C1F05} = {09185B07-D49C-4E37-ABF9-1EDBAC7C1F05}
		{9C8EE320-F4C9-4DEB-960D-E95BBCAA60E1} = {9C8EE320-F4C9-4DEB-960D-E95BBCAA60E1}
		{0CCB0027-F740-464C-BF20-BB27CAAF9BA2} = {0CCB0027-F740-464C-BF20-BB27CAAF9BA2}
		{E0FF5D56-6BC9-4298-8449-B9650E5F37C2} = {E0FF5D56-6BC9-4298-8449-B9650E5F37C2}
		{D713698D-03E9-4D22-AB0F-66844CAAA4DA} = {D713698D-03E9-4D22-AB0F-66844CAAA4DA}
		{D052E1AE-549F-49CA-B9D8-2B9776FCB902} = {D052E1AE-549F-49CA-B9D8-2B9776FCB902}
	EndProjectSection
EndProject
Project("{8BC9CEB8-8B4A-11D0-8D11-00A0C91BC942}") = "HeatChange_b", "HeatChange_b\HeatChange_b.vcproj", "{23D190D9-4F30-491D-A467-D5E0CEFB6AF5}"
	ProjectSection(ProjectDependencies) = postProject
		{09185B07-D49C-4E37-ABF9-1EDBAC7C1F05} = {09185B07-D49C-4E37-ABF9-1EDBAC7C1F05}
		{9C8EE320-F4C9-4DEB-960D-E95BBCAA60E1} = {9C8EE320-F4C9-4DEB-960D-E95BBCAA60E1}
		{0CCB0027-F740-464C-BF20-BB27CAAF9BA2} = {0CCB0027-F740-464C-BF20-BB27CAAF9BA2}
		{E0FF5D56-6BC9-4298-8449-B9650E5F37C2} = {E0FF5D56-6BC9-4298-8449-B9650E5F37C2}
		{D713698D-03E9-4D22-AB0F-66844CAAA4DA} = {D713698D-03E9-4D22-AB0F-66844CAAA4DA}
	EndProjectSection
EndProject
Project("{8BC9CEB8-8B4A-11D0-8D11-00A0C91BC942}") = "Zadv3x", "Zadv3x\Zadv3x.vcproj", "{D475E3EF-072E-4DED-88A6-30747476508C}"
	ProjectSection(ProjectDependencies) = postProject
		{09185B07-D49C-4E37-ABF9-1EDBAC7C1F05} = {09185B07-D49C-4E37-ABF9-1EDBAC7C1F05}
		{D713698D-03E9-4D22-AB0F-66844CAAA4DA} = {D713698D-03E9-4D22-AB0F-66844CAAA4DA}
	EndProjectSection
EndProject
Project("{8BC9CEB8-8B4A-11D0-8D11-00A0C91BC942}") = "Fakel", "Fakel\Fakel.vcproj", "{1EB3C6A1-54E2-4459-931D-AB751516BD9A}"
	ProjectSection(ProjectDependencies) = postProject
		{09185B07-D49C-4E37-ABF9-1EDBAC7C1F05} = {09185B07-D49C-4E37-ABF9-1EDBAC7C1F05}
		{9C8EE320-F4C9-4DEB-960D-E95BBCAA60E1} = {9C8EE320-F4C9-4DEB-960D-E95BBCAA60E1}
		{D713698D-03E9-4D22-AB0F-66844CAAA4DA} = {D713698D-03E9-4D22-AB0F-66844CAAA4DA}
	EndProjectSection
EndProject
Project("{8BC9CEB8-8B4A-11D0-8D11-00A0C91BC942}") = "UniModel", "UniModel\UniModel.vcproj", "{FCE39B42-3D63-4215-9528-E312B5A01B75}"
	ProjectSection(ProjectDependencies) = postProject
		{09185B07-D49C-4E37-ABF9-1EDBAC7C1F05} = {09185B07-D49C-4E37-ABF9-1EDBAC7C1F05}
		{9C8EE320-F4C9-4DEB-960D-E95BBCAA60E1} = {9C8EE320-F4C9-4DEB-960D-E95BBCAA60E1}
		{0CCB0027-F740-464C-BF20-BB27CAAF9BA2} = {0CCB0027-F740-464C-BF20-BB27CAAF9BA2}
		{D713698D-03E9-4D22-AB0F-66844CAAA4DA} = {D713698D-03E9-4D22-AB0F-66844CAAA4DA}
	EndProjectSection
EndProject
Project("{8BC9CEB8-8B4A-11D0-8D11-00A0C91BC942}") = "Ejector", "Ejector\Ejector.vcproj", "{2576B5C2-7573-466F-ABEA-E4E43E5C9EA7}"
	ProjectSection(ProjectDependencies) = postProject
		{9C8EE320-F4C9-4DEB-960D-E95BBCAA60E1} = {9C8EE320-F4C9-4DEB-960D-E95BBCAA60E1}
		{0CCB0027-F740-464C-BF20-BB27CAAF9BA2} = {0CCB0027-F740-464C-BF20-BB27CAAF9BA2}
		{D713698D-03E9-4D22-AB0F-66844CAAA4DA} = {D713698D-03E9-4D22-AB0F-66844CAAA4DA}
	EndProjectSection
EndProject
Project("{8BC9CEB8-8B4A-11D0-8D11-00A0C91BC942}") = "Driver", "Driver\Driver.vcproj", "{207B3087-5606-4AB2-9E2A-BED88BF59ED7}"
EndProject
Project("{8BC9CEB8-8B4A-11D0-8D11-00A0C91BC942}") = "Column", "Column\Column.vcproj", "{75A94893-EA86-487C-9EA2-CF579650BAD1}"
	ProjectSection(ProjectDependencies) = postProject
		{9C8EE320-F4C9-4DEB-960D-E95BBCAA60E1} = {9C8EE320-F4C9-4DEB-960D-E95BBCAA60E1}
		{CFF34A42-B324-4342-BEDB-6A072B0BB078} = {CFF34A42-B324-4342-BEDB-6A072B0BB078}
		{D713698D-03E9-4D22-AB0F-66844CAAA4DA} = {D713698D-03E9-4D22-AB0F-66844CAAA4DA}
		{844B20CA-6734-4485-BEFF-22ECF358D7CB} = {844B20CA-6734-4485-BEFF-22ECF358D7CB}
	EndProjectSection
EndProject
Project("{8BC9CEB8-8B4A-11D0-8D11-00A0C91BC942}") = "BaseCol", "BaseCol\BaseCol.vcproj", "{844B20CA-6734-4485-BEFF-22ECF358D7CB}"
	ProjectSection(ProjectDependencies) = postProject
		{09185B07-D49C-4E37-ABF9-1EDBAC7C1F05} = {09185B07-D49C-4E37-ABF9-1EDBAC7C1F05}
		{9C8EE320-F4C9-4DEB-960D-E95BBCAA60E1} = {9C8EE320-F4C9-4DEB-960D-E95BBCAA60E1}
		{0CCB0027-F740-464C-BF20-BB27CAAF9BA2} = {0CCB0027-F740-464C-BF20-BB27CAAF9BA2}
		{A9436C4A-D1AB-4C3B-A5E6-52A10A3E1762} = {A9436C4A-D1AB-4C3B-A5E6-52A10A3E1762}
		{D713698D-03E9-4D22-AB0F-66844CAAA4DA} = {D713698D-03E9-4D22-AB0F-66844CAAA4DA}
		{D052E1AE-549F-49CA-B9D8-2B9776FCB902} = {D052E1AE-549F-49CA-B9D8-2B9776FCB902}
		{B8F896FD-369E-4B7D-9162-E1CA5C32DC4C} = {B8F896FD-369E-4B7D-9162-E1CA5C32DC4C}
	EndProjectSection
EndProject
Project("{8BC9CEB8-8B4A-11D0-8D11-00A0C91BC942}") = "Furnace", "Furnace\Furnace.vcproj", "{98D97C3F-81AA-48BD-A864-ED95BCE75C23}"
	ProjectSection(ProjectDependencies) = postProject
		{09185B07-D49C-4E37-ABF9-1EDBAC7C1F05} = {09185B07-D49C-4E37-ABF9-1EDBAC7C1F05}
		{9C8EE320-F4C9-4DEB-960D-E95BBCAA60E1} = {9C8EE320-F4C9-4DEB-960D-E95BBCAA60E1}
		{0CCB0027-F740-464C-BF20-BB27CAAF9BA2} = {0CCB0027-F740-464C-BF20-BB27CAAF9BA2}
		{A9436C4A-D1AB-4C3B-A5E6-52A10A3E1762} = {A9436C4A-D1AB-4C3B-A5E6-52A10A3E1762}
		{D713698D-03E9-4D22-AB0F-66844CAAA4DA} = {D713698D-03E9-4D22-AB0F-66844CAAA4DA}
	EndProjectSection
EndProject
Project("{8BC9CEB8-8B4A-11D0-8D11-00A0C91BC942}") = "LS", "LS\LS.vcproj", "{574E62AE-425D-462B-BE48-FCAF5A55EB2E}"
	ProjectSection(ProjectDependencies) = postProject
		{09185B07-D49C-4E37-ABF9-1EDBAC7C1F05} = {09185B07-D49C-4E37-ABF9-1EDBAC7C1F05}
	EndProjectSection
EndProject
Project("{8BC9CEB8-8B4A-11D0-8D11-00A0C91BC942}") = "Temp", "Temp\Temp.vcproj", "{BF302CF9-F605-4E54-B401-DB185EE086C8}"
	ProjectSection(ProjectDependencies) = postProject
		{D713698D-03E9-4D22-AB0F-66844CAAA4DA} = {D713698D-03E9-4D22-AB0F-66844CAAA4DA}
	EndProjectSection
EndProject
Project("{8BC9CEB8-8B4A-11D0-8D11-00A0C91BC942}") = "FurnaceEx", "FurnaceEx\FurnaceEx.vcproj", "{15B409ED-D539-474E-B0B4-1DCAD93FAD4C}"
	ProjectSection(ProjectDependencies) = postProject
		{60DC2701-B422-4937-83EE-241EA0945233} = {60DC2701-B422-4937-83EE-241EA0945233}
		{09185B07-D49C-4E37-ABF9-1EDBAC7C1F05} = {09185B07-D49C-4E37-ABF9-1EDBAC7C1F05}
		{9C8EE320-F4C9-4DEB-960D-E95BBCAA60E1} = {9C8EE320-F4C9-4DEB-960D-E95BBCAA60E1}
		{0CCB0027-F740-464C-BF20-BB27CAAF9BA2} = {0CCB0027-F740-464C-BF20-BB27CAAF9BA2}
		{D713698D-03E9-4D22-AB0F-66844CAAA4DA} = {D713698D-03E9-4D22-AB0F-66844CAAA4DA}
	EndProjectSection
EndProject
Project("{8BC9CEB8-8B4A-11D0-8D11-00A0C91BC942}") = "BaseCol_NE", "BaseCol_NE\BaseCol_NE.vcproj", "{1FA505B3-AC91-49E5-B569-E4599900DB9A}"
	ProjectSection(ProjectDependencies) = postProject
		{09185B07-D49C-4E37-ABF9-1EDBAC7C1F05} = {09185B07-D49C-4E37-ABF9-1EDBAC7C1F05}
		{9C8EE320-F4C9-4DEB-960D-E95BBCAA60E1} = {9C8EE320-F4C9-4DEB-960D-E95BBCAA60E1}
		{0CCB0027-F740-464C-BF20-BB27CAAF9BA2} = {0CCB0027-F740-464C-BF20-BB27CAAF9BA2}
		{D713698D-03E9-4D22-AB0F-66844CAAA4DA} = {D713698D-03E9-4D22-AB0F-66844CAAA4DA}
		{D052E1AE-549F-49CA-B9D8-2B9776FCB902} = {D052E1AE-549F-49CA-B9D8-2B9776FCB902}
	EndProjectSection
EndProject
Project("{8BC9CEB8-8B4A-11D0-8D11-00A0C91BC942}") = "Column_NE", "Column_NE\Column_NE.vcproj", "{77DA10F5-46D5-4904-9527-8E14A5CFB3C0}"
	ProjectSection(ProjectDependencies) = postProject
		{60DC2701-B422-4937-83EE-241EA0945233} = {60DC2701-B422-4937-83EE-241EA0945233}
		{09185B07-D49C-4E37-ABF9-1EDBAC7C1F05} = {09185B07-D49C-4E37-ABF9-1EDBAC7C1F05}
		{9C8EE320-F4C9-4DEB-960D-E95BBCAA60E1} = {9C8EE320-F4C9-4DEB-960D-E95BBCAA60E1}
		{D713698D-03E9-4D22-AB0F-66844CAAA4DA} = {D713698D-03E9-4D22-AB0F-66844CAAA4DA}
		{1FA505B3-AC91-49E5-B569-E4599900DB9A} = {1FA505B3-AC91-49E5-B569-E4599900DB9A}
	EndProjectSection
EndProject
Project("{8BC9CEB8-8B4A-11D0-8D11-00A0C91BC942}") = "VBR", "VBR\VBR.vcproj", "{6E993C70-B09B-46B6-BCD0-35A5300A5E86}"
	ProjectSection(ProjectDependencies) = postProject
		{9C8EE320-F4C9-4DEB-960D-E95BBCAA60E1} = {9C8EE320-F4C9-4DEB-960D-E95BBCAA60E1}
		{0CCB0027-F740-464C-BF20-BB27CAAF9BA2} = {0CCB0027-F740-464C-BF20-BB27CAAF9BA2}
		{D713698D-03E9-4D22-AB0F-66844CAAA4DA} = {D713698D-03E9-4D22-AB0F-66844CAAA4DA}
	EndProjectSection
EndProject
Project("{8BC9CEB8-8B4A-11D0-8D11-00A0C91BC942}") = "Thermostatic_Valve_3", "Thermostatic_Valve_3\Thermostatic_Valve_3.vcproj", "{8F790F4E-BB21-4936-B0DC-7418D7EF5638}"
	ProjectSection(ProjectDependencies) = postProject
		{9C8EE320-F4C9-4DEB-960D-E95BBCAA60E1} = {9C8EE320-F4C9-4DEB-960D-E95BBCAA60E1}
		{0CCB0027-F740-464C-BF20-BB27CAAF9BA2} = {0CCB0027-F740-464C-BF20-BB27CAAF9BA2}
		{D713698D-03E9-4D22-AB0F-66844CAAA4DA} = {D713698D-03E9-4D22-AB0F-66844CAAA4DA}
		{B8F896FD-369E-4B7D-9162-E1CA5C32DC4C} = {B8F896FD-369E-4B7D-9162-E1CA5C32DC4C}
	EndProjectSection
EndProject
Project("{8BC9CEB8-8B4A-11D0-8D11-00A0C91BC942}") = "Electro", "Electro\Electro.vcproj", "{FFEAA205-50AB-4431-95CC-01522CD5E3C2}"
EndProject
Project("{8BC9CEB8-8B4A-11D0-8D11-00A0C91BC942}") = "Script", "Script\Script.vcproj", "{2FD125F9-1A65-4B39-8AC5-D45170F45A9C}"
	ProjectSection(ProjectDependencies) = postProject
		{09185B07-D49C-4E37-ABF9-1EDBAC7C1F05} = {09185B07-D49C-4E37-ABF9-1EDBAC7C1F05}
	EndProjectSection
EndProject
Project("{8BC9CEB8-8B4A-11D0-8D11-00A0C91BC942}") = "HeatAntiFlow", "HeatAntiFlow\HeatAntiFlow.vcproj", "{A6A0CE49-EBFA-43AC-A267-92077AB01FA9}"
	ProjectSection(ProjectDependencies) = postProject
		{9C8EE320-F4C9-4DEB-960D-E95BBCAA60E1} = {9C8EE320-F4C9-4DEB-960D-E95BBCAA60E1}
		{0CCB0027-F740-464C-BF20-BB27CAAF9BA2} = {0CCB0027-F740-464C-BF20-BB27CAAF9BA2}
		{E0FF5D56-6BC9-4298-8449-B9650E5F37C2} = {E0FF5D56-6BC9-4298-8449-B9650E5F37C2}
		{D713698D-03E9-4D22-AB0F-66844CAAA4DA} = {D713698D-03E9-4D22-AB0F-66844CAAA4DA}
		{D052E1AE-549F-49CA-B9D8-2B9776FCB902} = {D052E1AE-549F-49CA-B9D8-2B9776FCB902}
	EndProjectSection
EndProject
Project("{8BC9CEB8-8B4A-11D0-8D11-00A0C91BC942}") = "Level", "Level\Level.vcproj", "{29C667CE-8680-437D-98A7-52C4452308D1}"
	ProjectSection(ProjectDependencies) = postProject
		{09185B07-D49C-4E37-ABF9-1EDBAC7C1F05} = {09185B07-D49C-4E37-ABF9-1EDBAC7C1F05}
		{D713698D-03E9-4D22-AB0F-66844CAAA4DA} = {D713698D-03E9-4D22-AB0F-66844CAAA4DA}
	EndProjectSection
EndProject
Global
	GlobalSection(SolutionConfigurationPlatforms) = preSolution
		Debug|Win32 = Debug|Win32
		Debug|x64 = Debug|x64
		Release|Win32 = Release|Win32
		Release|x64 = Release|x64
		ReleaseLinux|Win32 = ReleaseLinux|Win32
		ReleaseLinux|x64 = ReleaseLinux|x64
	EndGlobalSection
	GlobalSection(ProjectConfigurationPlatforms) = postSolution
		{60DC2701-B422-4937-83EE-241EA0945233}.Debug|Win32.ActiveCfg = Debug|Win32
		{60DC2701-B422-4937-83EE-241EA0945233}.Debug|Win32.Build.0 = Debug|Win32
		{60DC2701-B422-4937-83EE-241EA0945233}.Debug|x64.ActiveCfg = Debug|x64
		{60DC2701-B422-4937-83EE-241EA0945233}.Debug|x64.Build.0 = Debug|x64
		{60DC2701-B422-4937-83EE-241EA0945233}.Release|Win32.ActiveCfg = Release|Win32
		{60DC2701-B422-4937-83EE-241EA0945233}.Release|Win32.Build.0 = Release|Win32
		{60DC2701-B422-4937-83EE-241EA0945233}.Release|x64.ActiveCfg = Release|x64
		{60DC2701-B422-4937-83EE-241EA0945233}.Release|x64.Build.0 = Release|x64
		{60DC2701-B422-4937-83EE-241EA0945233}.ReleaseLinux|Win32.ActiveCfg = Release|x64
		{60DC2701-B422-4937-83EE-241EA0945233}.ReleaseLinux|x64.ActiveCfg = Release|x64
		{60DC2701-B422-4937-83EE-241EA0945233}.ReleaseLinux|x64.Build.0 = Release|x64
		{9C8EE320-F4C9-4DEB-960D-E95BBCAA60E1}.Debug|Win32.ActiveCfg = Debug|Win32
		{9C8EE320-F4C9-4DEB-960D-E95BBCAA60E1}.Debug|Win32.Build.0 = Debug|Win32
		{9C8EE320-F4C9-4DEB-960D-E95BBCAA60E1}.Debug|x64.ActiveCfg = Debug|x64
		{9C8EE320-F4C9-4DEB-960D-E95BBCAA60E1}.Debug|x64.Build.0 = Debug|x64
		{9C8EE320-F4C9-4DEB-960D-E95BBCAA60E1}.Release|Win32.ActiveCfg = Release|Win32
		{9C8EE320-F4C9-4DEB-960D-E95BBCAA60E1}.Release|Win32.Build.0 = Release|Win32
		{9C8EE320-F4C9-4DEB-960D-E95BBCAA60E1}.Release|x64.ActiveCfg = Release|x64
		{9C8EE320-F4C9-4DEB-960D-E95BBCAA60E1}.Release|x64.Build.0 = Release|x64
		{9C8EE320-F4C9-4DEB-960D-E95BBCAA60E1}.ReleaseLinux|Win32.ActiveCfg = Release|x64
		{9C8EE320-F4C9-4DEB-960D-E95BBCAA60E1}.ReleaseLinux|x64.ActiveCfg = Release|x64
		{9C8EE320-F4C9-4DEB-960D-E95BBCAA60E1}.ReleaseLinux|x64.Build.0 = Release|x64
		{D713698D-03E9-4D22-AB0F-66844CAAA4DA}.Debug|Win32.ActiveCfg = Debug|Win32
		{D713698D-03E9-4D22-AB0F-66844CAAA4DA}.Debug|Win32.Build.0 = Debug|Win32
		{D713698D-03E9-4D22-AB0F-66844CAAA4DA}.Debug|x64.ActiveCfg = Debug|x64
		{D713698D-03E9-4D22-AB0F-66844CAAA4DA}.Debug|x64.Build.0 = Debug|x64
		{D713698D-03E9-4D22-AB0F-66844CAAA4DA}.Release|Win32.ActiveCfg = Release|Win32
		{D713698D-03E9-4D22-AB0F-66844CAAA4DA}.Release|Win32.Build.0 = Release|Win32
		{D713698D-03E9-4D22-AB0F-66844CAAA4DA}.Release|x64.ActiveCfg = Release|x64
		{D713698D-03E9-4D22-AB0F-66844CAAA4DA}.Release|x64.Build.0 = Release|x64
		{D713698D-03E9-4D22-AB0F-66844CAAA4DA}.ReleaseLinux|Win32.ActiveCfg = Release|x64
		{D713698D-03E9-4D22-AB0F-66844CAAA4DA}.ReleaseLinux|x64.ActiveCfg = Release|x64
		{D713698D-03E9-4D22-AB0F-66844CAAA4DA}.ReleaseLinux|x64.Build.0 = Release|x64
		{09185B07-D49C-4E37-ABF9-1EDBAC7C1F05}.Debug|Win32.ActiveCfg = Debug|Win32
		{09185B07-D49C-4E37-ABF9-1EDBAC7C1F05}.Debug|Win32.Build.0 = Debug|Win32
		{09185B07-D49C-4E37-ABF9-1EDBAC7C1F05}.Debug|x64.ActiveCfg = Debug|x64
		{09185B07-D49C-4E37-ABF9-1EDBAC7C1F05}.Debug|x64.Build.0 = Debug|x64
		{09185B07-D49C-4E37-ABF9-1EDBAC7C1F05}.Release|Win32.ActiveCfg = Release|Win32
		{09185B07-D49C-4E37-ABF9-1EDBAC7C1F05}.Release|Win32.Build.0 = Release|Win32
		{09185B07-D49C-4E37-ABF9-1EDBAC7C1F05}.Release|x64.ActiveCfg = Release|x64
		{09185B07-D49C-4E37-ABF9-1EDBAC7C1F05}.Release|x64.Build.0 = Release|x64
		{09185B07-D49C-4E37-ABF9-1EDBAC7C1F05}.ReleaseLinux|Win32.ActiveCfg = Release|x64
		{09185B07-D49C-4E37-ABF9-1EDBAC7C1F05}.ReleaseLinux|x64.ActiveCfg = Release|x64
		{09185B07-D49C-4E37-ABF9-1EDBAC7C1F05}.ReleaseLinux|x64.Build.0 = Release|x64
		{0CCB0027-F740-464C-BF20-BB27CAAF9BA2}.Debug|Win32.ActiveCfg = Debug|Win32
		{0CCB0027-F740-464C-BF20-BB27CAAF9BA2}.Debug|Win32.Build.0 = Debug|Win32
		{0CCB0027-F740-464C-BF20-BB27CAAF9BA2}.Debug|x64.ActiveCfg = Debug|x64
		{0CCB0027-F740-464C-BF20-BB27CAAF9BA2}.Debug|x64.Build.0 = Debug|x64
		{0CCB0027-F740-464C-BF20-BB27CAAF9BA2}.Release|Win32.ActiveCfg = Release|Win32
		{0CCB0027-F740-464C-BF20-BB27CAAF9BA2}.Release|Win32.Build.0 = Release|Win32
		{0CCB0027-F740-464C-BF20-BB27CAAF9BA2}.Release|x64.ActiveCfg = Release|x64
		{0CCB0027-F740-464C-BF20-BB27CAAF9BA2}.Release|x64.Build.0 = Release|x64
		{0CCB0027-F740-464C-BF20-BB27CAAF9BA2}.ReleaseLinux|Win32.ActiveCfg = Release|x64
		{0CCB0027-F740-464C-BF20-BB27CAAF9BA2}.ReleaseLinux|x64.ActiveCfg = Release|x64
		{0CCB0027-F740-464C-BF20-BB27CAAF9BA2}.ReleaseLinux|x64.Build.0 = Release|x64
		{B8F896FD-369E-4B7D-9162-E1CA5C32DC4C}.Debug|Win32.ActiveCfg = Debug|Win32
		{B8F896FD-369E-4B7D-9162-E1CA5C32DC4C}.Debug|Win32.Build.0 = Debug|Win32
		{B8F896FD-369E-4B7D-9162-E1CA5C32DC4C}.Debug|x64.ActiveCfg = Debug|x64
		{B8F896FD-369E-4B7D-9162-E1CA5C32DC4C}.Debug|x64.Build.0 = Debug|x64
		{B8F896FD-369E-4B7D-9162-E1CA5C32DC4C}.Release|Win32.ActiveCfg = Release|Win32
		{B8F896FD-369E-4B7D-9162-E1CA5C32DC4C}.Release|Win32.Build.0 = Release|Win32
		{B8F896FD-369E-4B7D-9162-E1CA5C32DC4C}.Release|x64.ActiveCfg = Release|x64
		{B8F896FD-369E-4B7D-9162-E1CA5C32DC4C}.Release|x64.Build.0 = Release|x64
		{B8F896FD-369E-4B7D-9162-E1CA5C32DC4C}.ReleaseLinux|Win32.ActiveCfg = Release|x64
		{B8F896FD-369E-4B7D-9162-E1CA5C32DC4C}.ReleaseLinux|x64.ActiveCfg = Release|x64
		{B8F896FD-369E-4B7D-9162-E1CA5C32DC4C}.ReleaseLinux|x64.Build.0 = Release|x64
		{417E211B-12B7-4985-9F43-1B094B349B48}.Debug|Win32.ActiveCfg = Debug|Win32
		{417E211B-12B7-4985-9F43-1B094B349B48}.Debug|Win32.Build.0 = Debug|Win32
		{417E211B-12B7-4985-9F43-1B094B349B48}.Debug|x64.ActiveCfg = Debug|x64
		{417E211B-12B7-4985-9F43-1B094B349B48}.Debug|x64.Build.0 = Debug|x64
		{417E211B-12B7-4985-9F43-1B094B349B48}.Release|Win32.ActiveCfg = Release|Win32
		{417E211B-12B7-4985-9F43-1B094B349B48}.Release|Win32.Build.0 = Release|Win32
		{417E211B-12B7-4985-9F43-1B094B349B48}.Release|x64.ActiveCfg = Release|x64
		{417E211B-12B7-4985-9F43-1B094B349B48}.Release|x64.Build.0 = Release|x64
		{417E211B-12B7-4985-9F43-1B094B349B48}.ReleaseLinux|Win32.ActiveCfg = Release|x64
		{417E211B-12B7-4985-9F43-1B094B349B48}.ReleaseLinux|x64.ActiveCfg = Release|x64
		{417E211B-12B7-4985-9F43-1B094B349B48}.ReleaseLinux|x64.Build.0 = Release|x64
		{3B17B7CB-A760-4033-BB91-2F82EBA8BB35}.Debug|Win32.ActiveCfg = Debug|Win32
		{3B17B7CB-A760-4033-BB91-2F82EBA8BB35}.Debug|Win32.Build.0 = Debug|Win32
		{3B17B7CB-A760-4033-BB91-2F82EBA8BB35}.Debug|x64.ActiveCfg = Debug|x64
		{3B17B7CB-A760-4033-BB91-2F82EBA8BB35}.Debug|x64.Build.0 = Debug|x64
		{3B17B7CB-A760-4033-BB91-2F82EBA8BB35}.Release|Win32.ActiveCfg = Release|Win32
		{3B17B7CB-A760-4033-BB91-2F82EBA8BB35}.Release|Win32.Build.0 = Release|Win32
		{3B17B7CB-A760-4033-BB91-2F82EBA8BB35}.Release|x64.ActiveCfg = Release|x64
		{3B17B7CB-A760-4033-BB91-2F82EBA8BB35}.Release|x64.Build.0 = Release|x64
		{3B17B7CB-A760-4033-BB91-2F82EBA8BB35}.ReleaseLinux|Win32.ActiveCfg = Release|x64
		{3B17B7CB-A760-4033-BB91-2F82EBA8BB35}.ReleaseLinux|x64.ActiveCfg = Release|x64
		{3B17B7CB-A760-4033-BB91-2F82EBA8BB35}.ReleaseLinux|x64.Build.0 = Release|x64
		{1C5BADAD-5297-4101-847F-12CC4F66FD91}.Debug|Win32.ActiveCfg = Debug|Win32
		{1C5BADAD-5297-4101-847F-12CC4F66FD91}.Debug|Win32.Build.0 = Debug|Win32
		{1C5BADAD-5297-4101-847F-12CC4F66FD91}.Debug|x64.ActiveCfg = Debug|x64
		{1C5BADAD-5297-4101-847F-12CC4F66FD91}.Debug|x64.Build.0 = Debug|x64
		{1C5BADAD-5297-4101-847F-12CC4F66FD91}.Release|Win32.ActiveCfg = Release|Win32
		{1C5BADAD-5297-4101-847F-12CC4F66FD91}.Release|Win32.Build.0 = Release|Win32
		{1C5BADAD-5297-4101-847F-12CC4F66FD91}.Release|x64.ActiveCfg = Release|x64
		{1C5BADAD-5297-4101-847F-12CC4F66FD91}.Release|x64.Build.0 = Release|x64
		{1C5BADAD-5297-4101-847F-12CC4F66FD91}.ReleaseLinux|Win32.ActiveCfg = Release|x64
		{1C5BADAD-5297-4101-847F-12CC4F66FD91}.ReleaseLinux|x64.ActiveCfg = Release|x64
		{1C5BADAD-5297-4101-847F-12CC4F66FD91}.ReleaseLinux|x64.Build.0 = Release|x64
		{F785C406-E8D3-4033-AAB9-BED98DACC35E}.Debug|Win32.ActiveCfg = Debug|Win32
		{F785C406-E8D3-4033-AAB9-BED98DACC35E}.Debug|Win32.Build.0 = Debug|Win32
		{F785C406-E8D3-4033-AAB9-BED98DACC35E}.Debug|x64.ActiveCfg = Debug|x64
		{F785C406-E8D3-4033-AAB9-BED98DACC35E}.Debug|x64.Build.0 = Debug|x64
		{F785C406-E8D3-4033-AAB9-BED98DACC35E}.Release|Win32.ActiveCfg = Release|Win32
		{F785C406-E8D3-4033-AAB9-BED98DACC35E}.Release|Win32.Build.0 = Release|Win32
		{F785C406-E8D3-4033-AAB9-BED98DACC35E}.Release|x64.ActiveCfg = Release|x64
		{F785C406-E8D3-4033-AAB9-BED98DACC35E}.Release|x64.Build.0 = Release|x64
		{F785C406-E8D3-4033-AAB9-BED98DACC35E}.ReleaseLinux|Win32.ActiveCfg = Release|x64
		{F785C406-E8D3-4033-AAB9-BED98DACC35E}.ReleaseLinux|x64.ActiveCfg = Release|x64
		{F785C406-E8D3-4033-AAB9-BED98DACC35E}.ReleaseLinux|x64.Build.0 = Release|x64
		{647AF189-BBAD-4BB5-A27B-D9FB1AC61186}.Debug|Win32.ActiveCfg = Debug|Win32
		{647AF189-BBAD-4BB5-A27B-D9FB1AC61186}.Debug|Win32.Build.0 = Debug|Win32
		{647AF189-BBAD-4BB5-A27B-D9FB1AC61186}.Debug|x64.ActiveCfg = Debug|x64
		{647AF189-BBAD-4BB5-A27B-D9FB1AC61186}.Debug|x64.Build.0 = Debug|x64
		{647AF189-BBAD-4BB5-A27B-D9FB1AC61186}.Release|Win32.ActiveCfg = Release|Win32
		{647AF189-BBAD-4BB5-A27B-D9FB1AC61186}.Release|Win32.Build.0 = Release|Win32
		{647AF189-BBAD-4BB5-A27B-D9FB1AC61186}.Release|x64.ActiveCfg = Release|x64
		{647AF189-BBAD-4BB5-A27B-D9FB1AC61186}.Release|x64.Build.0 = Release|x64
		{647AF189-BBAD-4BB5-A27B-D9FB1AC61186}.ReleaseLinux|Win32.ActiveCfg = Release|x64
		{647AF189-BBAD-4BB5-A27B-D9FB1AC61186}.ReleaseLinux|x64.ActiveCfg = Release|x64
		{647AF189-BBAD-4BB5-A27B-D9FB1AC61186}.ReleaseLinux|x64.Build.0 = Release|x64
		{E0FF5D56-6BC9-4298-8449-B9650E5F37C2}.Debug|Win32.ActiveCfg = Debug|Win32
		{E0FF5D56-6BC9-4298-8449-B9650E5F37C2}.Debug|Win32.Build.0 = Debug|Win32
		{E0FF5D56-6BC9-4298-8449-B9650E5F37C2}.Debug|x64.ActiveCfg = Debug|x64
		{E0FF5D56-6BC9-4298-8449-B9650E5F37C2}.Debug|x64.Build.0 = Debug|x64
		{E0FF5D56-6BC9-4298-8449-B9650E5F37C2}.Release|Win32.ActiveCfg = Release|Win32
		{E0FF5D56-6BC9-4298-8449-B9650E5F37C2}.Release|Win32.Build.0 = Release|Win32
		{E0FF5D56-6BC9-4298-8449-B9650E5F37C2}.Release|x64.ActiveCfg = Release|x64
		{E0FF5D56-6BC9-4298-8449-B9650E5F37C2}.Release|x64.Build.0 = Release|x64
		{E0FF5D56-6BC9-4298-8449-B9650E5F37C2}.ReleaseLinux|Win32.ActiveCfg = Release|x64
		{E0FF5D56-6BC9-4298-8449-B9650E5F37C2}.ReleaseLinux|x64.ActiveCfg = Release|x64
		{E0FF5D56-6BC9-4298-8449-B9650E5F37C2}.ReleaseLinux|x64.Build.0 = Release|x64
		{65AC642F-8A62-4CDB-A433-74BE26376764}.Debug|Win32.ActiveCfg = Debug|Win32
		{65AC642F-8A62-4CDB-A433-74BE26376764}.Debug|Win32.Build.0 = Debug|Win32
		{65AC642F-8A62-4CDB-A433-74BE26376764}.Debug|x64.ActiveCfg = Debug|x64
		{65AC642F-8A62-4CDB-A433-74BE26376764}.Debug|x64.Build.0 = Debug|x64
		{65AC642F-8A62-4CDB-A433-74BE26376764}.Release|Win32.ActiveCfg = Release|Win32
		{65AC642F-8A62-4CDB-A433-74BE26376764}.Release|Win32.Build.0 = Release|Win32
		{65AC642F-8A62-4CDB-A433-74BE26376764}.Release|x64.ActiveCfg = Release|x64
		{65AC642F-8A62-4CDB-A433-74BE26376764}.Release|x64.Build.0 = Release|x64
		{65AC642F-8A62-4CDB-A433-74BE26376764}.ReleaseLinux|Win32.ActiveCfg = Release|x64
		{65AC642F-8A62-4CDB-A433-74BE26376764}.ReleaseLinux|x64.ActiveCfg = Release|x64
		{65AC642F-8A62-4CDB-A433-74BE26376764}.ReleaseLinux|x64.Build.0 = Release|x64
		{CFF34A42-B324-4342-BEDB-6A072B0BB078}.Debug|Win32.ActiveCfg = Debug|Win32
		{CFF34A42-B324-4342-BEDB-6A072B0BB078}.Debug|Win32.Build.0 = Debug|Win32
		{CFF34A42-B324-4342-BEDB-6A072B0BB078}.Debug|x64.ActiveCfg = Debug|x64
		{CFF34A42-B324-4342-BEDB-6A072B0BB078}.Debug|x64.Build.0 = Debug|x64
		{CFF34A42-B324-4342-BEDB-6A072B0BB078}.Release|Win32.ActiveCfg = Release|Win32
		{CFF34A42-B324-4342-BEDB-6A072B0BB078}.Release|Win32.Build.0 = Release|Win32
		{CFF34A42-B324-4342-BEDB-6A072B0BB078}.Release|x64.ActiveCfg = Release|x64
		{CFF34A42-B324-4342-BEDB-6A072B0BB078}.Release|x64.Build.0 = Release|x64
		{CFF34A42-B324-4342-BEDB-6A072B0BB078}.ReleaseLinux|Win32.ActiveCfg = Release|x64
		{CFF34A42-B324-4342-BEDB-6A072B0BB078}.ReleaseLinux|x64.ActiveCfg = Release|x64
		{CFF34A42-B324-4342-BEDB-6A072B0BB078}.ReleaseLinux|x64.Build.0 = Release|x64
		{CEF8E242-3AB9-49A5-AD7D-7B9EB3EE4C08}.Debug|Win32.ActiveCfg = Debug|Win32
		{CEF8E242-3AB9-49A5-AD7D-7B9EB3EE4C08}.Debug|Win32.Build.0 = Debug|Win32
		{CEF8E242-3AB9-49A5-AD7D-7B9EB3EE4C08}.Debug|x64.ActiveCfg = Debug|x64
		{CEF8E242-3AB9-49A5-AD7D-7B9EB3EE4C08}.Debug|x64.Build.0 = Debug|x64
		{CEF8E242-3AB9-49A5-AD7D-7B9EB3EE4C08}.Release|Win32.ActiveCfg = Release|Win32
		{CEF8E242-3AB9-49A5-AD7D-7B9EB3EE4C08}.Release|Win32.Build.0 = Release|Win32
		{CEF8E242-3AB9-49A5-AD7D-7B9EB3EE4C08}.Release|x64.ActiveCfg = Release|x64
		{CEF8E242-3AB9-49A5-AD7D-7B9EB3EE4C08}.Release|x64.Build.0 = Release|x64
		{CEF8E242-3AB9-49A5-AD7D-7B9EB3EE4C08}.ReleaseLinux|Win32.ActiveCfg = Release|x64
		{CEF8E242-3AB9-49A5-AD7D-7B9EB3EE4C08}.ReleaseLinux|x64.ActiveCfg = Release|x64
		{CEF8E242-3AB9-49A5-AD7D-7B9EB3EE4C08}.ReleaseLinux|x64.Build.0 = Release|x64
		{77BB1CF0-ACE6-4482-BF2B-D47B7FC1D125}.Debug|Win32.ActiveCfg = Debug|Win32
		{77BB1CF0-ACE6-4482-BF2B-D47B7FC1D125}.Debug|Win32.Build.0 = Debug|Win32
		{77BB1CF0-ACE6-4482-BF2B-D47B7FC1D125}.Debug|x64.ActiveCfg = Debug|x64
		{77BB1CF0-ACE6-4482-BF2B-D47B7FC1D125}.Debug|x64.Build.0 = Debug|x64
		{77BB1CF0-ACE6-4482-BF2B-D47B7FC1D125}.Release|Win32.ActiveCfg = Release|Win32
		{77BB1CF0-ACE6-4482-BF2B-D47B7FC1D125}.Release|Win32.Build.0 = Release|Win32
		{77BB1CF0-ACE6-4482-BF2B-D47B7FC1D125}.Release|x64.ActiveCfg = Release|x64
		{77BB1CF0-ACE6-4482-BF2B-D47B7FC1D125}.Release|x64.Build.0 = Release|x64
		{77BB1CF0-ACE6-4482-BF2B-D47B7FC1D125}.ReleaseLinux|Win32.ActiveCfg = Release|x64
		{77BB1CF0-ACE6-4482-BF2B-D47B7FC1D125}.ReleaseLinux|x64.ActiveCfg = Release|x64
		{77BB1CF0-ACE6-4482-BF2B-D47B7FC1D125}.ReleaseLinux|x64.Build.0 = Release|x64
		{BCBB6A1C-1ECA-42CC-B584-9486FDC49BD2}.Debug|Win32.ActiveCfg = Debug|Win32
		{BCBB6A1C-1ECA-42CC-B584-9486FDC49BD2}.Debug|Win32.Build.0 = Debug|Win32
		{BCBB6A1C-1ECA-42CC-B584-9486FDC49BD2}.Debug|x64.ActiveCfg = Debug|x64
		{BCBB6A1C-1ECA-42CC-B584-9486FDC49BD2}.Debug|x64.Build.0 = Debug|x64
		{BCBB6A1C-1ECA-42CC-B584-9486FDC49BD2}.Release|Win32.ActiveCfg = Release|Win32
		{BCBB6A1C-1ECA-42CC-B584-9486FDC49BD2}.Release|Win32.Build.0 = Release|Win32
		{BCBB6A1C-1ECA-42CC-B584-9486FDC49BD2}.Release|x64.ActiveCfg = Release|x64
		{BCBB6A1C-1ECA-42CC-B584-9486FDC49BD2}.Release|x64.Build.0 = Release|x64
		{BCBB6A1C-1ECA-42CC-B584-9486FDC49BD2}.ReleaseLinux|Win32.ActiveCfg = Release|x64
		{BCBB6A1C-1ECA-42CC-B584-9486FDC49BD2}.ReleaseLinux|x64.ActiveCfg = Release|x64
		{BCBB6A1C-1ECA-42CC-B584-9486FDC49BD2}.ReleaseLinux|x64.Build.0 = Release|x64
		{674A2FA1-AFAE-477F-8C3B-ACEC273A75FA}.Debug|Win32.ActiveCfg = Debug|Win32
		{674A2FA1-AFAE-477F-8C3B-ACEC273A75FA}.Debug|Win32.Build.0 = Debug|Win32
		{674A2FA1-AFAE-477F-8C3B-ACEC273A75FA}.Debug|x64.ActiveCfg = Debug|x64
		{674A2FA1-AFAE-477F-8C3B-ACEC273A75FA}.Debug|x64.Build.0 = Debug|x64
		{674A2FA1-AFAE-477F-8C3B-ACEC273A75FA}.Release|Win32.ActiveCfg = Release|Win32
		{674A2FA1-AFAE-477F-8C3B-ACEC273A75FA}.Release|Win32.Build.0 = Release|Win32
		{674A2FA1-AFAE-477F-8C3B-ACEC273A75FA}.Release|x64.ActiveCfg = Release|x64
		{674A2FA1-AFAE-477F-8C3B-ACEC273A75FA}.Release|x64.Build.0 = Release|x64
		{674A2FA1-AFAE-477F-8C3B-ACEC273A75FA}.ReleaseLinux|Win32.ActiveCfg = Release|x64
		{674A2FA1-AFAE-477F-8C3B-ACEC273A75FA}.ReleaseLinux|x64.ActiveCfg = Release|x64
		{674A2FA1-AFAE-477F-8C3B-ACEC273A75FA}.ReleaseLinux|x64.Build.0 = Release|x64
		{A9436C4A-D1AB-4C3B-A5E6-52A10A3E1762}.Debug|Win32.ActiveCfg = Debug|Win32
		{A9436C4A-D1AB-4C3B-A5E6-52A10A3E1762}.Debug|Win32.Build.0 = Debug|Win32
		{A9436C4A-D1AB-4C3B-A5E6-52A10A3E1762}.Debug|x64.ActiveCfg = Debug|x64
		{A9436C4A-D1AB-4C3B-A5E6-52A10A3E1762}.Debug|x64.Build.0 = Debug|x64
		{A9436C4A-D1AB-4C3B-A5E6-52A10A3E1762}.Release|Win32.ActiveCfg = Release|Win32
		{A9436C4A-D1AB-4C3B-A5E6-52A10A3E1762}.Release|Win32.Build.0 = Release|Win32
		{A9436C4A-D1AB-4C3B-A5E6-52A10A3E1762}.Release|x64.ActiveCfg = Release|x64
		{A9436C4A-D1AB-4C3B-A5E6-52A10A3E1762}.Release|x64.Build.0 = Release|x64
		{A9436C4A-D1AB-4C3B-A5E6-52A10A3E1762}.ReleaseLinux|Win32.ActiveCfg = Release|x64
		{A9436C4A-D1AB-4C3B-A5E6-52A10A3E1762}.ReleaseLinux|x64.ActiveCfg = Release|x64
		{A9436C4A-D1AB-4C3B-A5E6-52A10A3E1762}.ReleaseLinux|x64.Build.0 = Release|x64
		{64212828-F13B-44E3-977A-62E44BF082EA}.Debug|Win32.ActiveCfg = Debug|Win32
		{64212828-F13B-44E3-977A-62E44BF082EA}.Debug|Win32.Build.0 = Debug|Win32
		{64212828-F13B-44E3-977A-62E44BF082EA}.Debug|x64.ActiveCfg = Debug|x64
		{64212828-F13B-44E3-977A-62E44BF082EA}.Debug|x64.Build.0 = Debug|x64
		{64212828-F13B-44E3-977A-62E44BF082EA}.Release|Win32.ActiveCfg = Release|Win32
		{64212828-F13B-44E3-977A-62E44BF082EA}.Release|Win32.Build.0 = Release|Win32
		{64212828-F13B-44E3-977A-62E44BF082EA}.Release|x64.ActiveCfg = Release|x64
		{64212828-F13B-44E3-977A-62E44BF082EA}.Release|x64.Build.0 = Release|x64
		{64212828-F13B-44E3-977A-62E44BF082EA}.ReleaseLinux|Win32.ActiveCfg = Release|x64
		{64212828-F13B-44E3-977A-62E44BF082EA}.ReleaseLinux|x64.ActiveCfg = Release|x64
		{64212828-F13B-44E3-977A-62E44BF082EA}.ReleaseLinux|x64.Build.0 = Release|x64
		{D052E1AE-549F-49CA-B9D8-2B9776FCB902}.Debug|Win32.ActiveCfg = Debug|Win32
		{D052E1AE-549F-49CA-B9D8-2B9776FCB902}.Debug|Win32.Build.0 = Debug|Win32
		{D052E1AE-549F-49CA-B9D8-2B9776FCB902}.Debug|x64.ActiveCfg = Debug|x64
		{D052E1AE-549F-49CA-B9D8-2B9776FCB902}.Debug|x64.Build.0 = Debug|x64
		{D052E1AE-549F-49CA-B9D8-2B9776FCB902}.Release|Win32.ActiveCfg = Release|Win32
		{D052E1AE-549F-49CA-B9D8-2B9776FCB902}.Release|Win32.Build.0 = Release|Win32
		{D052E1AE-549F-49CA-B9D8-2B9776FCB902}.Release|x64.ActiveCfg = Release|x64
		{D052E1AE-549F-49CA-B9D8-2B9776FCB902}.Release|x64.Build.0 = Release|x64
		{D052E1AE-549F-49CA-B9D8-2B9776FCB902}.ReleaseLinux|Win32.ActiveCfg = Release|x64
		{D052E1AE-549F-49CA-B9D8-2B9776FCB902}.ReleaseLinux|x64.ActiveCfg = Release|x64
		{D052E1AE-549F-49CA-B9D8-2B9776FCB902}.ReleaseLinux|x64.Build.0 = Release|x64
		{9EB3B0C0-7EC0-4A6A-9C77-1A17135F9BFC}.Debug|Win32.ActiveCfg = Debug|Win32
		{9EB3B0C0-7EC0-4A6A-9C77-1A17135F9BFC}.Debug|Win32.Build.0 = Debug|Win32
		{9EB3B0C0-7EC0-4A6A-9C77-1A17135F9BFC}.Debug|x64.ActiveCfg = Debug|x64
		{9EB3B0C0-7EC0-4A6A-9C77-1A17135F9BFC}.Debug|x64.Build.0 = Debug|x64
		{9EB3B0C0-7EC0-4A6A-9C77-1A17135F9BFC}.Release|Win32.ActiveCfg = Release|Win32
		{9EB3B0C0-7EC0-4A6A-9C77-1A17135F9BFC}.Release|Win32.Build.0 = Release|Win32
		{9EB3B0C0-7EC0-4A6A-9C77-1A17135F9BFC}.Release|x64.ActiveCfg = Release|x64
		{9EB3B0C0-7EC0-4A6A-9C77-1A17135F9BFC}.Release|x64.Build.0 = Release|x64
		{9EB3B0C0-7EC0-4A6A-9C77-1A17135F9BFC}.ReleaseLinux|Win32.ActiveCfg = Release|x64
		{9EB3B0C0-7EC0-4A6A-9C77-1A17135F9BFC}.ReleaseLinux|x64.ActiveCfg = Release|x64
		{9EB3B0C0-7EC0-4A6A-9C77-1A17135F9BFC}.ReleaseLinux|x64.Build.0 = Release|x64
		{EE4CADF7-B856-4373-9C84-32233BFB1AE0}.Debug|Win32.ActiveCfg = Debug|Win32
		{EE4CADF7-B856-4373-9C84-32233BFB1AE0}.Debug|Win32.Build.0 = Debug|Win32
		{EE4CADF7-B856-4373-9C84-32233BFB1AE0}.Debug|x64.ActiveCfg = Debug|x64
		{EE4CADF7-B856-4373-9C84-32233BFB1AE0}.Debug|x64.Build.0 = Debug|x64
		{EE4CADF7-B856-4373-9C84-32233BFB1AE0}.Release|Win32.ActiveCfg = Release|Win32
		{EE4CADF7-B856-4373-9C84-32233BFB1AE0}.Release|Win32.Build.0 = Release|Win32
		{EE4CADF7-B856-4373-9C84-32233BFB1AE0}.Release|x64.ActiveCfg = Release|x64
		{EE4CADF7-B856-4373-9C84-32233BFB1AE0}.Release|x64.Build.0 = Release|x64
		{EE4CADF7-B856-4373-9C84-32233BFB1AE0}.ReleaseLinux|Win32.ActiveCfg = Release|x64
		{EE4CADF7-B856-4373-9C84-32233BFB1AE0}.ReleaseLinux|x64.ActiveCfg = Release|x64
		{EE4CADF7-B856-4373-9C84-32233BFB1AE0}.ReleaseLinux|x64.Build.0 = Release|x64
		{3F09F099-4289-4D36-9645-A0A0E0947C16}.Debug|Win32.ActiveCfg = Debug|Win32
		{3F09F099-4289-4D36-9645-A0A0E0947C16}.Debug|Win32.Build.0 = Debug|Win32
		{3F09F099-4289-4D36-9645-A0A0E0947C16}.Debug|x64.ActiveCfg = Debug|x64
		{3F09F099-4289-4D36-9645-A0A0E0947C16}.Debug|x64.Build.0 = Debug|x64
		{3F09F099-4289-4D36-9645-A0A0E0947C16}.Release|Win32.ActiveCfg = Release|Win32
		{3F09F099-4289-4D36-9645-A0A0E0947C16}.Release|Win32.Build.0 = Release|Win32
		{3F09F099-4289-4D36-9645-A0A0E0947C16}.Release|x64.ActiveCfg = Release|x64
		{3F09F099-4289-4D36-9645-A0A0E0947C16}.Release|x64.Build.0 = Release|x64
		{3F09F099-4289-4D36-9645-A0A0E0947C16}.ReleaseLinux|Win32.ActiveCfg = Release|x64
		{3F09F099-4289-4D36-9645-A0A0E0947C16}.ReleaseLinux|x64.ActiveCfg = Release|x64
		{3F09F099-4289-4D36-9645-A0A0E0947C16}.ReleaseLinux|x64.Build.0 = Release|x64
		{C9487DE3-E8D7-4EAC-ADA1-970980D18D22}.Debug|Win32.ActiveCfg = Debug|Win32
		{C9487DE3-E8D7-4EAC-ADA1-970980D18D22}.Debug|Win32.Build.0 = Debug|Win32
		{C9487DE3-E8D7-4EAC-ADA1-970980D18D22}.Debug|x64.ActiveCfg = Debug|x64
		{C9487DE3-E8D7-4EAC-ADA1-970980D18D22}.Debug|x64.Build.0 = Debug|x64
		{C9487DE3-E8D7-4EAC-ADA1-970980D18D22}.Release|Win32.ActiveCfg = Release|Win32
		{C9487DE3-E8D7-4EAC-ADA1-970980D18D22}.Release|Win32.Build.0 = Release|Win32
		{C9487DE3-E8D7-4EAC-ADA1-970980D18D22}.Release|x64.ActiveCfg = Release|x64
		{C9487DE3-E8D7-4EAC-ADA1-970980D18D22}.Release|x64.Build.0 = Release|x64
		{C9487DE3-E8D7-4EAC-ADA1-970980D18D22}.ReleaseLinux|Win32.ActiveCfg = Release|x64
		{C9487DE3-E8D7-4EAC-ADA1-970980D18D22}.ReleaseLinux|x64.ActiveCfg = Release|x64
		{C9487DE3-E8D7-4EAC-ADA1-970980D18D22}.ReleaseLinux|x64.Build.0 = Release|x64
		{13AD47E2-7318-4534-A5B2-E6A37D698F20}.Debug|Win32.ActiveCfg = Debug|Win32
		{13AD47E2-7318-4534-A5B2-E6A37D698F20}.Debug|Win32.Build.0 = Debug|Win32
		{13AD47E2-7318-4534-A5B2-E6A37D698F20}.Debug|x64.ActiveCfg = Debug|x64
		{13AD47E2-7318-4534-A5B2-E6A37D698F20}.Debug|x64.Build.0 = Debug|x64
		{13AD47E2-7318-4534-A5B2-E6A37D698F20}.Release|Win32.ActiveCfg = Release|Win32
		{13AD47E2-7318-4534-A5B2-E6A37D698F20}.Release|Win32.Build.0 = Release|Win32
		{13AD47E2-7318-4534-A5B2-E6A37D698F20}.Release|x64.ActiveCfg = Release|x64
		{13AD47E2-7318-4534-A5B2-E6A37D698F20}.Release|x64.Build.0 = Release|x64
		{13AD47E2-7318-4534-A5B2-E6A37D698F20}.ReleaseLinux|Win32.ActiveCfg = Release|x64
		{13AD47E2-7318-4534-A5B2-E6A37D698F20}.ReleaseLinux|x64.ActiveCfg = Release|x64
		{13AD47E2-7318-4534-A5B2-E6A37D698F20}.ReleaseLinux|x64.Build.0 = Release|x64
		{9DAB51E3-AC7F-4B3B-857A-91259948780C}.Debug|Win32.ActiveCfg = Debug|Win32
		{9DAB51E3-AC7F-4B3B-857A-91259948780C}.Debug|Win32.Build.0 = Debug|Win32
		{9DAB51E3-AC7F-4B3B-857A-91259948780C}.Debug|x64.ActiveCfg = Debug|x64
		{9DAB51E3-AC7F-4B3B-857A-91259948780C}.Debug|x64.Build.0 = Debug|x64
		{9DAB51E3-AC7F-4B3B-857A-91259948780C}.Release|Win32.ActiveCfg = Release|Win32
		{9DAB51E3-AC7F-4B3B-857A-91259948780C}.Release|Win32.Build.0 = Release|Win32
		{9DAB51E3-AC7F-4B3B-857A-91259948780C}.Release|x64.ActiveCfg = Release|x64
		{9DAB51E3-AC7F-4B3B-857A-91259948780C}.Release|x64.Build.0 = Release|x64
		{9DAB51E3-AC7F-4B3B-857A-91259948780C}.ReleaseLinux|Win32.ActiveCfg = Release|x64
		{9DAB51E3-AC7F-4B3B-857A-91259948780C}.ReleaseLinux|x64.ActiveCfg = Release|x64
		{9DAB51E3-AC7F-4B3B-857A-91259948780C}.ReleaseLinux|x64.Build.0 = Release|x64
		{5131A3C9-36CC-4E33-B3C8-E345C34EF82B}.Debug|Win32.ActiveCfg = Debug|Win32
		{5131A3C9-36CC-4E33-B3C8-E345C34EF82B}.Debug|Win32.Build.0 = Debug|Win32
		{5131A3C9-36CC-4E33-B3C8-E345C34EF82B}.Debug|x64.ActiveCfg = Debug|x64
		{5131A3C9-36CC-4E33-B3C8-E345C34EF82B}.Debug|x64.Build.0 = Debug|x64
		{5131A3C9-36CC-4E33-B3C8-E345C34EF82B}.Release|Win32.ActiveCfg = Release|Win32
		{5131A3C9-36CC-4E33-B3C8-E345C34EF82B}.Release|Win32.Build.0 = Release|Win32
		{5131A3C9-36CC-4E33-B3C8-E345C34EF82B}.Release|x64.ActiveCfg = Release|x64
		{5131A3C9-36CC-4E33-B3C8-E345C34EF82B}.Release|x64.Build.0 = Release|x64
		{5131A3C9-36CC-4E33-B3C8-E345C34EF82B}.ReleaseLinux|Win32.ActiveCfg = Release|x64
		{5131A3C9-36CC-4E33-B3C8-E345C34EF82B}.ReleaseLinux|x64.ActiveCfg = Release|x64
		{5131A3C9-36CC-4E33-B3C8-E345C34EF82B}.ReleaseLinux|x64.Build.0 = Release|x64
		{FC70A62C-8865-47F1-9813-FC0A37BFB12A}.Debug|Win32.ActiveCfg = Debug|Win32
		{FC70A62C-8865-47F1-9813-FC0A37BFB12A}.Debug|Win32.Build.0 = Debug|Win32
		{FC70A62C-8865-47F1-9813-FC0A37BFB12A}.Debug|x64.ActiveCfg = Debug|x64
		{FC70A62C-8865-47F1-9813-FC0A37BFB12A}.Debug|x64.Build.0 = Debug|x64
		{FC70A62C-8865-47F1-9813-FC0A37BFB12A}.Release|Win32.ActiveCfg = Release|Win32
		{FC70A62C-8865-47F1-9813-FC0A37BFB12A}.Release|Win32.Build.0 = Release|Win32
		{FC70A62C-8865-47F1-9813-FC0A37BFB12A}.Release|x64.ActiveCfg = Release|x64
		{FC70A62C-8865-47F1-9813-FC0A37BFB12A}.Release|x64.Build.0 = Release|x64
		{FC70A62C-8865-47F1-9813-FC0A37BFB12A}.ReleaseLinux|Win32.ActiveCfg = Release|x64
		{FC70A62C-8865-47F1-9813-FC0A37BFB12A}.ReleaseLinux|x64.ActiveCfg = Release|x64
		{FC70A62C-8865-47F1-9813-FC0A37BFB12A}.ReleaseLinux|x64.Build.0 = Release|x64
		{3F6213F8-892E-4E59-A78A-9830CC77B20A}.Debug|Win32.ActiveCfg = Debug|Win32
		{3F6213F8-892E-4E59-A78A-9830CC77B20A}.Debug|Win32.Build.0 = Debug|Win32
		{3F6213F8-892E-4E59-A78A-9830CC77B20A}.Debug|x64.ActiveCfg = Debug|x64
		{3F6213F8-892E-4E59-A78A-9830CC77B20A}.Debug|x64.Build.0 = Debug|x64
		{3F6213F8-892E-4E59-A78A-9830CC77B20A}.Release|Win32.ActiveCfg = Release|Win32
		{3F6213F8-892E-4E59-A78A-9830CC77B20A}.Release|Win32.Build.0 = Release|Win32
		{3F6213F8-892E-4E59-A78A-9830CC77B20A}.Release|x64.ActiveCfg = Release|x64
		{3F6213F8-892E-4E59-A78A-9830CC77B20A}.Release|x64.Build.0 = Release|x64
		{3F6213F8-892E-4E59-A78A-9830CC77B20A}.ReleaseLinux|Win32.ActiveCfg = Release|x64
		{3F6213F8-892E-4E59-A78A-9830CC77B20A}.ReleaseLinux|x64.ActiveCfg = Release|x64
		{3F6213F8-892E-4E59-A78A-9830CC77B20A}.ReleaseLinux|x64.Build.0 = Release|x64
		{6CA8E5F8-FDBE-495D-99C9-10E37C553CE5}.Debug|Win32.ActiveCfg = Debug|Win32
		{6CA8E5F8-FDBE-495D-99C9-10E37C553CE5}.Debug|Win32.Build.0 = Debug|Win32
		{6CA8E5F8-FDBE-495D-99C9-10E37C553CE5}.Debug|x64.ActiveCfg = Debug|x64
		{6CA8E5F8-FDBE-495D-99C9-10E37C553CE5}.Debug|x64.Build.0 = Debug|x64
		{6CA8E5F8-FDBE-495D-99C9-10E37C553CE5}.Release|Win32.ActiveCfg = Release|Win32
		{6CA8E5F8-FDBE-495D-99C9-10E37C553CE5}.Release|Win32.Build.0 = Release|Win32
		{6CA8E5F8-FDBE-495D-99C9-10E37C553CE5}.Release|x64.ActiveCfg = Release|x64
		{6CA8E5F8-FDBE-495D-99C9-10E37C553CE5}.Release|x64.Build.0 = Release|x64
		{6CA8E5F8-FDBE-495D-99C9-10E37C553CE5}.ReleaseLinux|Win32.ActiveCfg = Release|x64
		{6CA8E5F8-FDBE-495D-99C9-10E37C553CE5}.ReleaseLinux|x64.ActiveCfg = Release|x64
		{6CA8E5F8-FDBE-495D-99C9-10E37C553CE5}.ReleaseLinux|x64.Build.0 = Release|x64
		{A86DA6AD-0D26-46A5-B148-E67AFC7B41F0}.Debug|Win32.ActiveCfg = Debug|Win32
		{A86DA6AD-0D26-46A5-B148-E67AFC7B41F0}.Debug|Win32.Build.0 = Debug|Win32
		{A86DA6AD-0D26-46A5-B148-E67AFC7B41F0}.Debug|x64.ActiveCfg = Debug|x64
		{A86DA6AD-0D26-46A5-B148-E67AFC7B41F0}.Debug|x64.Build.0 = Debug|x64
		{A86DA6AD-0D26-46A5-B148-E67AFC7B41F0}.Release|Win32.ActiveCfg = Release|Win32
		{A86DA6AD-0D26-46A5-B148-E67AFC7B41F0}.Release|Win32.Build.0 = Release|Win32
		{A86DA6AD-0D26-46A5-B148-E67AFC7B41F0}.Release|x64.ActiveCfg = Release|x64
		{A86DA6AD-0D26-46A5-B148-E67AFC7B41F0}.Release|x64.Build.0 = Release|x64
		{A86DA6AD-0D26-46A5-B148-E67AFC7B41F0}.ReleaseLinux|Win32.ActiveCfg = Release|x64
		{A86DA6AD-0D26-46A5-B148-E67AFC7B41F0}.ReleaseLinux|x64.ActiveCfg = Release|x64
		{A86DA6AD-0D26-46A5-B148-E67AFC7B41F0}.ReleaseLinux|x64.Build.0 = Release|x64
		{1140C9BF-36B4-4B8E-A5A5-95C24B7478BC}.Debug|Win32.ActiveCfg = Debug|Win32
		{1140C9BF-36B4-4B8E-A5A5-95C24B7478BC}.Debug|Win32.Build.0 = Debug|Win32
		{1140C9BF-36B4-4B8E-A5A5-95C24B7478BC}.Debug|x64.ActiveCfg = Debug|x64
		{1140C9BF-36B4-4B8E-A5A5-95C24B7478BC}.Debug|x64.Build.0 = Debug|x64
		{1140C9BF-36B4-4B8E-A5A5-95C24B7478BC}.Release|Win32.ActiveCfg = Release|Win32
		{1140C9BF-36B4-4B8E-A5A5-95C24B7478BC}.Release|Win32.Build.0 = Release|Win32
		{1140C9BF-36B4-4B8E-A5A5-95C24B7478BC}.Release|x64.ActiveCfg = Release|x64
		{1140C9BF-36B4-4B8E-A5A5-95C24B7478BC}.Release|x64.Build.0 = Release|x64
		{1140C9BF-36B4-4B8E-A5A5-95C24B7478BC}.ReleaseLinux|Win32.ActiveCfg = Release|x64
		{1140C9BF-36B4-4B8E-A5A5-95C24B7478BC}.ReleaseLinux|x64.ActiveCfg = Release|x64
		{1140C9BF-36B4-4B8E-A5A5-95C24B7478BC}.ReleaseLinux|x64.Build.0 = Release|x64
		{6DAEEC9B-F9FA-4368-BE81-9D0CCC2296E1}.Debug|Win32.ActiveCfg = Debug|Win32
		{6DAEEC9B-F9FA-4368-BE81-9D0CCC2296E1}.Debug|Win32.Build.0 = Debug|Win32
		{6DAEEC9B-F9FA-4368-BE81-9D0CCC2296E1}.Debug|x64.ActiveCfg = Debug|x64
		{6DAEEC9B-F9FA-4368-BE81-9D0CCC2296E1}.Debug|x64.Build.0 = Debug|x64
		{6DAEEC9B-F9FA-4368-BE81-9D0CCC2296E1}.Release|Win32.ActiveCfg = Release|Win32
		{6DAEEC9B-F9FA-4368-BE81-9D0CCC2296E1}.Release|Win32.Build.0 = Release|Win32
		{6DAEEC9B-F9FA-4368-BE81-9D0CCC2296E1}.Release|x64.ActiveCfg = Release|x64
		{6DAEEC9B-F9FA-4368-BE81-9D0CCC2296E1}.Release|x64.Build.0 = Release|x64
		{6DAEEC9B-F9FA-4368-BE81-9D0CCC2296E1}.ReleaseLinux|Win32.ActiveCfg = Release|x64
		{6DAEEC9B-F9FA-4368-BE81-9D0CCC2296E1}.ReleaseLinux|x64.ActiveCfg = Release|x64
		{6DAEEC9B-F9FA-4368-BE81-9D0CCC2296E1}.ReleaseLinux|x64.Build.0 = Release|x64
		{B2326F80-EEF3-4510-885A-2A7AD410C4B9}.Debug|Win32.ActiveCfg = Debug|Win32
		{B2326F80-EEF3-4510-885A-2A7AD410C4B9}.Debug|Win32.Build.0 = Debug|Win32
		{B2326F80-EEF3-4510-885A-2A7AD410C4B9}.Debug|x64.ActiveCfg = Debug|x64
		{B2326F80-EEF3-4510-885A-2A7AD410C4B9}.Debug|x64.Build.0 = Debug|x64
		{B2326F80-EEF3-4510-885A-2A7AD410C4B9}.Release|Win32.ActiveCfg = Release|Win32
		{B2326F80-EEF3-4510-885A-2A7AD410C4B9}.Release|Win32.Build.0 = Release|Win32
		{B2326F80-EEF3-4510-885A-2A7AD410C4B9}.Release|x64.ActiveCfg = Release|x64
		{B2326F80-EEF3-4510-885A-2A7AD410C4B9}.Release|x64.Build.0 = Release|x64
		{B2326F80-EEF3-4510-885A-2A7AD410C4B9}.ReleaseLinux|Win32.ActiveCfg = Release|x64
		{B2326F80-EEF3-4510-885A-2A7AD410C4B9}.ReleaseLinux|x64.ActiveCfg = Release|x64
		{B2326F80-EEF3-4510-885A-2A7AD410C4B9}.ReleaseLinux|x64.Build.0 = Release|x64
		{80510366-9017-4844-B5C6-815001D40651}.Debug|Win32.ActiveCfg = Debug|Win32
		{80510366-9017-4844-B5C6-815001D40651}.Debug|Win32.Build.0 = Debug|Win32
		{80510366-9017-4844-B5C6-815001D40651}.Debug|x64.ActiveCfg = Debug|x64
		{80510366-9017-4844-B5C6-815001D40651}.Debug|x64.Build.0 = Debug|x64
		{80510366-9017-4844-B5C6-815001D40651}.Release|Win32.ActiveCfg = Release|Win32
		{80510366-9017-4844-B5C6-815001D40651}.Release|Win32.Build.0 = Release|Win32
		{80510366-9017-4844-B5C6-815001D40651}.Release|x64.ActiveCfg = Release|x64
		{80510366-9017-4844-B5C6-815001D40651}.Release|x64.Build.0 = Release|x64
		{80510366-9017-4844-B5C6-815001D40651}.ReleaseLinux|Win32.ActiveCfg = Release|x64
		{80510366-9017-4844-B5C6-815001D40651}.ReleaseLinux|x64.ActiveCfg = Release|x64
		{80510366-9017-4844-B5C6-815001D40651}.ReleaseLinux|x64.Build.0 = Release|x64
		{476A91B2-D6D6-4401-9FCF-024CDBBA9986}.Debug|Win32.ActiveCfg = Debug|Win32
		{476A91B2-D6D6-4401-9FCF-024CDBBA9986}.Debug|Win32.Build.0 = Debug|Win32
		{476A91B2-D6D6-4401-9FCF-024CDBBA9986}.Debug|x64.ActiveCfg = Debug|x64
		{476A91B2-D6D6-4401-9FCF-024CDBBA9986}.Debug|x64.Build.0 = Debug|x64
		{476A91B2-D6D6-4401-9FCF-024CDBBA9986}.Release|Win32.ActiveCfg = Release|Win32
		{476A91B2-D6D6-4401-9FCF-024CDBBA9986}.Release|Win32.Build.0 = Release|Win32
		{476A91B2-D6D6-4401-9FCF-024CDBBA9986}.Release|x64.ActiveCfg = Release|x64
		{476A91B2-D6D6-4401-9FCF-024CDBBA9986}.Release|x64.Build.0 = Release|x64
		{476A91B2-D6D6-4401-9FCF-024CDBBA9986}.ReleaseLinux|Win32.ActiveCfg = Release|x64
		{476A91B2-D6D6-4401-9FCF-024CDBBA9986}.ReleaseLinux|x64.ActiveCfg = Release|x64
		{476A91B2-D6D6-4401-9FCF-024CDBBA9986}.ReleaseLinux|x64.Build.0 = Release|x64
		{A18AEB9E-FC84-41CF-BCBF-D7BC02A8229A}.Debug|Win32.ActiveCfg = Debug|Win32
		{A18AEB9E-FC84-41CF-BCBF-D7BC02A8229A}.Debug|Win32.Build.0 = Debug|Win32
		{A18AEB9E-FC84-41CF-BCBF-D7BC02A8229A}.Debug|x64.ActiveCfg = Debug|x64
		{A18AEB9E-FC84-41CF-BCBF-D7BC02A8229A}.Debug|x64.Build.0 = Debug|x64
		{A18AEB9E-FC84-41CF-BCBF-D7BC02A8229A}.Release|Win32.ActiveCfg = Release|Win32
		{A18AEB9E-FC84-41CF-BCBF-D7BC02A8229A}.Release|Win32.Build.0 = Release|Win32
		{A18AEB9E-FC84-41CF-BCBF-D7BC02A8229A}.Release|x64.ActiveCfg = Release|x64
		{A18AEB9E-FC84-41CF-BCBF-D7BC02A8229A}.Release|x64.Build.0 = Release|x64
		{A18AEB9E-FC84-41CF-BCBF-D7BC02A8229A}.ReleaseLinux|Win32.ActiveCfg = Release|x64
		{A18AEB9E-FC84-41CF-BCBF-D7BC02A8229A}.ReleaseLinux|x64.ActiveCfg = Release|x64
		{A18AEB9E-FC84-41CF-BCBF-D7BC02A8229A}.ReleaseLinux|x64.Build.0 = Release|x64
		{2CF4A071-1203-4BF8-B3D8-4055DB105145}.Debug|Win32.ActiveCfg = Debug|Win32
		{2CF4A071-1203-4BF8-B3D8-4055DB105145}.Debug|Win32.Build.0 = Debug|Win32
		{2CF4A071-1203-4BF8-B3D8-4055DB105145}.Debug|x64.ActiveCfg = Debug|x64
		{2CF4A071-1203-4BF8-B3D8-4055DB105145}.Debug|x64.Build.0 = Debug|x64
		{2CF4A071-1203-4BF8-B3D8-4055DB105145}.Release|Win32.ActiveCfg = Release|Win32
		{2CF4A071-1203-4BF8-B3D8-4055DB105145}.Release|Win32.Build.0 = Release|Win32
		{2CF4A071-1203-4BF8-B3D8-4055DB105145}.Release|x64.ActiveCfg = Release|x64
		{2CF4A071-1203-4BF8-B3D8-4055DB105145}.Release|x64.Build.0 = Release|x64
		{2CF4A071-1203-4BF8-B3D8-4055DB105145}.ReleaseLinux|Win32.ActiveCfg = Release|x64
		{2CF4A071-1203-4BF8-B3D8-4055DB105145}.ReleaseLinux|x64.ActiveCfg = Release|x64
		{2CF4A071-1203-4BF8-B3D8-4055DB105145}.ReleaseLinux|x64.Build.0 = Release|x64
		{1D0242A2-784A-4BBF-BAD6-A275905C14DA}.Debug|Win32.ActiveCfg = Debug|Win32
		{1D0242A2-784A-4BBF-BAD6-A275905C14DA}.Debug|Win32.Build.0 = Debug|Win32
		{1D0242A2-784A-4BBF-BAD6-A275905C14DA}.Debug|x64.ActiveCfg = Debug|x64
		{1D0242A2-784A-4BBF-BAD6-A275905C14DA}.Debug|x64.Build.0 = Debug|x64
		{1D0242A2-784A-4BBF-BAD6-A275905C14DA}.Release|Win32.ActiveCfg = Release|Win32
		{1D0242A2-784A-4BBF-BAD6-A275905C14DA}.Release|Win32.Build.0 = Release|Win32
		{1D0242A2-784A-4BBF-BAD6-A275905C14DA}.Release|x64.ActiveCfg = Release|x64
		{1D0242A2-784A-4BBF-BAD6-A275905C14DA}.Release|x64.Build.0 = Release|x64
		{1D0242A2-784A-4BBF-BAD6-A275905C14DA}.ReleaseLinux|Win32.ActiveCfg = Release|x64
		{1D0242A2-784A-4BBF-BAD6-A275905C14DA}.ReleaseLinux|x64.ActiveCfg = Release|x64
		{1D0242A2-784A-4BBF-BAD6-A275905C14DA}.ReleaseLinux|x64.Build.0 = Release|x64
		{529D5205-6657-4C89-83A7-93046BD4A529}.Debug|Win32.ActiveCfg = Debug|Win32
		{529D5205-6657-4C89-83A7-93046BD4A529}.Debug|Win32.Build.0 = Debug|Win32
		{529D5205-6657-4C89-83A7-93046BD4A529}.Debug|x64.ActiveCfg = Debug|x64
		{529D5205-6657-4C89-83A7-93046BD4A529}.Debug|x64.Build.0 = Debug|x64
		{529D5205-6657-4C89-83A7-93046BD4A529}.Release|Win32.ActiveCfg = Release|Win32
		{529D5205-6657-4C89-83A7-93046BD4A529}.Release|Win32.Build.0 = Release|Win32
		{529D5205-6657-4C89-83A7-93046BD4A529}.Release|x64.ActiveCfg = Release|x64
		{529D5205-6657-4C89-83A7-93046BD4A529}.Release|x64.Build.0 = Release|x64
		{529D5205-6657-4C89-83A7-93046BD4A529}.ReleaseLinux|Win32.ActiveCfg = Release|x64
		{529D5205-6657-4C89-83A7-93046BD4A529}.ReleaseLinux|x64.ActiveCfg = Release|x64
		{529D5205-6657-4C89-83A7-93046BD4A529}.ReleaseLinux|x64.Build.0 = Release|x64
		{4FE3E69A-43CA-4746-B180-FCAC0B7F3C75}.Debug|Win32.ActiveCfg = Debug|Win32
		{4FE3E69A-43CA-4746-B180-FCAC0B7F3C75}.Debug|Win32.Build.0 = Debug|Win32
		{4FE3E69A-43CA-4746-B180-FCAC0B7F3C75}.Debug|x64.ActiveCfg = Debug|x64
		{4FE3E69A-43CA-4746-B180-FCAC0B7F3C75}.Debug|x64.Build.0 = Debug|x64
		{4FE3E69A-43CA-4746-B180-FCAC0B7F3C75}.Release|Win32.ActiveCfg = Release|Win32
		{4FE3E69A-43CA-4746-B180-FCAC0B7F3C75}.Release|Win32.Build.0 = Release|Win32
		{4FE3E69A-43CA-4746-B180-FCAC0B7F3C75}.Release|x64.ActiveCfg = Release|x64
		{4FE3E69A-43CA-4746-B180-FCAC0B7F3C75}.Release|x64.Build.0 = Release|x64
		{4FE3E69A-43CA-4746-B180-FCAC0B7F3C75}.ReleaseLinux|Win32.ActiveCfg = Release|x64
		{4FE3E69A-43CA-4746-B180-FCAC0B7F3C75}.ReleaseLinux|x64.ActiveCfg = Release|x64
		{4FE3E69A-43CA-4746-B180-FCAC0B7F3C75}.ReleaseLinux|x64.Build.0 = Release|x64
		{E21A6D9A-636C-4406-9CB8-E896DC5AE657}.Debug|Win32.ActiveCfg = Debug|Win32
		{E21A6D9A-636C-4406-9CB8-E896DC5AE657}.Debug|Win32.Build.0 = Debug|Win32
		{E21A6D9A-636C-4406-9CB8-E896DC5AE657}.Debug|x64.ActiveCfg = Debug|x64
		{E21A6D9A-636C-4406-9CB8-E896DC5AE657}.Debug|x64.Build.0 = Debug|x64
		{E21A6D9A-636C-4406-9CB8-E896DC5AE657}.Release|Win32.ActiveCfg = Release|Win32
		{E21A6D9A-636C-4406-9CB8-E896DC5AE657}.Release|Win32.Build.0 = Release|Win32
		{E21A6D9A-636C-4406-9CB8-E896DC5AE657}.Release|x64.ActiveCfg = Release|x64
		{E21A6D9A-636C-4406-9CB8-E896DC5AE657}.Release|x64.Build.0 = Release|x64
		{E21A6D9A-636C-4406-9CB8-E896DC5AE657}.ReleaseLinux|Win32.ActiveCfg = Release|x64
		{E21A6D9A-636C-4406-9CB8-E896DC5AE657}.ReleaseLinux|x64.ActiveCfg = Release|x64
		{E21A6D9A-636C-4406-9CB8-E896DC5AE657}.ReleaseLinux|x64.Build.0 = Release|x64
		{8A87D660-C4AF-4B88-9285-939F93CD493B}.Debug|Win32.ActiveCfg = Debug|Win32
		{8A87D660-C4AF-4B88-9285-939F93CD493B}.Debug|Win32.Build.0 = Debug|Win32
		{8A87D660-C4AF-4B88-9285-939F93CD493B}.Debug|x64.ActiveCfg = Debug|x64
		{8A87D660-C4AF-4B88-9285-939F93CD493B}.Debug|x64.Build.0 = Debug|x64
		{8A87D660-C4AF-4B88-9285-939F93CD493B}.Release|Win32.ActiveCfg = Release|Win32
		{8A87D660-C4AF-4B88-9285-939F93CD493B}.Release|Win32.Build.0 = Release|Win32
		{8A87D660-C4AF-4B88-9285-939F93CD493B}.Release|x64.ActiveCfg = Release|x64
		{8A87D660-C4AF-4B88-9285-939F93CD493B}.Release|x64.Build.0 = Release|x64
		{8A87D660-C4AF-4B88-9285-939F93CD493B}.ReleaseLinux|Win32.ActiveCfg = Release|x64
		{8A87D660-C4AF-4B88-9285-939F93CD493B}.ReleaseLinux|x64.ActiveCfg = Release|x64
		{8A87D660-C4AF-4B88-9285-939F93CD493B}.ReleaseLinux|x64.Build.0 = Release|x64
		{23D190D9-4F30-491D-A467-D5E0CEFB6AF5}.Debug|Win32.ActiveCfg = Debug|Win32
		{23D190D9-4F30-491D-A467-D5E0CEFB6AF5}.Debug|Win32.Build.0 = Debug|Win32
		{23D190D9-4F30-491D-A467-D5E0CEFB6AF5}.Debug|x64.ActiveCfg = Debug|x64
		{23D190D9-4F30-491D-A467-D5E0CEFB6AF5}.Debug|x64.Build.0 = Debug|x64
		{23D190D9-4F30-491D-A467-D5E0CEFB6AF5}.Release|Win32.ActiveCfg = Release|Win32
		{23D190D9-4F30-491D-A467-D5E0CEFB6AF5}.Release|Win32.Build.0 = Release|Win32
		{23D190D9-4F30-491D-A467-D5E0CEFB6AF5}.Release|x64.ActiveCfg = Release|x64
		{23D190D9-4F30-491D-A467-D5E0CEFB6AF5}.Release|x64.Build.0 = Release|x64
		{23D190D9-4F30-491D-A467-D5E0CEFB6AF5}.ReleaseLinux|Win32.ActiveCfg = Release|x64
		{23D190D9-4F30-491D-A467-D5E0CEFB6AF5}.ReleaseLinux|x64.ActiveCfg = Release|x64
		{23D190D9-4F30-491D-A467-D5E0CEFB6AF5}.ReleaseLinux|x64.Build.0 = Release|x64
		{D475E3EF-072E-4DED-88A6-30747476508C}.Debug|Win32.ActiveCfg = Debug|Win32
		{D475E3EF-072E-4DED-88A6-30747476508C}.Debug|Win32.Build.0 = Debug|Win32
		{D475E3EF-072E-4DED-88A6-30747476508C}.Debug|x64.ActiveCfg = Debug|x64
		{D475E3EF-072E-4DED-88A6-30747476508C}.Debug|x64.Build.0 = Debug|x64
		{D475E3EF-072E-4DED-88A6-30747476508C}.Release|Win32.ActiveCfg = Release|Win32
		{D475E3EF-072E-4DED-88A6-30747476508C}.Release|Win32.Build.0 = Release|Win32
		{D475E3EF-072E-4DED-88A6-30747476508C}.Release|x64.ActiveCfg = Release|x64
		{D475E3EF-072E-4DED-88A6-30747476508C}.Release|x64.Build.0 = Release|x64
		{D475E3EF-072E-4DED-88A6-30747476508C}.ReleaseLinux|Win32.ActiveCfg = Release|x64
		{D475E3EF-072E-4DED-88A6-30747476508C}.ReleaseLinux|x64.ActiveCfg = Release|x64
		{D475E3EF-072E-4DED-88A6-30747476508C}.ReleaseLinux|x64.Build.0 = Release|x64
		{1EB3C6A1-54E2-4459-931D-AB751516BD9A}.Debug|Win32.ActiveCfg = Debug|Win32
		{1EB3C6A1-54E2-4459-931D-AB751516BD9A}.Debug|Win32.Build.0 = Debug|Win32
		{1EB3C6A1-54E2-4459-931D-AB751516BD9A}.Debug|x64.ActiveCfg = Debug|x64
		{1EB3C6A1-54E2-4459-931D-AB751516BD9A}.Debug|x64.Build.0 = Debug|x64
		{1EB3C6A1-54E2-4459-931D-AB751516BD9A}.Release|Win32.ActiveCfg = Release|Win32
		{1EB3C6A1-54E2-4459-931D-AB751516BD9A}.Release|Win32.Build.0 = Release|Win32
		{1EB3C6A1-54E2-4459-931D-AB751516BD9A}.Release|x64.ActiveCfg = Release|x64
		{1EB3C6A1-54E2-4459-931D-AB751516BD9A}.Release|x64.Build.0 = Release|x64
		{1EB3C6A1-54E2-4459-931D-AB751516BD9A}.ReleaseLinux|Win32.ActiveCfg = Release|x64
		{1EB3C6A1-54E2-4459-931D-AB751516BD9A}.ReleaseLinux|x64.ActiveCfg = Release|x64
		{1EB3C6A1-54E2-4459-931D-AB751516BD9A}.ReleaseLinux|x64.Build.0 = Release|x64
		{FCE39B42-3D63-4215-9528-E312B5A01B75}.Debug|Win32.ActiveCfg = Debug|Win32
		{FCE39B42-3D63-4215-9528-E312B5A01B75}.Debug|Win32.Build.0 = Debug|Win32
		{FCE39B42-3D63-4215-9528-E312B5A01B75}.Debug|x64.ActiveCfg = Debug|x64
		{FCE39B42-3D63-4215-9528-E312B5A01B75}.Debug|x64.Build.0 = Debug|x64
		{FCE39B42-3D63-4215-9528-E312B5A01B75}.Release|Win32.ActiveCfg = Release|Win32
		{FCE39B42-3D63-4215-9528-E312B5A01B75}.Release|Win32.Build.0 = Release|Win32
		{FCE39B42-3D63-4215-9528-E312B5A01B75}.Release|x64.ActiveCfg = Release|x64
		{FCE39B42-3D63-4215-9528-E312B5A01B75}.Release|x64.Build.0 = Release|x64
		{FCE39B42-3D63-4215-9528-E312B5A01B75}.ReleaseLinux|Win32.ActiveCfg = Release|x64
		{FCE39B42-3D63-4215-9528-E312B5A01B75}.ReleaseLinux|x64.ActiveCfg = Release|x64
		{FCE39B42-3D63-4215-9528-E312B5A01B75}.ReleaseLinux|x64.Build.0 = Release|x64
		{2576B5C2-7573-466F-ABEA-E4E43E5C9EA7}.Debug|Win32.ActiveCfg = Debug|Win32
		{2576B5C2-7573-466F-ABEA-E4E43E5C9EA7}.Debug|Win32.Build.0 = Debug|Win32
		{2576B5C2-7573-466F-ABEA-E4E43E5C9EA7}.Debug|x64.ActiveCfg = Debug|x64
		{2576B5C2-7573-466F-ABEA-E4E43E5C9EA7}.Debug|x64.Build.0 = Debug|x64
		{2576B5C2-7573-466F-ABEA-E4E43E5C9EA7}.Release|Win32.ActiveCfg = Release|Win32
		{2576B5C2-7573-466F-ABEA-E4E43E5C9EA7}.Release|Win32.Build.0 = Release|Win32
		{2576B5C2-7573-466F-ABEA-E4E43E5C9EA7}.Release|x64.ActiveCfg = Release|x64
		{2576B5C2-7573-466F-ABEA-E4E43E5C9EA7}.Release|x64.Build.0 = Release|x64
		{2576B5C2-7573-466F-ABEA-E4E43E5C9EA7}.ReleaseLinux|Win32.ActiveCfg = Release|x64
		{2576B5C2-7573-466F-ABEA-E4E43E5C9EA7}.ReleaseLinux|x64.ActiveCfg = Release|x64
		{2576B5C2-7573-466F-ABEA-E4E43E5C9EA7}.ReleaseLinux|x64.Build.0 = Release|x64
		{207B3087-5606-4AB2-9E2A-BED88BF59ED7}.Debug|Win32.ActiveCfg = Debug|Win32
		{207B3087-5606-4AB2-9E2A-BED88BF59ED7}.Debug|Win32.Build.0 = Debug|Win32
		{207B3087-5606-4AB2-9E2A-BED88BF59ED7}.Debug|x64.ActiveCfg = Debug|x64
		{207B3087-5606-4AB2-9E2A-BED88BF59ED7}.Debug|x64.Build.0 = Debug|x64
		{207B3087-5606-4AB2-9E2A-BED88BF59ED7}.Release|Win32.ActiveCfg = Release|Win32
		{207B3087-5606-4AB2-9E2A-BED88BF59ED7}.Release|Win32.Build.0 = Release|Win32
		{207B3087-5606-4AB2-9E2A-BED88BF59ED7}.Release|x64.ActiveCfg = Release|x64
		{207B3087-5606-4AB2-9E2A-BED88BF59ED7}.Release|x64.Build.0 = Release|x64
		{207B3087-5606-4AB2-9E2A-BED88BF59ED7}.ReleaseLinux|Win32.ActiveCfg = Release|x64
		{207B3087-5606-4AB2-9E2A-BED88BF59ED7}.ReleaseLinux|x64.ActiveCfg = Release|x64
		{207B3087-5606-4AB2-9E2A-BED88BF59ED7}.ReleaseLinux|x64.Build.0 = Release|x64
		{75A94893-EA86-487C-9EA2-CF579650BAD1}.Debug|Win32.ActiveCfg = Debug|Win32
		{75A94893-EA86-487C-9EA2-CF579650BAD1}.Debug|Win32.Build.0 = Debug|Win32
		{75A94893-EA86-487C-9EA2-CF579650BAD1}.Debug|x64.ActiveCfg = Debug|x64
		{75A94893-EA86-487C-9EA2-CF579650BAD1}.Debug|x64.Build.0 = Debug|x64
		{75A94893-EA86-487C-9EA2-CF579650BAD1}.Release|Win32.ActiveCfg = Release|Win32
		{75A94893-EA86-487C-9EA2-CF579650BAD1}.Release|Win32.Build.0 = Release|Win32
		{75A94893-EA86-487C-9EA2-CF579650BAD1}.Release|x64.ActiveCfg = Release|x64
		{75A94893-EA86-487C-9EA2-CF579650BAD1}.Release|x64.Build.0 = Release|x64
		{75A94893-EA86-487C-9EA2-CF579650BAD1}.ReleaseLinux|Win32.ActiveCfg = Release|x64
		{75A94893-EA86-487C-9EA2-CF579650BAD1}.ReleaseLinux|x64.ActiveCfg = Release|x64
		{75A94893-EA86-487C-9EA2-CF579650BAD1}.ReleaseLinux|x64.Build.0 = Release|x64
		{844B20CA-6734-4485-BEFF-22ECF358D7CB}.Debug|Win32.ActiveCfg = Debug|Win32
		{844B20CA-6734-4485-BEFF-22ECF358D7CB}.Debug|Win32.Build.0 = Debug|Win32
		{844B20CA-6734-4485-BEFF-22ECF358D7CB}.Debug|x64.ActiveCfg = Debug|x64
		{844B20CA-6734-4485-BEFF-22ECF358D7CB}.Debug|x64.Build.0 = Debug|x64
		{844B20CA-6734-4485-BEFF-22ECF358D7CB}.Release|Win32.ActiveCfg = Release|Win32
		{844B20CA-6734-4485-BEFF-22ECF358D7CB}.Release|Win32.Build.0 = Release|Win32
		{844B20CA-6734-4485-BEFF-22ECF358D7CB}.Release|x64.ActiveCfg = Release|x64
		{844B20CA-6734-4485-BEFF-22ECF358D7CB}.Release|x64.Build.0 = Release|x64
		{844B20CA-6734-4485-BEFF-22ECF358D7CB}.ReleaseLinux|Win32.ActiveCfg = Release|x64
		{844B20CA-6734-4485-BEFF-22ECF358D7CB}.ReleaseLinux|x64.ActiveCfg = Release|x64
		{844B20CA-6734-4485-BEFF-22ECF358D7CB}.ReleaseLinux|x64.Build.0 = Release|x64
		{98D97C3F-81AA-48BD-A864-ED95BCE75C23}.Debug|Win32.ActiveCfg = Debug|Win32
		{98D97C3F-81AA-48BD-A864-ED95BCE75C23}.Debug|Win32.Build.0 = Debug|Win32
		{98D97C3F-81AA-48BD-A864-ED95BCE75C23}.Debug|x64.ActiveCfg = Debug|x64
		{98D97C3F-81AA-48BD-A864-ED95BCE75C23}.Debug|x64.Build.0 = Debug|x64
		{98D97C3F-81AA-48BD-A864-ED95BCE75C23}.Release|Win32.ActiveCfg = Release|Win32
		{98D97C3F-81AA-48BD-A864-ED95BCE75C23}.Release|Win32.Build.0 = Release|Win32
		{98D97C3F-81AA-48BD-A864-ED95BCE75C23}.Release|x64.ActiveCfg = Release|x64
		{98D97C3F-81AA-48BD-A864-ED95BCE75C23}.Release|x64.Build.0 = Release|x64
		{98D97C3F-81AA-48BD-A864-ED95BCE75C23}.ReleaseLinux|Win32.ActiveCfg = Release|x64
		{98D97C3F-81AA-48BD-A864-ED95BCE75C23}.ReleaseLinux|x64.ActiveCfg = Release|x64
		{98D97C3F-81AA-48BD-A864-ED95BCE75C23}.ReleaseLinux|x64.Build.0 = Release|x64
		{574E62AE-425D-462B-BE48-FCAF5A55EB2E}.Debug|Win32.ActiveCfg = Debug|Win32
		{574E62AE-425D-462B-BE48-FCAF5A55EB2E}.Debug|Win32.Build.0 = Debug|Win32
		{574E62AE-425D-462B-BE48-FCAF5A55EB2E}.Debug|x64.ActiveCfg = Debug|x64
		{574E62AE-425D-462B-BE48-FCAF5A55EB2E}.Debug|x64.Build.0 = Debug|x64
		{574E62AE-425D-462B-BE48-FCAF5A55EB2E}.Release|Win32.ActiveCfg = Release|Win32
		{574E62AE-425D-462B-BE48-FCAF5A55EB2E}.Release|Win32.Build.0 = Release|Win32
		{574E62AE-425D-462B-BE48-FCAF5A55EB2E}.Release|x64.ActiveCfg = Release|x64
		{574E62AE-425D-462B-BE48-FCAF5A55EB2E}.Release|x64.Build.0 = Release|x64
		{574E62AE-425D-462B-BE48-FCAF5A55EB2E}.ReleaseLinux|Win32.ActiveCfg = Release|x64
		{574E62AE-425D-462B-BE48-FCAF5A55EB2E}.ReleaseLinux|x64.ActiveCfg = Release|x64
		{574E62AE-425D-462B-BE48-FCAF5A55EB2E}.ReleaseLinux|x64.Build.0 = Release|x64
		{BF302CF9-F605-4E54-B401-DB185EE086C8}.Debug|Win32.ActiveCfg = Debug|Win32
		{BF302CF9-F605-4E54-B401-DB185EE086C8}.Debug|Win32.Build.0 = Debug|Win32
		{BF302CF9-F605-4E54-B401-DB185EE086C8}.Debug|x64.ActiveCfg = Debug|x64
		{BF302CF9-F605-4E54-B401-DB185EE086C8}.Debug|x64.Build.0 = Debug|x64
		{BF302CF9-F605-4E54-B401-DB185EE086C8}.Release|Win32.ActiveCfg = Release|Win32
		{BF302CF9-F605-4E54-B401-DB185EE086C8}.Release|Win32.Build.0 = Release|Win32
		{BF302CF9-F605-4E54-B401-DB185EE086C8}.Release|x64.ActiveCfg = Release|x64
		{BF302CF9-F605-4E54-B401-DB185EE086C8}.Release|x64.Build.0 = Release|x64
		{BF302CF9-F605-4E54-B401-DB185EE086C8}.ReleaseLinux|Win32.ActiveCfg = Release|x64
		{BF302CF9-F605-4E54-B401-DB185EE086C8}.ReleaseLinux|x64.ActiveCfg = Release|x64
		{BF302CF9-F605-4E54-B401-DB185EE086C8}.ReleaseLinux|x64.Build.0 = Release|x64
		{15B409ED-D539-474E-B0B4-1DCAD93FAD4C}.Debug|Win32.ActiveCfg = Debug|Win32
		{15B409ED-D539-474E-B0B4-1DCAD93FAD4C}.Debug|Win32.Build.0 = Debug|Win32
		{15B409ED-D539-474E-B0B4-1DCAD93FAD4C}.Debug|x64.ActiveCfg = Debug|x64
		{15B409ED-D539-474E-B0B4-1DCAD93FAD4C}.Debug|x64.Build.0 = Debug|x64
		{15B409ED-D539-474E-B0B4-1DCAD93FAD4C}.Release|Win32.ActiveCfg = Release|Win32
		{15B409ED-D539-474E-B0B4-1DCAD93FAD4C}.Release|Win32.Build.0 = Release|Win32
		{15B409ED-D539-474E-B0B4-1DCAD93FAD4C}.Release|x64.ActiveCfg = Release|x64
		{15B409ED-D539-474E-B0B4-1DCAD93FAD4C}.Release|x64.Build.0 = Release|x64
		{15B409ED-D539-474E-B0B4-1DCAD93FAD4C}.ReleaseLinux|Win32.ActiveCfg = Release|x64
		{15B409ED-D539-474E-B0B4-1DCAD93FAD4C}.ReleaseLinux|x64.ActiveCfg = Release|x64
		{15B409ED-D539-474E-B0B4-1DCAD93FAD4C}.ReleaseLinux|x64.Build.0 = Release|x64
		{1FA505B3-AC91-49E5-B569-E4599900DB9A}.Debug|Win32.ActiveCfg = Debug|Win32
		{1FA505B3-AC91-49E5-B569-E4599900DB9A}.Debug|Win32.Build.0 = Debug|Win32
		{1FA505B3-AC91-49E5-B569-E4599900DB9A}.Debug|x64.ActiveCfg = Debug|x64
		{1FA505B3-AC91-49E5-B569-E4599900DB9A}.Debug|x64.Build.0 = Debug|x64
		{1FA505B3-AC91-49E5-B569-E4599900DB9A}.Release|Win32.ActiveCfg = Release|Win32
		{1FA505B3-AC91-49E5-B569-E4599900DB9A}.Release|Win32.Build.0 = Release|Win32
		{1FA505B3-AC91-49E5-B569-E4599900DB9A}.Release|x64.ActiveCfg = Release|x64
		{1FA505B3-AC91-49E5-B569-E4599900DB9A}.Release|x64.Build.0 = Release|x64
		{1FA505B3-AC91-49E5-B569-E4599900DB9A}.ReleaseLinux|Win32.ActiveCfg = Release|x64
		{1FA505B3-AC91-49E5-B569-E4599900DB9A}.ReleaseLinux|x64.ActiveCfg = Release|x64
		{1FA505B3-AC91-49E5-B569-E4599900DB9A}.ReleaseLinux|x64.Build.0 = Release|x64
		{77DA10F5-46D5-4904-9527-8E14A5CFB3C0}.Debug|Win32.ActiveCfg = Debug|Win32
		{77DA10F5-46D5-4904-9527-8E14A5CFB3C0}.Debug|Win32.Build.0 = Debug|Win32
		{77DA10F5-46D5-4904-9527-8E14A5CFB3C0}.Debug|x64.ActiveCfg = Debug|x64
		{77DA10F5-46D5-4904-9527-8E14A5CFB3C0}.Debug|x64.Build.0 = Debug|x64
		{77DA10F5-46D5-4904-9527-8E14A5CFB3C0}.Release|Win32.ActiveCfg = Release|Win32
		{77DA10F5-46D5-4904-9527-8E14A5CFB3C0}.Release|Win32.Build.0 = Release|Win32
		{77DA10F5-46D5-4904-9527-8E14A5CFB3C0}.Release|x64.ActiveCfg = Release|x64
		{77DA10F5-46D5-4904-9527-8E14A5CFB3C0}.Release|x64.Build.0 = Release|x64
		{77DA10F5-46D5-4904-9527-8E14A5CFB3C0}.ReleaseLinux|Win32.ActiveCfg = Release|x64
		{77DA10F5-46D5-4904-9527-8E14A5CFB3C0}.ReleaseLinux|x64.ActiveCfg = Release|x64
		{77DA10F5-46D5-4904-9527-8E14A5CFB3C0}.ReleaseLinux|x64.Build.0 = Release|x64
		{6E993C70-B09B-46B6-BCD0-35A5300A5E86}.Debug|Win32.ActiveCfg = Debug|Win32
		{6E993C70-B09B-46B6-BCD0-35A5300A5E86}.Debug|Win32.Build.0 = Debug|Win32
		{6E993C70-B09B-46B6-BCD0-35A5300A5E86}.Debug|x64.ActiveCfg = Debug|x64
		{6E993C70-B09B-46B6-BCD0-35A5300A5E86}.Debug|x64.Build.0 = Debug|x64
		{6E993C70-B09B-46B6-BCD0-35A5300A5E86}.Release|Win32.ActiveCfg = Release|Win32
		{6E993C70-B09B-46B6-BCD0-35A5300A5E86}.Release|Win32.Build.0 = Release|Win32
		{6E993C70-B09B-46B6-BCD0-35A5300A5E86}.Release|x64.ActiveCfg = Release|x64
		{6E993C70-B09B-46B6-BCD0-35A5300A5E86}.Release|x64.Build.0 = Release|x64
		{6E993C70-B09B-46B6-BCD0-35A5300A5E86}.ReleaseLinux|Win32.ActiveCfg = Release|x64
		{6E993C70-B09B-46B6-BCD0-35A5300A5E86}.ReleaseLinux|x64.ActiveCfg = Release|x64
		{6E993C70-B09B-46B6-BCD0-35A5300A5E86}.ReleaseLinux|x64.Build.0 = Release|x64
		{8F790F4E-BB21-4936-B0DC-7418D7EF5638}.Debug|Win32.ActiveCfg = Debug|Win32
		{8F790F4E-BB21-4936-B0DC-7418D7EF5638}.Debug|Win32.Build.0 = Debug|Win32
		{8F790F4E-BB21-4936-B0DC-7418D7EF5638}.Debug|x64.ActiveCfg = Debug|x64
		{8F790F4E-BB21-4936-B0DC-7418D7EF5638}.Debug|x64.Build.0 = Debug|x64
		{8F790F4E-BB21-4936-B0DC-7418D7EF5638}.Release|Win32.ActiveCfg = Release|Win32
		{8F790F4E-BB21-4936-B0DC-7418D7EF5638}.Release|Win32.Build.0 = Release|Win32
		{8F790F4E-BB21-4936-B0DC-7418D7EF5638}.Release|x64.ActiveCfg = Release|x64
		{8F790F4E-BB21-4936-B0DC-7418D7EF5638}.Release|x64.Build.0 = Release|x64
		{8F790F4E-BB21-4936-B0DC-7418D7EF5638}.ReleaseLinux|Win32.ActiveCfg = ReleaseLinux|Win32
		{8F790F4E-BB21-4936-B0DC-7418D7EF5638}.ReleaseLinux|Win32.Build.0 = ReleaseLinux|Win32
		{8F790F4E-BB21-4936-B0DC-7418D7EF5638}.ReleaseLinux|x64.ActiveCfg = ReleaseLinux|x64
		{8F790F4E-BB21-4936-B0DC-7418D7EF5638}.ReleaseLinux|x64.Build.0 = ReleaseLinux|x64
		{FFEAA205-50AB-4431-95CC-01522CD5E3C2}.Debug|Win32.ActiveCfg = Debug|Win32
		{FFEAA205-50AB-4431-95CC-01522CD5E3C2}.Debug|Win32.Build.0 = Debug|Win32
		{FFEAA205-50AB-4431-95CC-01522CD5E3C2}.Debug|x64.ActiveCfg = Debug|x64
		{FFEAA205-50AB-4431-95CC-01522CD5E3C2}.Debug|x64.Build.0 = Debug|x64
		{FFEAA205-50AB-4431-95CC-01522CD5E3C2}.Release|Win32.ActiveCfg = Release|Win32
		{FFEAA205-50AB-4431-95CC-01522CD5E3C2}.Release|Win32.Build.0 = Release|Win32
		{FFEAA205-50AB-4431-95CC-01522CD5E3C2}.Release|x64.ActiveCfg = Release|x64
		{FFEAA205-50AB-4431-95CC-01522CD5E3C2}.Release|x64.Build.0 = Release|x64
		{FFEAA205-50AB-4431-95CC-01522CD5E3C2}.ReleaseLinux|Win32.ActiveCfg = Release|x64
		{FFEAA205-50AB-4431-95CC-01522CD5E3C2}.ReleaseLinux|x64.ActiveCfg = Release|x64
		{FFEAA205-50AB-4431-95CC-01522CD5E3C2}.ReleaseLinux|x64.Build.0 = Release|x64
		{2FD125F9-1A65-4B39-8AC5-D45170F45A9C}.Debug|Win32.ActiveCfg = Debug|Win32
		{2FD125F9-1A65-4B39-8AC5-D45170F45A9C}.Debug|Win32.Build.0 = Debug|Win32
		{2FD125F9-1A65-4B39-8AC5-D45170F45A9C}.Debug|x64.ActiveCfg = Debug|x64
		{2FD125F9-1A65-4B39-8AC5-D45170F45A9C}.Debug|x64.Build.0 = Debug|x64
		{2FD125F9-1A65-4B39-8AC5-D45170F45A9C}.Release|Win32.ActiveCfg = Release|Win32
		{2FD125F9-1A65-4B39-8AC5-D45170F45A9C}.Release|Win32.Build.0 = Release|Win32
		{2FD125F9-1A65-4B39-8AC5-D45170F45A9C}.Release|x64.ActiveCfg = Release|x64
		{2FD125F9-1A65-4B39-8AC5-D45170F45A9C}.Release|x64.Build.0 = Release|x64
		{2FD125F9-1A65-4B39-8AC5-D45170F45A9C}.ReleaseLinux|Win32.ActiveCfg = Release|x64
		{2FD125F9-1A65-4B39-8AC5-D45170F45A9C}.ReleaseLinux|x64.ActiveCfg = Release|x64
		{2FD125F9-1A65-4B39-8AC5-D45170F45A9C}.ReleaseLinux|x64.Build.0 = Release|x64
		{A6A0CE49-EBFA-43AC-A267-92077AB01FA9}.Debug|Win32.ActiveCfg = Debug|Win32
		{A6A0CE49-EBFA-43AC-A267-92077AB01FA9}.Debug|Win32.Build.0 = Debug|Win32
		{A6A0CE49-EBFA-43AC-A267-92077AB01FA9}.Debug|x64.ActiveCfg = Debug|x64
		{A6A0CE49-EBFA-43AC-A267-92077AB01FA9}.Debug|x64.Build.0 = Debug|x64
		{A6A0CE49-EBFA-43AC-A267-92077AB01FA9}.Release|Win32.ActiveCfg = Release|Win32
		{A6A0CE49-EBFA-43AC-A267-92077AB01FA9}.Release|Win32.Build.0 = Release|Win32
		{A6A0CE49-EBFA-43AC-A267-92077AB01FA9}.Release|x64.ActiveCfg = Release|x64
		{A6A0CE49-EBFA-43AC-A267-92077AB01FA9}.Release|x64.Build.0 = Release|x64
		{A6A0CE49-EBFA-43AC-A267-92077AB01FA9}.ReleaseLinux|Win32.ActiveCfg = Release|x64
		{A6A0CE49-EBFA-43AC-A267-92077AB01FA9}.ReleaseLinux|x64.ActiveCfg = Release|x64
		{A6A0CE49-EBFA-43AC-A267-92077AB01FA9}.ReleaseLinux|x64.Build.0 = Release|x64
		{29C667CE-8680-437D-98A7-52C4452308D1}.Debug|Win32.ActiveCfg = Debug|Win32
		{29C667CE-8680-437D-98A7-52C4452308D1}.Debug|Win32.Build.0 = Debug|Win32
		{29C667CE-8680-437D-98A7-52C4452308D1}.Debug|x64.ActiveCfg = Debug|x64
		{29C667CE-8680-437D-98A7-52C4452308D1}.Debug|x64.Build.0 = Debug|x64
		{29C667CE-8680-437D-98A7-52C4452308D1}.Release|Win32.ActiveCfg = Release|Win32
		{29C667CE-8680-437D-98A7-52C4452308D1}.Release|Win32.Build.0 = Release|Win32
		{29C667CE-8680-437D-98A7-52C4452308D1}.Release|x64.ActiveCfg = Release|x64
		{29C667CE-8680-437D-98A7-52C4452308D1}.Release|x64.Build.0 = Release|x64
		{29C667CE-8680-437D-98A7-52C4452308D1}.ReleaseLinux|Win32.ActiveCfg = Release|x64
		{29C667CE-8680-437D-98A7-52C4452308D1}.ReleaseLinux|x64.ActiveCfg = Release|x64
		{29C667CE-8680-437D-98A7-52C4452308D1}.ReleaseLinux|x64.Build.0 = Release|x64
	EndGlobalSection
	GlobalSection(SolutionProperties) = preSolution
		HideSolutionNode = FALSE
	EndGlobalSection
	GlobalSection(ExtensibilityGlobals) = postSolution
		VisualSVNWorkingCopyRoot = ..
	EndGlobalSection
EndGlobal
