
Microsoft Visual Studio Solution File, Format Version 11.00
# Visual Studio 2010
Project("{FAE04EC0-301F-11D3-BF4B-00C04F79EFBC}") = "FlexChemEditor", "FlexChemEditor\FlexChemEditor.csproj", "{00C49048-AE5F-4CA4-B13C-3B322AC31F9D}"
	ProjectSection(ProjectDependencies) = postProject
		{68E9F5B5-44CD-40D6-993C-17CD7E61407E} = {68E9F5B5-44CD-40D6-993C-17CD7E61407E}
	EndProjectSection
EndProject
Project("{FAE04EC0-301F-11D3-BF4B-00C04F79EFBC}") = "FlexDesigner", "FlexDesigner\FlexDesigner.csproj", "{68E9F5B5-44CD-40D6-993C-17CD7E61407E}"
EndProject
Project("{FAE04EC0-301F-11D3-BF4B-00C04F79EFBC}") = "FlexelDiscretes", "FlexelDiscretes\FlexelDiscretes.csproj", "{9EB2F4DD-D62C-4F21-8D58-7B4A8B1C7571}"
EndProject
Project("{FAE04EC0-301F-11D3-BF4B-00C04F79EFBC}") = "FlexelIndicators", "FlexelIndicators\FlexelIndicators.csproj", "{582A6329-5D35-495B-8D70-F061F7B6B978}"
EndProject
Project("{FAE04EC0-301F-11D3-BF4B-00C04F79EFBC}") = "FlexelRsuIOconnect", "FlexelRsuIOconnect\FlexelRsuIOconnect.csproj", "{27752ED4-2A57-4C61-92AF-F123E482B83D}"
EndProject
Project("{FAE04EC0-301F-11D3-BF4B-00C04F79EFBC}") = "FlexelOPCconnect", "FlexelOPCconnect\FlexelOPCconnect.csproj", "{42611C2B-4828-4F5C-9FB2-27CB243BF8C2}"
EndProject
Project("{FAE04EC0-301F-11D3-BF4B-00C04F79EFBC}") = "FlexelTrend", "FlexelTrend\FlexelTrend.csproj", "{5B2529EB-33F0-4A42-A0EE-C0CF7D06A261}"
EndProject
Project("{FAE04EC0-301F-11D3-BF4B-00C04F79EFBC}") = "FlexelAlarmMsg", "FlexelAlarmMsg\FlexelAlarmMsg.csproj", "{D88440CE-32F7-414F-A27B-32767B2A9D2F}"
EndProject
Project("{FAE04EC0-301F-11D3-BF4B-00C04F79EFBC}") = "FlexelTCoreConnect", "FlexelTCoreConnect\FlexelTCoreConnect.csproj", "{0DF3244E-F807-4CA7-8F79-C9C42A92BFC9}"
EndProject
Project("{2150E333-8FDC-42A3-9474-1A3956D46DE8}") = "Наполнение", "Наполнение", "{F268AEFF-A50B-497C-B91D-BF9CB34E5D5F}"
EndProject
Project("{FAE04EC0-301F-11D3-BF4B-00C04F79EFBC}") = "FlexViewer", "FlexViewer\FlexViewer.csproj", "{F60728BC-CCC5-410C-9245-D0371A043937}"
	ProjectSection(ProjectDependencies) = postProject
		{68E9F5B5-44CD-40D6-993C-17CD7E61407E} = {68E9F5B5-44CD-40D6-993C-17CD7E61407E}
	EndProjectSection
EndProject
Project("{2150E333-8FDC-42A3-9474-1A3956D46DE8}") = "Редактор", "Редактор", "{9854FABE-7124-4D32-AFA7-BFF0554696A4}"
EndProject
Project("{2150E333-8FDC-42A3-9474-1A3956D46DE8}") = "Отладчик", "Отладчик", "{F3956C9C-EF2C-4EEC-87D3-EA7E68215075}"
EndProject
Project("{8BC9CEB8-8B4A-11D0-8D11-00A0C91BC942}") = "FlexRsuDebugBridgeToGUI", "FlexRsuDebugBridgeToGUI\FlexRsuDebugBridgeToGUI.vcxproj", "{FD0CFFEC-FE39-48B9-A1A6-45E1D22431C8}"
	ProjectSection(ProjectDependencies) = postProject
		{F60728BC-CCC5-410C-9245-D0371A043937} = {F60728BC-CCC5-410C-9245-D0371A043937}
	EndProjectSection
EndProject
Project("{FAE04EC0-301F-11D3-BF4B-00C04F79EFBC}") = "FlexelHima", "FlexelHima\FlexelHima.csproj", "{C93D535A-BEF9-475A-8B64-2F6BD5AF4A63}"
EndProject
Project("{FAE04EC0-301F-11D3-BF4B-00C04F79EFBC}") = "FlexelSimConnect", "FlexelSimConnect\FlexelSimConnect.csproj", "{E0124EEE-A9AE-4A2C-9059-F9606B83563D}"
EndProject
Project("{FAE04EC0-301F-11D3-BF4B-00C04F79EFBC}") = "FlexelSimitConnect", "FlexelSimitConnect\FlexelSimitConnect.csproj", "{6E8B0195-9D39-43D4-AB54-D32B958454A2}"
EndProject
Project("{FAE04EC0-301F-11D3-BF4B-00C04F79EFBC}") = "FlexelTSoftResearch", "FlexelTSoftResearch\FlexelTSoftResearch.csproj", "{22EE0E33-91E9-4A3C-BD8B-4488A42C0491}"
EndProject
Project("{FAE04EC0-301F-11D3-BF4B-00C04F79EFBC}") = "FlexelSura", "FlexelSura\FlexelSura.csproj", "{A4FB685C-868C-4AB0-8400-69164D7A8403}"
EndProject
Global
	GlobalSection(SolutionConfigurationPlatforms) = preSolution
		Debug|x64 = Debug|x64
		Debug|x86 = Debug|x86
		Release|x64 = Release|x64
		Release|x86 = Release|x86
	EndGlobalSection
	GlobalSection(ProjectConfigurationPlatforms) = postSolution
		{00C49048-AE5F-4CA4-B13C-3B322AC31F9D}.Debug|x64.ActiveCfg = Debug|x64
		{00C49048-AE5F-4CA4-B13C-3B322AC31F9D}.Debug|x64.Build.0 = Debug|x64
		{00C49048-AE5F-4CA4-B13C-3B322AC31F9D}.Debug|x86.ActiveCfg = Debug|x86
		{00C49048-AE5F-4CA4-B13C-3B322AC31F9D}.Debug|x86.Build.0 = Debug|x86
		{00C49048-AE5F-4CA4-B13C-3B322AC31F9D}.Release|x64.ActiveCfg = Release|x64
		{00C49048-AE5F-4CA4-B13C-3B322AC31F9D}.Release|x64.Build.0 = Release|x64
		{00C49048-AE5F-4CA4-B13C-3B322AC31F9D}.Release|x86.ActiveCfg = Release|x86
		{00C49048-AE5F-4CA4-B13C-3B322AC31F9D}.Release|x86.Build.0 = Release|x86
		{68E9F5B5-44CD-40D6-993C-17CD7E61407E}.Debug|x64.ActiveCfg = Debug|x64
		{68E9F5B5-44CD-40D6-993C-17CD7E61407E}.Debug|x64.Build.0 = Debug|x64
		{68E9F5B5-44CD-40D6-993C-17CD7E61407E}.Debug|x86.ActiveCfg = Debug|x86
		{68E9F5B5-44CD-40D6-993C-17CD7E61407E}.Debug|x86.Build.0 = Debug|x86
		{68E9F5B5-44CD-40D6-993C-17CD7E61407E}.Release|x64.ActiveCfg = Release|x64
		{68E9F5B5-44CD-40D6-993C-17CD7E61407E}.Release|x64.Build.0 = Release|x64
		{68E9F5B5-44CD-40D6-993C-17CD7E61407E}.Release|x86.ActiveCfg = Release|x86
		{68E9F5B5-44CD-40D6-993C-17CD7E61407E}.Release|x86.Build.0 = Release|x86
		{9EB2F4DD-D62C-4F21-8D58-7B4A8B1C7571}.Debug|x64.ActiveCfg = Debug|x64
		{9EB2F4DD-D62C-4F21-8D58-7B4A8B1C7571}.Debug|x64.Build.0 = Debug|x64
		{9EB2F4DD-D62C-4F21-8D58-7B4A8B1C7571}.Debug|x86.ActiveCfg = Debug|x86
		{9EB2F4DD-D62C-4F21-8D58-7B4A8B1C7571}.Debug|x86.Build.0 = Debug|x86
		{9EB2F4DD-D62C-4F21-8D58-7B4A8B1C7571}.Release|x64.ActiveCfg = Release|x64
		{9EB2F4DD-D62C-4F21-8D58-7B4A8B1C7571}.Release|x64.Build.0 = Release|x64
		{9EB2F4DD-D62C-4F21-8D58-7B4A8B1C7571}.Release|x86.ActiveCfg = Release|x86
		{9EB2F4DD-D62C-4F21-8D58-7B4A8B1C7571}.Release|x86.Build.0 = Release|x86
		{582A6329-5D35-495B-8D70-F061F7B6B978}.Debug|x64.ActiveCfg = Debug|x64
		{582A6329-5D35-495B-8D70-F061F7B6B978}.Debug|x64.Build.0 = Debug|x64
		{582A6329-5D35-495B-8D70-F061F7B6B978}.Debug|x86.ActiveCfg = Debug|x86
		{582A6329-5D35-495B-8D70-F061F7B6B978}.Debug|x86.Build.0 = Debug|x86
		{582A6329-5D35-495B-8D70-F061F7B6B978}.Release|x64.ActiveCfg = Release|x64
		{582A6329-5D35-495B-8D70-F061F7B6B978}.Release|x64.Build.0 = Release|x64
		{582A6329-5D35-495B-8D70-F061F7B6B978}.Release|x86.ActiveCfg = Release|x86
		{582A6329-5D35-495B-8D70-F061F7B6B978}.Release|x86.Build.0 = Release|x86
		{27752ED4-2A57-4C61-92AF-F123E482B83D}.Debug|x64.ActiveCfg = Debug|x64
		{27752ED4-2A57-4C61-92AF-F123E482B83D}.Debug|x64.Build.0 = Debug|x64
		{27752ED4-2A57-4C61-92AF-F123E482B83D}.Debug|x86.ActiveCfg = Debug|x86
		{27752ED4-2A57-4C61-92AF-F123E482B83D}.Debug|x86.Build.0 = Debug|x86
		{27752ED4-2A57-4C61-92AF-F123E482B83D}.Release|x64.ActiveCfg = Release|x64
		{27752ED4-2A57-4C61-92AF-F123E482B83D}.Release|x64.Build.0 = Release|x64
		{27752ED4-2A57-4C61-92AF-F123E482B83D}.Release|x86.ActiveCfg = Release|x86
		{27752ED4-2A57-4C61-92AF-F123E482B83D}.Release|x86.Build.0 = Release|x86
		{42611C2B-4828-4F5C-9FB2-27CB243BF8C2}.Debug|x64.ActiveCfg = Debug|x64
		{42611C2B-4828-4F5C-9FB2-27CB243BF8C2}.Debug|x64.Build.0 = Debug|x64
		{42611C2B-4828-4F5C-9FB2-27CB243BF8C2}.Debug|x86.ActiveCfg = Debug|x86
		{42611C2B-4828-4F5C-9FB2-27CB243BF8C2}.Debug|x86.Build.0 = Debug|x86
		{42611C2B-4828-4F5C-9FB2-27CB243BF8C2}.Release|x64.ActiveCfg = Release|x64
		{42611C2B-4828-4F5C-9FB2-27CB243BF8C2}.Release|x64.Build.0 = Release|x64
		{42611C2B-4828-4F5C-9FB2-27CB243BF8C2}.Release|x86.ActiveCfg = Release|x86
		{42611C2B-4828-4F5C-9FB2-27CB243BF8C2}.Release|x86.Build.0 = Release|x86
		{5B2529EB-33F0-4A42-A0EE-C0CF7D06A261}.Debug|x64.ActiveCfg = Debug|x64
		{5B2529EB-33F0-4A42-A0EE-C0CF7D06A261}.Debug|x64.Build.0 = Debug|x64
		{5B2529EB-33F0-4A42-A0EE-C0CF7D06A261}.Debug|x86.ActiveCfg = Debug|x86
		{5B2529EB-33F0-4A42-A0EE-C0CF7D06A261}.Debug|x86.Build.0 = Debug|x86
		{5B2529EB-33F0-4A42-A0EE-C0CF7D06A261}.Release|x64.ActiveCfg = Release|x64
		{5B2529EB-33F0-4A42-A0EE-C0CF7D06A261}.Release|x64.Build.0 = Release|x64
		{5B2529EB-33F0-4A42-A0EE-C0CF7D06A261}.Release|x86.ActiveCfg = Release|x86
		{5B2529EB-33F0-4A42-A0EE-C0CF7D06A261}.Release|x86.Build.0 = Release|x86
		{D88440CE-32F7-414F-A27B-32767B2A9D2F}.Debug|x64.ActiveCfg = Debug|x64
		{D88440CE-32F7-414F-A27B-32767B2A9D2F}.Debug|x64.Build.0 = Debug|x64
		{D88440CE-32F7-414F-A27B-32767B2A9D2F}.Debug|x86.ActiveCfg = Debug|x86
		{D88440CE-32F7-414F-A27B-32767B2A9D2F}.Debug|x86.Build.0 = Debug|x86
		{D88440CE-32F7-414F-A27B-32767B2A9D2F}.Release|x64.ActiveCfg = Release|x64
		{D88440CE-32F7-414F-A27B-32767B2A9D2F}.Release|x64.Build.0 = Release|x64
		{D88440CE-32F7-414F-A27B-32767B2A9D2F}.Release|x86.ActiveCfg = Release|x86
		{D88440CE-32F7-414F-A27B-32767B2A9D2F}.Release|x86.Build.0 = Release|x86
		{0DF3244E-F807-4CA7-8F79-C9C42A92BFC9}.Debug|x64.ActiveCfg = Debug|x64
		{0DF3244E-F807-4CA7-8F79-C9C42A92BFC9}.Debug|x64.Build.0 = Debug|x64
		{0DF3244E-F807-4CA7-8F79-C9C42A92BFC9}.Debug|x86.ActiveCfg = Debug|x86
		{0DF3244E-F807-4CA7-8F79-C9C42A92BFC9}.Debug|x86.Build.0 = Debug|x86
		{0DF3244E-F807-4CA7-8F79-C9C42A92BFC9}.Release|x64.ActiveCfg = Release|x64
		{0DF3244E-F807-4CA7-8F79-C9C42A92BFC9}.Release|x64.Build.0 = Release|x64
		{0DF3244E-F807-4CA7-8F79-C9C42A92BFC9}.Release|x86.ActiveCfg = Release|x86
		{0DF3244E-F807-4CA7-8F79-C9C42A92BFC9}.Release|x86.Build.0 = Release|x86
		{F60728BC-CCC5-410C-9245-D0371A043937}.Debug|x64.ActiveCfg = Debug|x64
		{F60728BC-CCC5-410C-9245-D0371A043937}.Debug|x64.Build.0 = Debug|x64
		{F60728BC-CCC5-410C-9245-D0371A043937}.Debug|x86.ActiveCfg = Debug|x86
		{F60728BC-CCC5-410C-9245-D0371A043937}.Debug|x86.Build.0 = Debug|x86
		{F60728BC-CCC5-410C-9245-D0371A043937}.Release|x64.ActiveCfg = Release|x64
		{F60728BC-CCC5-410C-9245-D0371A043937}.Release|x64.Build.0 = Release|x64
		{F60728BC-CCC5-410C-9245-D0371A043937}.Release|x86.ActiveCfg = Release|x86
		{F60728BC-CCC5-410C-9245-D0371A043937}.Release|x86.Build.0 = Release|x86
		{FD0CFFEC-FE39-48B9-A1A6-45E1D22431C8}.Debug|x64.ActiveCfg = Debug|x64
		{FD0CFFEC-FE39-48B9-A1A6-45E1D22431C8}.Debug|x64.Build.0 = Debug|x64
		{FD0CFFEC-FE39-48B9-A1A6-45E1D22431C8}.Debug|x86.ActiveCfg = Debug|Win32
		{FD0CFFEC-FE39-48B9-A1A6-45E1D22431C8}.Debug|x86.Build.0 = Debug|Win32
		{FD0CFFEC-FE39-48B9-A1A6-45E1D22431C8}.Release|x64.ActiveCfg = Release|x64
		{FD0CFFEC-FE39-48B9-A1A6-45E1D22431C8}.Release|x64.Build.0 = Release|x64
		{FD0CFFEC-FE39-48B9-A1A6-45E1D22431C8}.Release|x86.ActiveCfg = Release|Win32
		{FD0CFFEC-FE39-48B9-A1A6-45E1D22431C8}.Release|x86.Build.0 = Release|Win32
		{C93D535A-BEF9-475A-8B64-2F6BD5AF4A63}.Debug|x64.ActiveCfg = Debug|x64
		{C93D535A-BEF9-475A-8B64-2F6BD5AF4A63}.Debug|x64.Build.0 = Debug|x64
		{C93D535A-BEF9-475A-8B64-2F6BD5AF4A63}.Debug|x86.ActiveCfg = Debug|x86
		{C93D535A-BEF9-475A-8B64-2F6BD5AF4A63}.Debug|x86.Build.0 = Debug|x86
		{C93D535A-BEF9-475A-8B64-2F6BD5AF4A63}.Release|x64.ActiveCfg = Release|x64
		{C93D535A-BEF9-475A-8B64-2F6BD5AF4A63}.Release|x64.Build.0 = Release|x64
		{C93D535A-BEF9-475A-8B64-2F6BD5AF4A63}.Release|x86.ActiveCfg = Release|x86
		{C93D535A-BEF9-475A-8B64-2F6BD5AF4A63}.Release|x86.Build.0 = Release|x86
		{E0124EEE-A9AE-4A2C-9059-F9606B83563D}.Debug|x64.ActiveCfg = Debug|x64
		{E0124EEE-A9AE-4A2C-9059-F9606B83563D}.Debug|x64.Build.0 = Debug|x64
		{E0124EEE-A9AE-4A2C-9059-F9606B83563D}.Debug|x86.ActiveCfg = Debug|x86
		{E0124EEE-A9AE-4A2C-9059-F9606B83563D}.Release|x64.ActiveCfg = Release|x64
		{E0124EEE-A9AE-4A2C-9059-F9606B83563D}.Release|x64.Build.0 = Release|x64
		{E0124EEE-A9AE-4A2C-9059-F9606B83563D}.Release|x86.ActiveCfg = Release|x86
		{6E8B0195-9D39-43D4-AB54-D32B958454A2}.Debug|x64.ActiveCfg = Debug|x64
		{6E8B0195-9D39-43D4-AB54-D32B958454A2}.Debug|x64.Build.0 = Debug|x64
		{6E8B0195-9D39-43D4-AB54-D32B958454A2}.Debug|x86.ActiveCfg = Debug|x86
		{6E8B0195-9D39-43D4-AB54-D32B958454A2}.Debug|x86.Build.0 = Debug|x86
		{6E8B0195-9D39-43D4-AB54-D32B958454A2}.Release|x64.ActiveCfg = Release|x64
		{6E8B0195-9D39-43D4-AB54-D32B958454A2}.Release|x64.Build.0 = Release|x64
		{6E8B0195-9D39-43D4-AB54-D32B958454A2}.Release|x86.ActiveCfg = Release|x86
		{6E8B0195-9D39-43D4-AB54-D32B958454A2}.Release|x86.Build.0 = Release|x86
		{22EE0E33-91E9-4A3C-BD8B-4488A42C0491}.Debug|x64.ActiveCfg = Debug|x64
		{22EE0E33-91E9-4A3C-BD8B-4488A42C0491}.Debug|x64.Build.0 = Debug|x64
		{22EE0E33-91E9-4A3C-BD8B-4488A42C0491}.Debug|x86.ActiveCfg = Debug|x86
		{22EE0E33-91E9-4A3C-BD8B-4488A42C0491}.Debug|x86.Build.0 = Debug|x86
		{22EE0E33-91E9-4A3C-BD8B-4488A42C0491}.Release|x64.ActiveCfg = Release|x64
		{22EE0E33-91E9-4A3C-BD8B-4488A42C0491}.Release|x64.Build.0 = Release|x64
		{22EE0E33-91E9-4A3C-BD8B-4488A42C0491}.Release|x86.ActiveCfg = Release|x86
		{22EE0E33-91E9-4A3C-BD8B-4488A42C0491}.Release|x86.Build.0 = Release|x86
		{A4FB685C-868C-4AB0-8400-69164D7A8403}.Debug|x64.ActiveCfg = Debug|x64
		{A4FB685C-868C-4AB0-8400-69164D7A8403}.Debug|x64.Build.0 = Debug|x64
		{A4FB685C-868C-4AB0-8400-69164D7A8403}.Debug|x86.ActiveCfg = Debug|x86
		{A4FB685C-868C-4AB0-8400-69164D7A8403}.Debug|x86.Build.0 = Debug|x86
		{A4FB685C-868C-4AB0-8400-69164D7A8403}.Release|x64.ActiveCfg = Release|x64
		{A4FB685C-868C-4AB0-8400-69164D7A8403}.Release|x64.Build.0 = Release|x64
		{A4FB685C-868C-4AB0-8400-69164D7A8403}.Release|x86.ActiveCfg = Release|x86
		{A4FB685C-868C-4AB0-8400-69164D7A8403}.Release|x86.Build.0 = Release|x86
	EndGlobalSection
	GlobalSection(SolutionProperties) = preSolution
		HideSolutionNode = FALSE
	EndGlobalSection
	GlobalSection(NestedProjects) = preSolution
		{68E9F5B5-44CD-40D6-993C-17CD7E61407E} = {9854FABE-7124-4D32-AFA7-BFF0554696A4}
		{00C49048-AE5F-4CA4-B13C-3B322AC31F9D} = {9854FABE-7124-4D32-AFA7-BFF0554696A4}
		{582A6329-5D35-495B-8D70-F061F7B6B978} = {F268AEFF-A50B-497C-B91D-BF9CB34E5D5F}
		{27752ED4-2A57-4C61-92AF-F123E482B83D} = {F268AEFF-A50B-497C-B91D-BF9CB34E5D5F}
		{42611C2B-4828-4F5C-9FB2-27CB243BF8C2} = {F268AEFF-A50B-497C-B91D-BF9CB34E5D5F}
		{5B2529EB-33F0-4A42-A0EE-C0CF7D06A261} = {F268AEFF-A50B-497C-B91D-BF9CB34E5D5F}
		{D88440CE-32F7-414F-A27B-32767B2A9D2F} = {F268AEFF-A50B-497C-B91D-BF9CB34E5D5F}
		{0DF3244E-F807-4CA7-8F79-C9C42A92BFC9} = {F268AEFF-A50B-497C-B91D-BF9CB34E5D5F}
		{9EB2F4DD-D62C-4F21-8D58-7B4A8B1C7571} = {F268AEFF-A50B-497C-B91D-BF9CB34E5D5F}
		{C93D535A-BEF9-475A-8B64-2F6BD5AF4A63} = {F268AEFF-A50B-497C-B91D-BF9CB34E5D5F}
		{E0124EEE-A9AE-4A2C-9059-F9606B83563D} = {F268AEFF-A50B-497C-B91D-BF9CB34E5D5F}
		{6E8B0195-9D39-43D4-AB54-D32B958454A2} = {F268AEFF-A50B-497C-B91D-BF9CB34E5D5F}
		{22EE0E33-91E9-4A3C-BD8B-4488A42C0491} = {F268AEFF-A50B-497C-B91D-BF9CB34E5D5F}
		{A4FB685C-868C-4AB0-8400-69164D7A8403} = {F268AEFF-A50B-497C-B91D-BF9CB34E5D5F}
		{F60728BC-CCC5-410C-9245-D0371A043937} = {F3956C9C-EF2C-4EEC-87D3-EA7E68215075}
		{FD0CFFEC-FE39-48B9-A1A6-45E1D22431C8} = {F3956C9C-EF2C-4EEC-87D3-EA7E68215075}
	EndGlobalSection
	GlobalSection(ExtensibilityGlobals) = postSolution
		SolutionGuid = {0689E8BC-DFF7-49DE-8E1A-D0B282C5A431}
	EndGlobalSection
EndGlobal
