
Microsoft Visual Studio Solution File, Format Version 9.00
# Visual Studio 2005
Project("{8BC9CEB8-8B4A-11D0-8D11-00A0C91BC942}") = "UtilsH5xx", "UtilsH\UtilsH.vcproj", "{C76772BD-A34D-478D-83F2-6AFFC9B51867}"
	ProjectSection(ProjectDependencies) = postProject
		{D73F4E7F-B0D1-4589-9D79-E9EB0F5106DC} = {D73F4E7F-B0D1-4589-9D79-E9EB0F5106DC}
		{5C6A1129-C6BF-4E37-8F69-5667AFB74E03} = {5C6A1129-C6BF-4E37-8F69-5667AFB74E03}
	EndProjectSection
EndProject
Project("{8BC9CEB8-8B4A-11D0-8D11-00A0C91BC942}") = "ConnectH5xx", "ConnectH\ConnectH.vcproj", "{5C6A1129-C6BF-4E37-8F69-5667AFB74E03}"
EndProject
Project("{8BC9CEB8-8B4A-11D0-8D11-00A0C91BC942}") = "ServerExPlugin_Honey5xx", "ServerExPlugin_Honey\ServerExPlugin_Honey.vcproj", "{2CF7023C-F2B2-4C7A-B1E9-3DCDB0C06063}"
	ProjectSection(ProjectDependencies) = postProject
		{5C6A1129-C6BF-4E37-8F69-5667AFB74E03} = {5C6A1129-C6BF-4E37-8F69-5667AFB74E03}
		{D73F4E7F-B0D1-4589-9D79-E9EB0F5106DC} = {D73F4E7F-B0D1-4589-9D79-E9EB0F5106DC}
		{C76772BD-A34D-478D-83F2-6AFFC9B51867} = {C76772BD-A34D-478D-83F2-6AFFC9B51867}
	EndProjectSection
EndProject
Project("{8BC9CEB8-8B4A-11D0-8D11-00A0C91BC942}") = "CommonH5xx", "CommonH\CommonH.vcproj", "{D73F4E7F-B0D1-4589-9D79-E9EB0F5106DC}"
	ProjectSection(ProjectDependencies) = postProject
		{4F6D2F4A-A78E-41A5-B9EA-C3A03E0F981A} = {4F6D2F4A-A78E-41A5-B9EA-C3A03E0F981A}
	EndProjectSection
EndProject
Project("{8BC9CEB8-8B4A-11D0-8D11-00A0C91BC942}") = "rsuTrend_H5xx", "rsuTrend_H\rsuTrend_H.vcproj", "{5AB921B8-40DE-4C9A-AA55-26773320C72E}"
	ProjectSection(ProjectDependencies) = postProject
		{C76772BD-A34D-478D-83F2-6AFFC9B51867} = {C76772BD-A34D-478D-83F2-6AFFC9B51867}
		{5C6A1129-C6BF-4E37-8F69-5667AFB74E03} = {5C6A1129-C6BF-4E37-8F69-5667AFB74E03}
	EndProjectSection
EndProject
Project("{2150E333-8FDC-42A3-9474-1A3956D46DE8}") = "HW", "HW", "{249F875B-8E0F-4404-BFB0-6BDF68EB93FE}"
EndProject
Project("{8BC9CEB8-8B4A-11D0-8D11-00A0C91BC942}") = "ServerExSharedPlugin_Honey5xx", "ServerExSharedPlugin_Honey\ServerExSharedPlugin_Honey.vcproj", "{6432074E-27B7-42AF-935A-C6D9E93A02FB}"
	ProjectSection(ProjectDependencies) = postProject
		{DFEC9863-AC9B-4080-BD23-AF2D07E03987} = {DFEC9863-AC9B-4080-BD23-AF2D07E03987}
		{5C6A1129-C6BF-4E37-8F69-5667AFB74E03} = {5C6A1129-C6BF-4E37-8F69-5667AFB74E03}
		{4F6D2F4A-A78E-41A5-B9EA-C3A03E0F981A} = {4F6D2F4A-A78E-41A5-B9EA-C3A03E0F981A}
		{B2DD89AD-E06C-48A3-B7DE-1F1B9AD899D9} = {B2DD89AD-E06C-48A3-B7DE-1F1B9AD899D9}
		{11F1DAD2-2418-4E16-9EBA-B74FD0736A04} = {11F1DAD2-2418-4E16-9EBA-B74FD0736A04}
		{D73F4E7F-B0D1-4589-9D79-E9EB0F5106DC} = {D73F4E7F-B0D1-4589-9D79-E9EB0F5106DC}
		{C76772BD-A34D-478D-83F2-6AFFC9B51867} = {C76772BD-A34D-478D-83F2-6AFFC9B51867}
		{780E59E8-BBEB-4505-B5AF-7AE6AAD575E6} = {780E59E8-BBEB-4505-B5AF-7AE6AAD575E6}
		{C68B19E6-9864-4F1A-847C-FABE837DC2E2} = {C68B19E6-9864-4F1A-847C-FABE837DC2E2}
	EndProjectSection
EndProject
Project("{8BC9CEB8-8B4A-11D0-8D11-00A0C91BC942}") = "MemoryServiceH5xx", "MemoryServiceH5xx\MemoryServiceH5xx.vcproj", "{4F6D2F4A-A78E-41A5-B9EA-C3A03E0F981A}"
EndProject
Project("{8BC9CEB8-8B4A-11D0-8D11-00A0C91BC942}") = "HW5xxRegisterInRSU", "HW5xxRegisterInRSU\HW5xxRegisterInRSU.vcproj", "{BFFDB1A4-09BE-41EE-ADF7-8BDCE6373384}"
	ProjectSection(ProjectDependencies) = postProject
		{5C6A1129-C6BF-4E37-8F69-5667AFB74E03} = {5C6A1129-C6BF-4E37-8F69-5667AFB74E03}
		{C76772BD-A34D-478D-83F2-6AFFC9B51867} = {C76772BD-A34D-478D-83F2-6AFFC9B51867}
	EndProjectSection
EndProject
Project("{8BC9CEB8-8B4A-11D0-8D11-00A0C91BC942}") = "HW5xxRegisterInSystem", "HW5xxRegisterInSystem\HW5xxRegisterInSystem.vcproj", "{87584910-843C-4B19-AA60-C0E625A13F5E}"
	ProjectSection(ProjectDependencies) = postProject
		{C76772BD-A34D-478D-83F2-6AFFC9B51867} = {C76772BD-A34D-478D-83F2-6AFFC9B51867}
		{5C6A1129-C6BF-4E37-8F69-5667AFB74E03} = {5C6A1129-C6BF-4E37-8F69-5667AFB74E03}
	EndProjectSection
EndProject
Project("{2150E333-8FDC-42A3-9474-1A3956D46DE8}") = "SM", "SM", "{6DD70932-9603-4D5E-A5B8-668ADA4886F5}"
EndProject
Project("{8BC9CEB8-8B4A-11D0-8D11-00A0C91BC942}") = "UtilsSM5xx", "UtilsSM\UtilsSM.vcproj", "{780E59E8-BBEB-4505-B5AF-7AE6AAD575E6}"
EndProject
Project("{8BC9CEB8-8B4A-11D0-8D11-00A0C91BC942}") = "MemoryServiceSM5xx", "MemoryServiceSM5xx\MemoryServiceSM5xx.vcproj", "{E82D23B6-22A2-47AC-8FDC-AD4733F7BC50}"
EndProject
Project("{8BC9CEB8-8B4A-11D0-8D11-00A0C91BC942}") = "SM5xxRegisterInRSU", "SM5xxRegisterInRSU\SM5xxRegisterInRSU.vcproj", "{57990EA7-3160-4BAA-8AD0-311D316BA87A}"
	ProjectSection(ProjectDependencies) = postProject
		{780E59E8-BBEB-4505-B5AF-7AE6AAD575E6} = {780E59E8-BBEB-4505-B5AF-7AE6AAD575E6}
		{11F1DAD2-2418-4E16-9EBA-B74FD0736A04} = {11F1DAD2-2418-4E16-9EBA-B74FD0736A04}
	EndProjectSection
EndProject
Project("{8BC9CEB8-8B4A-11D0-8D11-00A0C91BC942}") = "ConnectSM5xx", "ConnectSM\ConnectSM.vcproj", "{11F1DAD2-2418-4E16-9EBA-B74FD0736A04}"
EndProject
Project("{2150E333-8FDC-42A3-9474-1A3956D46DE8}") = "QB", "QB", "{4F80CB0F-193F-413D-AACA-6B92528326DA}"
EndProject
Project("{8BC9CEB8-8B4A-11D0-8D11-00A0C91BC942}") = "ConnectQB5xx", "ConnectQB\ConnectQB.vcproj", "{DFEC9863-AC9B-4080-BD23-AF2D07E03987}"
EndProject
Project("{8BC9CEB8-8B4A-11D0-8D11-00A0C91BC942}") = "MemoryServiceQB5xx", "MemoryServiceQB5xx\MemoryServiceQB5xx.vcproj", "{A5FA9943-042B-402F-8117-9A6EF11E21CA}"
EndProject
Project("{8BC9CEB8-8B4A-11D0-8D11-00A0C91BC942}") = "QB5xxRegisterInRSU", "QB5xxRegisterInRSU\QB5xxRegisterInRSU.vcproj", "{6305AE7B-7F05-4240-A5D6-84016EAB16D6}"
	ProjectSection(ProjectDependencies) = postProject
		{C68B19E6-9864-4F1A-847C-FABE837DC2E2} = {C68B19E6-9864-4F1A-847C-FABE837DC2E2}
		{DFEC9863-AC9B-4080-BD23-AF2D07E03987} = {DFEC9863-AC9B-4080-BD23-AF2D07E03987}
	EndProjectSection
EndProject
Project("{8BC9CEB8-8B4A-11D0-8D11-00A0C91BC942}") = "UtilsQB5xx", "UtilsQB\UtilsQB.vcproj", "{C68B19E6-9864-4F1A-847C-FABE837DC2E2}"
EndProject
Project("{2150E333-8FDC-42A3-9474-1A3956D46DE8}") = "HCD", "HCD", "{20D8F1DF-F5A8-4ECF-9AA3-8D17793B305B}"
EndProject
Project("{8BC9CEB8-8B4A-11D0-8D11-00A0C91BC942}") = "MemoryServiceHCD", "MemoryServiceHCD\MemoryService.vcproj", "{D24756C0-844A-42EB-9DE5-02B9598FCA06}"
EndProject
Project("{8BC9CEB8-8B4A-11D0-8D11-00A0C91BC942}") = "HCDRegisterInRSU", "HCDRegisterInRSU\HCDRegisterInRSU.vcproj", "{211C0479-F9C7-4D35-AB52-B460EE48EBFA}"
	ProjectSection(ProjectDependencies) = postProject
		{52D9B7EA-9D8C-4C2C-B7AD-B19DFE911DAC} = {52D9B7EA-9D8C-4C2C-B7AD-B19DFE911DAC}
		{B2DD89AD-E06C-48A3-B7DE-1F1B9AD899D9} = {B2DD89AD-E06C-48A3-B7DE-1F1B9AD899D9}
	EndProjectSection
EndProject
Project("{8BC9CEB8-8B4A-11D0-8D11-00A0C91BC942}") = "ConnectHCD", "ConnectHCD\ConnectHCD.vcproj", "{52D9B7EA-9D8C-4C2C-B7AD-B19DFE911DAC}"
EndProject
Project("{8BC9CEB8-8B4A-11D0-8D11-00A0C91BC942}") = "UtilsHCD", "UtilsHCD\UtilsHCD.vcproj", "{B2DD89AD-E06C-48A3-B7DE-1F1B9AD899D9}"
EndProject
Global
	GlobalSection(SolutionConfigurationPlatforms) = preSolution
		Debug|Win32 = Debug|Win32
		Debug|x64 = Debug|x64
		Release|Win32 = Release|Win32
		Release|x64 = Release|x64
	EndGlobalSection
	GlobalSection(ProjectConfigurationPlatforms) = postSolution
		{C76772BD-A34D-478D-83F2-6AFFC9B51867}.Debug|Win32.ActiveCfg = Debug|Win32
		{C76772BD-A34D-478D-83F2-6AFFC9B51867}.Debug|Win32.Build.0 = Debug|Win32
		{C76772BD-A34D-478D-83F2-6AFFC9B51867}.Debug|x64.ActiveCfg = Debug|x64
		{C76772BD-A34D-478D-83F2-6AFFC9B51867}.Debug|x64.Build.0 = Debug|x64
		{C76772BD-A34D-478D-83F2-6AFFC9B51867}.Release|Win32.ActiveCfg = Release|Win32
		{C76772BD-A34D-478D-83F2-6AFFC9B51867}.Release|Win32.Build.0 = Release|Win32
		{C76772BD-A34D-478D-83F2-6AFFC9B51867}.Release|x64.ActiveCfg = Release|x64
		{C76772BD-A34D-478D-83F2-6AFFC9B51867}.Release|x64.Build.0 = Release|x64
		{5C6A1129-C6BF-4E37-8F69-5667AFB74E03}.Debug|Win32.ActiveCfg = Debug|Win32
		{5C6A1129-C6BF-4E37-8F69-5667AFB74E03}.Debug|Win32.Build.0 = Debug|Win32
		{5C6A1129-C6BF-4E37-8F69-5667AFB74E03}.Debug|x64.ActiveCfg = Debug|x64
		{5C6A1129-C6BF-4E37-8F69-5667AFB74E03}.Debug|x64.Build.0 = Debug|x64
		{5C6A1129-C6BF-4E37-8F69-5667AFB74E03}.Release|Win32.ActiveCfg = Release|Win32
		{5C6A1129-C6BF-4E37-8F69-5667AFB74E03}.Release|Win32.Build.0 = Release|Win32
		{5C6A1129-C6BF-4E37-8F69-5667AFB74E03}.Release|x64.ActiveCfg = Release|x64
		{5C6A1129-C6BF-4E37-8F69-5667AFB74E03}.Release|x64.Build.0 = Release|x64
		{2CF7023C-F2B2-4C7A-B1E9-3DCDB0C06063}.Debug|Win32.ActiveCfg = Debug|Win32
		{2CF7023C-F2B2-4C7A-B1E9-3DCDB0C06063}.Debug|Win32.Build.0 = Debug|Win32
		{2CF7023C-F2B2-4C7A-B1E9-3DCDB0C06063}.Debug|x64.ActiveCfg = Debug|x64
		{2CF7023C-F2B2-4C7A-B1E9-3DCDB0C06063}.Release|Win32.ActiveCfg = Release|Win32
		{2CF7023C-F2B2-4C7A-B1E9-3DCDB0C06063}.Release|Win32.Build.0 = Release|Win32
		{2CF7023C-F2B2-4C7A-B1E9-3DCDB0C06063}.Release|x64.ActiveCfg = Release|x64
		{D73F4E7F-B0D1-4589-9D79-E9EB0F5106DC}.Debug|Win32.ActiveCfg = Debug|Win32
		{D73F4E7F-B0D1-4589-9D79-E9EB0F5106DC}.Debug|Win32.Build.0 = Debug|Win32
		{D73F4E7F-B0D1-4589-9D79-E9EB0F5106DC}.Debug|x64.ActiveCfg = Debug|x64
		{D73F4E7F-B0D1-4589-9D79-E9EB0F5106DC}.Debug|x64.Build.0 = Debug|x64
		{D73F4E7F-B0D1-4589-9D79-E9EB0F5106DC}.Release|Win32.ActiveCfg = Release|Win32
		{D73F4E7F-B0D1-4589-9D79-E9EB0F5106DC}.Release|Win32.Build.0 = Release|Win32
		{D73F4E7F-B0D1-4589-9D79-E9EB0F5106DC}.Release|x64.ActiveCfg = Release|x64
		{D73F4E7F-B0D1-4589-9D79-E9EB0F5106DC}.Release|x64.Build.0 = Release|x64
		{5AB921B8-40DE-4C9A-AA55-26773320C72E}.Debug|Win32.ActiveCfg = Debug|Win32
		{5AB921B8-40DE-4C9A-AA55-26773320C72E}.Debug|Win32.Build.0 = Debug|Win32
		{5AB921B8-40DE-4C9A-AA55-26773320C72E}.Debug|x64.ActiveCfg = Debug|x64
		{5AB921B8-40DE-4C9A-AA55-26773320C72E}.Release|Win32.ActiveCfg = Release|Win32
		{5AB921B8-40DE-4C9A-AA55-26773320C72E}.Release|Win32.Build.0 = Release|Win32
		{5AB921B8-40DE-4C9A-AA55-26773320C72E}.Release|x64.ActiveCfg = Release|x64
		{6432074E-27B7-42AF-935A-C6D9E93A02FB}.Debug|Win32.ActiveCfg = Debug|Win32
		{6432074E-27B7-42AF-935A-C6D9E93A02FB}.Debug|x64.ActiveCfg = Debug|x64
		{6432074E-27B7-42AF-935A-C6D9E93A02FB}.Debug|x64.Build.0 = Debug|x64
		{6432074E-27B7-42AF-935A-C6D9E93A02FB}.Release|Win32.ActiveCfg = Release|Win32
		{6432074E-27B7-42AF-935A-C6D9E93A02FB}.Release|x64.ActiveCfg = Release|x64
		{6432074E-27B7-42AF-935A-C6D9E93A02FB}.Release|x64.Build.0 = Release|x64
		{4F6D2F4A-A78E-41A5-B9EA-C3A03E0F981A}.Debug|Win32.ActiveCfg = Debug|Win32
		{4F6D2F4A-A78E-41A5-B9EA-C3A03E0F981A}.Debug|Win32.Build.0 = Debug|Win32
		{4F6D2F4A-A78E-41A5-B9EA-C3A03E0F981A}.Debug|x64.ActiveCfg = Debug|x64
		{4F6D2F4A-A78E-41A5-B9EA-C3A03E0F981A}.Debug|x64.Build.0 = Debug|x64
		{4F6D2F4A-A78E-41A5-B9EA-C3A03E0F981A}.Release|Win32.ActiveCfg = Release|Win32
		{4F6D2F4A-A78E-41A5-B9EA-C3A03E0F981A}.Release|Win32.Build.0 = Release|Win32
		{4F6D2F4A-A78E-41A5-B9EA-C3A03E0F981A}.Release|x64.ActiveCfg = Release|x64
		{4F6D2F4A-A78E-41A5-B9EA-C3A03E0F981A}.Release|x64.Build.0 = Release|x64
		{BFFDB1A4-09BE-41EE-ADF7-8BDCE6373384}.Debug|Win32.ActiveCfg = Debug|Win32
		{BFFDB1A4-09BE-41EE-ADF7-8BDCE6373384}.Debug|x64.ActiveCfg = Debug|x64
		{BFFDB1A4-09BE-41EE-ADF7-8BDCE6373384}.Debug|x64.Build.0 = Debug|x64
		{BFFDB1A4-09BE-41EE-ADF7-8BDCE6373384}.Release|Win32.ActiveCfg = Release|Win32
		{BFFDB1A4-09BE-41EE-ADF7-8BDCE6373384}.Release|x64.ActiveCfg = Release|x64
		{BFFDB1A4-09BE-41EE-ADF7-8BDCE6373384}.Release|x64.Build.0 = Release|x64
		{87584910-843C-4B19-AA60-C0E625A13F5E}.Debug|Win32.ActiveCfg = Debug|Win32
		{87584910-843C-4B19-AA60-C0E625A13F5E}.Debug|Win32.Build.0 = Debug|Win32
		{87584910-843C-4B19-AA60-C0E625A13F5E}.Debug|x64.ActiveCfg = Debug|x64
		{87584910-843C-4B19-AA60-C0E625A13F5E}.Release|Win32.ActiveCfg = Release|Win32
		{87584910-843C-4B19-AA60-C0E625A13F5E}.Release|Win32.Build.0 = Release|Win32
		{87584910-843C-4B19-AA60-C0E625A13F5E}.Release|x64.ActiveCfg = Release|x64
		{780E59E8-BBEB-4505-B5AF-7AE6AAD575E6}.Debug|Win32.ActiveCfg = Debug|Win32
		{780E59E8-BBEB-4505-B5AF-7AE6AAD575E6}.Debug|x64.ActiveCfg = Debug|x64
		{780E59E8-BBEB-4505-B5AF-7AE6AAD575E6}.Debug|x64.Build.0 = Debug|x64
		{780E59E8-BBEB-4505-B5AF-7AE6AAD575E6}.Release|Win32.ActiveCfg = Release|Win32
		{780E59E8-BBEB-4505-B5AF-7AE6AAD575E6}.Release|x64.ActiveCfg = Release|x64
		{780E59E8-BBEB-4505-B5AF-7AE6AAD575E6}.Release|x64.Build.0 = Release|x64
		{E82D23B6-22A2-47AC-8FDC-AD4733F7BC50}.Debug|Win32.ActiveCfg = Debug|Win32
		{E82D23B6-22A2-47AC-8FDC-AD4733F7BC50}.Debug|x64.ActiveCfg = Debug|x64
		{E82D23B6-22A2-47AC-8FDC-AD4733F7BC50}.Debug|x64.Build.0 = Debug|x64
		{E82D23B6-22A2-47AC-8FDC-AD4733F7BC50}.Release|Win32.ActiveCfg = Release|Win32
		{E82D23B6-22A2-47AC-8FDC-AD4733F7BC50}.Release|x64.ActiveCfg = Release|x64
		{E82D23B6-22A2-47AC-8FDC-AD4733F7BC50}.Release|x64.Build.0 = Release|x64
		{57990EA7-3160-4BAA-8AD0-311D316BA87A}.Debug|Win32.ActiveCfg = Debug|Win32
		{57990EA7-3160-4BAA-8AD0-311D316BA87A}.Debug|x64.ActiveCfg = Debug|x64
		{57990EA7-3160-4BAA-8AD0-311D316BA87A}.Debug|x64.Build.0 = Debug|x64
		{57990EA7-3160-4BAA-8AD0-311D316BA87A}.Release|Win32.ActiveCfg = Release|Win32
		{57990EA7-3160-4BAA-8AD0-311D316BA87A}.Release|x64.ActiveCfg = Release|x64
		{57990EA7-3160-4BAA-8AD0-311D316BA87A}.Release|x64.Build.0 = Release|x64
		{11F1DAD2-2418-4E16-9EBA-B74FD0736A04}.Debug|Win32.ActiveCfg = Debug|Win32
		{11F1DAD2-2418-4E16-9EBA-B74FD0736A04}.Debug|x64.ActiveCfg = Debug|x64
		{11F1DAD2-2418-4E16-9EBA-B74FD0736A04}.Debug|x64.Build.0 = Debug|x64
		{11F1DAD2-2418-4E16-9EBA-B74FD0736A04}.Release|Win32.ActiveCfg = Release|Win32
		{11F1DAD2-2418-4E16-9EBA-B74FD0736A04}.Release|x64.ActiveCfg = Release|x64
		{11F1DAD2-2418-4E16-9EBA-B74FD0736A04}.Release|x64.Build.0 = Release|x64
		{DFEC9863-AC9B-4080-BD23-AF2D07E03987}.Debug|Win32.ActiveCfg = Debug|Win32
		{DFEC9863-AC9B-4080-BD23-AF2D07E03987}.Debug|x64.ActiveCfg = Debug|x64
		{DFEC9863-AC9B-4080-BD23-AF2D07E03987}.Debug|x64.Build.0 = Debug|x64
		{DFEC9863-AC9B-4080-BD23-AF2D07E03987}.Release|Win32.ActiveCfg = Release|Win32
		{DFEC9863-AC9B-4080-BD23-AF2D07E03987}.Release|x64.ActiveCfg = Release|x64
		{DFEC9863-AC9B-4080-BD23-AF2D07E03987}.Release|x64.Build.0 = Release|x64
		{A5FA9943-042B-402F-8117-9A6EF11E21CA}.Debug|Win32.ActiveCfg = Debug|Win32
		{A5FA9943-042B-402F-8117-9A6EF11E21CA}.Debug|x64.ActiveCfg = Debug|x64
		{A5FA9943-042B-402F-8117-9A6EF11E21CA}.Debug|x64.Build.0 = Debug|x64
		{A5FA9943-042B-402F-8117-9A6EF11E21CA}.Release|Win32.ActiveCfg = Release|Win32
		{A5FA9943-042B-402F-8117-9A6EF11E21CA}.Release|x64.ActiveCfg = Release|x64
		{A5FA9943-042B-402F-8117-9A6EF11E21CA}.Release|x64.Build.0 = Release|x64
		{6305AE7B-7F05-4240-A5D6-84016EAB16D6}.Debug|Win32.ActiveCfg = Debug|Win32
		{6305AE7B-7F05-4240-A5D6-84016EAB16D6}.Debug|x64.ActiveCfg = Debug|x64
		{6305AE7B-7F05-4240-A5D6-84016EAB16D6}.Debug|x64.Build.0 = Debug|x64
		{6305AE7B-7F05-4240-A5D6-84016EAB16D6}.Release|Win32.ActiveCfg = Release|Win32
		{6305AE7B-7F05-4240-A5D6-84016EAB16D6}.Release|x64.ActiveCfg = Release|x64
		{6305AE7B-7F05-4240-A5D6-84016EAB16D6}.Release|x64.Build.0 = Release|x64
		{C68B19E6-9864-4F1A-847C-FABE837DC2E2}.Debug|Win32.ActiveCfg = Debug|Win32
		{C68B19E6-9864-4F1A-847C-FABE837DC2E2}.Debug|x64.ActiveCfg = Debug|x64
		{C68B19E6-9864-4F1A-847C-FABE837DC2E2}.Debug|x64.Build.0 = Debug|x64
		{C68B19E6-9864-4F1A-847C-FABE837DC2E2}.Release|Win32.ActiveCfg = Release|Win32
		{C68B19E6-9864-4F1A-847C-FABE837DC2E2}.Release|x64.ActiveCfg = Release|x64
		{C68B19E6-9864-4F1A-847C-FABE837DC2E2}.Release|x64.Build.0 = Release|x64
		{D24756C0-844A-42EB-9DE5-02B9598FCA06}.Debug|Win32.ActiveCfg = Debug|Win32
		{D24756C0-844A-42EB-9DE5-02B9598FCA06}.Debug|x64.ActiveCfg = Debug|x64
		{D24756C0-844A-42EB-9DE5-02B9598FCA06}.Debug|x64.Build.0 = Debug|x64
		{D24756C0-844A-42EB-9DE5-02B9598FCA06}.Release|Win32.ActiveCfg = Release|Win32
		{D24756C0-844A-42EB-9DE5-02B9598FCA06}.Release|x64.ActiveCfg = Release|x64
		{D24756C0-844A-42EB-9DE5-02B9598FCA06}.Release|x64.Build.0 = Release|x64
		{211C0479-F9C7-4D35-AB52-B460EE48EBFA}.Debug|Win32.ActiveCfg = Debug|Win32
		{211C0479-F9C7-4D35-AB52-B460EE48EBFA}.Debug|x64.ActiveCfg = Debug|x64
		{211C0479-F9C7-4D35-AB52-B460EE48EBFA}.Debug|x64.Build.0 = Debug|x64
		{211C0479-F9C7-4D35-AB52-B460EE48EBFA}.Release|Win32.ActiveCfg = Release|Win32
		{211C0479-F9C7-4D35-AB52-B460EE48EBFA}.Release|x64.ActiveCfg = Release|x64
		{211C0479-F9C7-4D35-AB52-B460EE48EBFA}.Release|x64.Build.0 = Release|x64
		{52D9B7EA-9D8C-4C2C-B7AD-B19DFE911DAC}.Debug|Win32.ActiveCfg = Debug|Win32
		{52D9B7EA-9D8C-4C2C-B7AD-B19DFE911DAC}.Debug|x64.ActiveCfg = Debug|x64
		{52D9B7EA-9D8C-4C2C-B7AD-B19DFE911DAC}.Debug|x64.Build.0 = Debug|x64
		{52D9B7EA-9D8C-4C2C-B7AD-B19DFE911DAC}.Release|Win32.ActiveCfg = Release|Win32
		{52D9B7EA-9D8C-4C2C-B7AD-B19DFE911DAC}.Release|x64.ActiveCfg = Release|x64
		{52D9B7EA-9D8C-4C2C-B7AD-B19DFE911DAC}.Release|x64.Build.0 = Release|x64
		{B2DD89AD-E06C-48A3-B7DE-1F1B9AD899D9}.Debug|Win32.ActiveCfg = Debug|Win32
		{B2DD89AD-E06C-48A3-B7DE-1F1B9AD899D9}.Debug|Win32.Build.0 = Debug|Win32
		{B2DD89AD-E06C-48A3-B7DE-1F1B9AD899D9}.Debug|x64.ActiveCfg = Debug|x64
		{B2DD89AD-E06C-48A3-B7DE-1F1B9AD899D9}.Debug|x64.Build.0 = Debug|x64
		{B2DD89AD-E06C-48A3-B7DE-1F1B9AD899D9}.Release|Win32.ActiveCfg = Release|Win32
		{B2DD89AD-E06C-48A3-B7DE-1F1B9AD899D9}.Release|Win32.Build.0 = Release|Win32
		{B2DD89AD-E06C-48A3-B7DE-1F1B9AD899D9}.Release|x64.ActiveCfg = Release|x64
		{B2DD89AD-E06C-48A3-B7DE-1F1B9AD899D9}.Release|x64.Build.0 = Release|x64
	EndGlobalSection
	GlobalSection(SolutionProperties) = preSolution
		HideSolutionNode = FALSE
	EndGlobalSection
	GlobalSection(NestedProjects) = preSolution
		{5C6A1129-C6BF-4E37-8F69-5667AFB74E03} = {249F875B-8E0F-4404-BFB0-6BDF68EB93FE}
		{D73F4E7F-B0D1-4589-9D79-E9EB0F5106DC} = {249F875B-8E0F-4404-BFB0-6BDF68EB93FE}
		{5AB921B8-40DE-4C9A-AA55-26773320C72E} = {249F875B-8E0F-4404-BFB0-6BDF68EB93FE}
		{C76772BD-A34D-478D-83F2-6AFFC9B51867} = {249F875B-8E0F-4404-BFB0-6BDF68EB93FE}
		{4F6D2F4A-A78E-41A5-B9EA-C3A03E0F981A} = {249F875B-8E0F-4404-BFB0-6BDF68EB93FE}
		{BFFDB1A4-09BE-41EE-ADF7-8BDCE6373384} = {249F875B-8E0F-4404-BFB0-6BDF68EB93FE}
		{87584910-843C-4B19-AA60-C0E625A13F5E} = {249F875B-8E0F-4404-BFB0-6BDF68EB93FE}
		{780E59E8-BBEB-4505-B5AF-7AE6AAD575E6} = {6DD70932-9603-4D5E-A5B8-668ADA4886F5}
		{E82D23B6-22A2-47AC-8FDC-AD4733F7BC50} = {6DD70932-9603-4D5E-A5B8-668ADA4886F5}
		{57990EA7-3160-4BAA-8AD0-311D316BA87A} = {6DD70932-9603-4D5E-A5B8-668ADA4886F5}
		{11F1DAD2-2418-4E16-9EBA-B74FD0736A04} = {6DD70932-9603-4D5E-A5B8-668ADA4886F5}
		{DFEC9863-AC9B-4080-BD23-AF2D07E03987} = {4F80CB0F-193F-413D-AACA-6B92528326DA}
		{A5FA9943-042B-402F-8117-9A6EF11E21CA} = {4F80CB0F-193F-413D-AACA-6B92528326DA}
		{6305AE7B-7F05-4240-A5D6-84016EAB16D6} = {4F80CB0F-193F-413D-AACA-6B92528326DA}
		{C68B19E6-9864-4F1A-847C-FABE837DC2E2} = {4F80CB0F-193F-413D-AACA-6B92528326DA}
		{D24756C0-844A-42EB-9DE5-02B9598FCA06} = {20D8F1DF-F5A8-4ECF-9AA3-8D17793B305B}
		{211C0479-F9C7-4D35-AB52-B460EE48EBFA} = {20D8F1DF-F5A8-4ECF-9AA3-8D17793B305B}
		{52D9B7EA-9D8C-4C2C-B7AD-B19DFE911DAC} = {20D8F1DF-F5A8-4ECF-9AA3-8D17793B305B}
		{B2DD89AD-E06C-48A3-B7DE-1F1B9AD899D9} = {20D8F1DF-F5A8-4ECF-9AA3-8D17793B305B}
	EndGlobalSection
EndGlobal
